// !$*UTF8*$!
{
	archiveVersion = 1;
	classes = {
	};
	objectVersion = 56;
	objects = {

/* Begin PBXBuildFile section */
		102F1B892BCB7C23008B8AC6 /* MuscleRelaxationExplanationView.swift in Sources */ = {isa = PBXBuildFile; fileRef = 102F1B872BCB7C22008B8AC6 /* MuscleRelaxationExplanationView.swift */; };
		102F1B8A2BCB7C23008B8AC6 /* LevelCompleteView.swift in Sources */ = {isa = PBXBuildFile; fileRef = 102F1B882BCB7C23008B8AC6 /* LevelCompleteView.swift */; };
		102F1B8C2BCB7F8F008B8AC6 /* MuscleRelaxationView.swift in Sources */ = {isa = PBXBuildFile; fileRef = 102F1B8B2BCB7F8F008B8AC6 /* MuscleRelaxationView.swift */; };
		102F1B8F2BCB8160008B8AC6 /* pkmdMuscleExerciseEncoded.mov in Resources */ = {isa = PBXBuildFile; fileRef = 102F1B8E2BCB8160008B8AC6 /* pkmdMuscleExerciseEncoded.mov */; };
		102F1B902BCB8160008B8AC6 /* pkmdMuscleExerciseEncoded.mov in Resources */ = {isa = PBXBuildFile; fileRef = 102F1B8E2BCB8160008B8AC6 /* pkmdMuscleExerciseEncoded.mov */; };
		102F1B912BCB8160008B8AC6 /* pkmdMuscleExerciseEncoded.mov in Resources */ = {isa = PBXBuildFile; fileRef = 102F1B8E2BCB8160008B8AC6 /* pkmdMuscleExerciseEncoded.mov */; };
		102F1B952BCDAC69008B8AC6 /* SymptomsQuizView.swift in Sources */ = {isa = PBXBuildFile; fileRef = 102F1B942BCDAC69008B8AC6 /* SymptomsQuizView.swift */; };
		10D5593D2BC379C700CAC269 /* Minigame2View.swift in Sources */ = {isa = PBXBuildFile; fileRef = 10D5593C2BC379C700CAC269 /* Minigame2View.swift */; };
		10D5593F2BC44C0000CAC269 /* words.txt in Resources */ = {isa = PBXBuildFile; fileRef = 10D5593E2BC44C0000CAC269 /* words.txt */; };
		10FA68542BB3B240007CCBAC /* BreathingExerciseView.swift in Sources */ = {isa = PBXBuildFile; fileRef = 10FA68532BB3B240007CCBAC /* BreathingExerciseView.swift */; };
		10FA68562BB4D93F007CCBAC /* Level3IntroView.swift in Sources */ = {isa = PBXBuildFile; fileRef = 10FA68552BB4D93F007CCBAC /* Level3IntroView.swift */; };
		10FA686C2BB53B18007CCBAC /* SpriteKitUIView.swift in Sources */ = {isa = PBXBuildFile; fileRef = 10FA686B2BB53B18007CCBAC /* SpriteKitUIView.swift */; };
		10FA686D2BB53B18007CCBAC /* SpriteKitUIView.swift in Sources */ = {isa = PBXBuildFile; fileRef = 10FA686B2BB53B18007CCBAC /* SpriteKitUIView.swift */; };
		10FA686E2BB53B18007CCBAC /* SpriteKitUIView.swift in Sources */ = {isa = PBXBuildFile; fileRef = 10FA686B2BB53B18007CCBAC /* SpriteKitUIView.swift */; };
		10FA68802BB55130007CCBAC /* pkmdTriangleEncoded.mov in Resources */ = {isa = PBXBuildFile; fileRef = 10FA687F2BB55130007CCBAC /* pkmdTriangleEncoded.mov */; };
		10FA68812BB55130007CCBAC /* pkmdTriangleEncoded.mov in Resources */ = {isa = PBXBuildFile; fileRef = 10FA687F2BB55130007CCBAC /* pkmdTriangleEncoded.mov */; };
		10FA68822BB55130007CCBAC /* pkmdTriangleEncoded.mov in Resources */ = {isa = PBXBuildFile; fileRef = 10FA687F2BB55130007CCBAC /* pkmdTriangleEncoded.mov */; };
		1C6C0BB62BA9501300628B79 /* TentPurchase.swift in Sources */ = {isa = PBXBuildFile; fileRef = 1C6C0BB52BA9501300628B79 /* TentPurchase.swift */; };
		1C6C0BB82BA967CF00628B79 /* AnxietyQuiz.swift in Sources */ = {isa = PBXBuildFile; fileRef = 1C6C0BB72BA967CF00628B79 /* AnxietyQuiz.swift */; };
		1C6C0BBA2BA96B5300628B79 /* StoreView.swift in Sources */ = {isa = PBXBuildFile; fileRef = 1C6C0BB92BA96B5300628B79 /* StoreView.swift */; };
		1C6C0BBC2BA96FDF00628B79 /* InventoryView.swift in Sources */ = {isa = PBXBuildFile; fileRef = 1C6C0BBB2BA96FDF00628B79 /* InventoryView.swift */; };
		1C6C0BBE2BA9EF9E00628B79 /* SetHabits.swift in Sources */ = {isa = PBXBuildFile; fileRef = 1C6C0BBD2BA9EF9E00628B79 /* SetHabits.swift */; };
		1C7F93EB2BC3B291000754E2 /* PacMan.swift in Sources */ = {isa = PBXBuildFile; fileRef = 1C7F93EA2BC3B291000754E2 /* PacMan.swift */; };
		1C8DF97A2BC5B55F0016BFA8 /* RegisterView.swift in Sources */ = {isa = PBXBuildFile; fileRef = 1C8DF9792BC5B55F0016BFA8 /* RegisterView.swift */; };
		1C9C63BC2B8131CB0066AF70 /* GoogleService-Info.plist in Resources */ = {isa = PBXBuildFile; fileRef = 1C9C63BB2B8131CB0066AF70 /* GoogleService-Info.plist */; };
		1C9C63C62B8133360066AF70 /* LoginView.swift in Sources */ = {isa = PBXBuildFile; fileRef = 1C9C63C52B8133360066AF70 /* LoginView.swift */; };
		1C9C63C82B81359A0066AF70 /* InputView.swift in Sources */ = {isa = PBXBuildFile; fileRef = 1C9C63C72B81359A0066AF70 /* InputView.swift */; };
		1C9C63CA2B813BF70066AF70 /* RegistrationView.swift in Sources */ = {isa = PBXBuildFile; fileRef = 1C9C63C92B813BF70066AF70 /* RegistrationView.swift */; };
		1C9C63CC2B8141630066AF70 /* ProfileView.swift in Sources */ = {isa = PBXBuildFile; fileRef = 1C9C63CB2B8141630066AF70 /* ProfileView.swift */; };
		1C9C63CE2B81428B0066AF70 /* SettingsRowView.swift in Sources */ = {isa = PBXBuildFile; fileRef = 1C9C63CD2B81428B0066AF70 /* SettingsRowView.swift */; };
		1C9C63D02B8144C20066AF70 /* User.swift in Sources */ = {isa = PBXBuildFile; fileRef = 1C9C63CF2B8144C20066AF70 /* User.swift */; };
		1C9C63D42B8147C70066AF70 /* AuthViewModel.swift in Sources */ = {isa = PBXBuildFile; fileRef = 1C9C63D32B8147C70066AF70 /* AuthViewModel.swift */; };
		1C9FA2572BCDB6EB003C844C /* UserData.swift in Sources */ = {isa = PBXBuildFile; fileRef = 1C9FA2562BCDB6EB003C844C /* UserData.swift */; };
		1C9FA2592BCDBD0A003C844C /* AuthViewModel2.swift in Sources */ = {isa = PBXBuildFile; fileRef = 1C9FA2582BCDBD0A003C844C /* AuthViewModel2.swift */; };
		1C9FA25D2BCE1B21003C844C /* HealthKitManager.swift in Sources */ = {isa = PBXBuildFile; fileRef = 1C9FA25C2BCE1B21003C844C /* HealthKitManager.swift */; };
		1CB9EC7E2B9BF95C00F8970D /* PlayScreen2.swift in Sources */ = {isa = PBXBuildFile; fileRef = 1CB9EC7D2B9BF95C00F8970D /* PlayScreen2.swift */; };
		1CC1F5C92B89706900AC9B77 /* ChatView.swift in Sources */ = {isa = PBXBuildFile; fileRef = 1CC1F5C82B89706900AC9B77 /* ChatView.swift */; };
		1CD299C02BBA3A12003A0592 /* WindsFlavorView.swift in Sources */ = {isa = PBXBuildFile; fileRef = 1CD299BF2BBA3A12003A0592 /* WindsFlavorView.swift */; };
		1CD299C22BBA5E4E003A0592 /* Level2Complete.swift in Sources */ = {isa = PBXBuildFile; fileRef = 1CD299C12BBA5E4E003A0592 /* Level2Complete.swift */; };
		1CD299C42BBA7584003A0592 /* VCPopup.swift in Sources */ = {isa = PBXBuildFile; fileRef = 1CD299C32BBA7584003A0592 /* VCPopup.swift */; };
		1CD299C62BBA8C42003A0592 /* IglooMenuSheet.swift in Sources */ = {isa = PBXBuildFile; fileRef = 1CD299C52BBA8C42003A0592 /* IglooMenuSheet.swift */; };
		1CE785FD2B8DA0DB00962A40 /* MessageBubble.swift in Sources */ = {isa = PBXBuildFile; fileRef = 1CE785FC2B8DA0DB00962A40 /* MessageBubble.swift */; };
		1CF4A8942B82E9EB00051684 /* ColorConverter.swift in Sources */ = {isa = PBXBuildFile; fileRef = 1CF4A8932B82E9EA00051684 /* ColorConverter.swift */; };
		1CF4A8962B82EE9900051684 /* ResetPasswordView.swift in Sources */ = {isa = PBXBuildFile; fileRef = 1CF4A8952B82EE9900051684 /* ResetPasswordView.swift */; };
		1CF4A8992B8309CD00051684 /* GoogleSignIn in Frameworks */ = {isa = PBXBuildFile; productRef = 1CF4A8982B8309CD00051684 /* GoogleSignIn */; };
		1CF4A89B2B8309CD00051684 /* GoogleSignInSwift in Frameworks */ = {isa = PBXBuildFile; productRef = 1CF4A89A2B8309CD00051684 /* GoogleSignInSwift */; };
		1CF4A89E2B830BFF00051684 /* ViewExtension.swift in Sources */ = {isa = PBXBuildFile; fileRef = 1CF4A89D2B830BFF00051684 /* ViewExtension.swift */; };
		1CF4C3E22B7B15E10028BC3C /* peakmind_mvpApp.swift in Sources */ = {isa = PBXBuildFile; fileRef = 1CF4C3E12B7B15E10028BC3C /* peakmind_mvpApp.swift */; };
		1CF4C3E42B7B15E10028BC3C /* ContentView.swift in Sources */ = {isa = PBXBuildFile; fileRef = 1CF4C3E32B7B15E10028BC3C /* ContentView.swift */; };
		1CF4C3E62B7B15E40028BC3C /* Assets.xcassets in Resources */ = {isa = PBXBuildFile; fileRef = 1CF4C3E52B7B15E40028BC3C /* Assets.xcassets */; };
		1CF4C3E92B7B15E40028BC3C /* Preview Assets.xcassets in Resources */ = {isa = PBXBuildFile; fileRef = 1CF4C3E82B7B15E40028BC3C /* Preview Assets.xcassets */; };
		1CF4C3F32B7B15E40028BC3C /* peakmind_mvpTests.swift in Sources */ = {isa = PBXBuildFile; fileRef = 1CF4C3F22B7B15E40028BC3C /* peakmind_mvpTests.swift */; };
		1CF4C3FD2B7B15E50028BC3C /* peakmind_mvpUITests.swift in Sources */ = {isa = PBXBuildFile; fileRef = 1CF4C3FC2B7B15E50028BC3C /* peakmind_mvpUITests.swift */; };
		1CF4C3FF2B7B15E50028BC3C /* peakmind_mvpUITestsLaunchTests.swift in Sources */ = {isa = PBXBuildFile; fileRef = 1CF4C3FE2B7B15E50028BC3C /* peakmind_mvpUITestsLaunchTests.swift */; };
		1CF4C4102B7B1DD50028BC3C /* FirebaseAnalytics in Frameworks */ = {isa = PBXBuildFile; productRef = 1CF4C40F2B7B1DD50028BC3C /* FirebaseAnalytics */; };
		1CF4C4122B7B1DD50028BC3C /* FirebaseAnalyticsOnDeviceConversion in Frameworks */ = {isa = PBXBuildFile; productRef = 1CF4C4112B7B1DD50028BC3C /* FirebaseAnalyticsOnDeviceConversion */; };
		1CF4C4142B7B1DD50028BC3C /* FirebaseAnalyticsSwift in Frameworks */ = {isa = PBXBuildFile; productRef = 1CF4C4132B7B1DD50028BC3C /* FirebaseAnalyticsSwift */; };
		1CF4C4162B7B1DD50028BC3C /* FirebaseAnalyticsWithoutAdIdSupport in Frameworks */ = {isa = PBXBuildFile; productRef = 1CF4C4152B7B1DD50028BC3C /* FirebaseAnalyticsWithoutAdIdSupport */; };
		1CF4C4182B7B1DD50028BC3C /* FirebaseAppCheck in Frameworks */ = {isa = PBXBuildFile; productRef = 1CF4C4172B7B1DD50028BC3C /* FirebaseAppCheck */; };
		1CF4C41A2B7B1DD50028BC3C /* FirebaseAppDistribution-Beta in Frameworks */ = {isa = PBXBuildFile; productRef = 1CF4C4192B7B1DD50028BC3C /* FirebaseAppDistribution-Beta */; };
		1CF4C41C2B7B1DD50028BC3C /* FirebaseAuth in Frameworks */ = {isa = PBXBuildFile; productRef = 1CF4C41B2B7B1DD50028BC3C /* FirebaseAuth */; };
		1CF4C41E2B7B1DD50028BC3C /* FirebaseAuthCombine-Community in Frameworks */ = {isa = PBXBuildFile; productRef = 1CF4C41D2B7B1DD50028BC3C /* FirebaseAuthCombine-Community */; };
		1CF4C4202B7B1DD50028BC3C /* FirebaseCrashlytics in Frameworks */ = {isa = PBXBuildFile; productRef = 1CF4C41F2B7B1DD50028BC3C /* FirebaseCrashlytics */; };
		1CF4C4222B7B1DD50028BC3C /* FirebaseDatabase in Frameworks */ = {isa = PBXBuildFile; productRef = 1CF4C4212B7B1DD50028BC3C /* FirebaseDatabase */; };
		1CF4C4242B7B1DD50028BC3C /* FirebaseDatabaseSwift in Frameworks */ = {isa = PBXBuildFile; productRef = 1CF4C4232B7B1DD50028BC3C /* FirebaseDatabaseSwift */; };
		1CF4C4262B7B1DD50028BC3C /* FirebaseDynamicLinks in Frameworks */ = {isa = PBXBuildFile; productRef = 1CF4C4252B7B1DD50028BC3C /* FirebaseDynamicLinks */; };
		1CF4C4282B7B1DD50028BC3C /* FirebaseFirestore in Frameworks */ = {isa = PBXBuildFile; productRef = 1CF4C4272B7B1DD50028BC3C /* FirebaseFirestore */; };
		1CF4C42A2B7B1DD50028BC3C /* FirebaseFirestoreCombine-Community in Frameworks */ = {isa = PBXBuildFile; productRef = 1CF4C4292B7B1DD50028BC3C /* FirebaseFirestoreCombine-Community */; };
		1CF4C42C2B7B1DD50028BC3C /* FirebaseFirestoreSwift in Frameworks */ = {isa = PBXBuildFile; productRef = 1CF4C42B2B7B1DD50028BC3C /* FirebaseFirestoreSwift */; };
		1CF4C42E2B7B1DD50028BC3C /* FirebaseFunctions in Frameworks */ = {isa = PBXBuildFile; productRef = 1CF4C42D2B7B1DD50028BC3C /* FirebaseFunctions */; };
		1CF4C4302B7B1DD50028BC3C /* FirebaseFunctionsCombine-Community in Frameworks */ = {isa = PBXBuildFile; productRef = 1CF4C42F2B7B1DD50028BC3C /* FirebaseFunctionsCombine-Community */; };
		1CF4C4322B7B1DD50028BC3C /* FirebaseInAppMessaging-Beta in Frameworks */ = {isa = PBXBuildFile; productRef = 1CF4C4312B7B1DD50028BC3C /* FirebaseInAppMessaging-Beta */; };
		1CF4C4342B7B1DD50028BC3C /* FirebaseInAppMessagingSwift-Beta in Frameworks */ = {isa = PBXBuildFile; productRef = 1CF4C4332B7B1DD50028BC3C /* FirebaseInAppMessagingSwift-Beta */; };
		1CF4C4362B7B1DD50028BC3C /* FirebaseInstallations in Frameworks */ = {isa = PBXBuildFile; productRef = 1CF4C4352B7B1DD50028BC3C /* FirebaseInstallations */; };
		1CF4C4382B7B1DD50028BC3C /* FirebaseMessaging in Frameworks */ = {isa = PBXBuildFile; productRef = 1CF4C4372B7B1DD50028BC3C /* FirebaseMessaging */; };
		1CF4C43A2B7B1DD50028BC3C /* FirebaseMLModelDownloader in Frameworks */ = {isa = PBXBuildFile; productRef = 1CF4C4392B7B1DD50028BC3C /* FirebaseMLModelDownloader */; };
		1CF4C43C2B7B1DD50028BC3C /* FirebasePerformance in Frameworks */ = {isa = PBXBuildFile; productRef = 1CF4C43B2B7B1DD50028BC3C /* FirebasePerformance */; };
		1CF4C43E2B7B1DD50028BC3C /* FirebaseRemoteConfig in Frameworks */ = {isa = PBXBuildFile; productRef = 1CF4C43D2B7B1DD50028BC3C /* FirebaseRemoteConfig */; };
		1CF4C4402B7B1DD50028BC3C /* FirebaseRemoteConfigSwift in Frameworks */ = {isa = PBXBuildFile; productRef = 1CF4C43F2B7B1DD50028BC3C /* FirebaseRemoteConfigSwift */; };
		1CF4C4422B7B1DD60028BC3C /* FirebaseStorage in Frameworks */ = {isa = PBXBuildFile; productRef = 1CF4C4412B7B1DD60028BC3C /* FirebaseStorage */; };
		1CF4C4442B7B1DD60028BC3C /* FirebaseStorageCombine-Community in Frameworks */ = {isa = PBXBuildFile; productRef = 1CF4C4432B7B1DD60028BC3C /* FirebaseStorageCombine-Community */; };
		513FB6B82BCF4C5200D42CE0 /* Level1Eduacation.swift in Sources */ = {isa = PBXBuildFile; fileRef = 513FB6B72BCF4C5200D42CE0 /* Level1Eduacation.swift */; };
		513FB6BA2BCF4D9200D42CE0 /* Level1Reflection.swift in Sources */ = {isa = PBXBuildFile; fileRef = 513FB6B92BCF4D9200D42CE0 /* Level1Reflection.swift */; };
		513FB6BE2BCF4FF200D42CE0 /* Level2ReflectionView.swift in Sources */ = {isa = PBXBuildFile; fileRef = 513FB6BD2BCF4FF200D42CE0 /* Level2ReflectionView.swift */; };
		513FB6C02BCF500200D42CE0 /* Level3Reflection.swift in Sources */ = {isa = PBXBuildFile; fileRef = 513FB6BF2BCF500200D42CE0 /* Level3Reflection.swift */; };
		791AC8F82BA7C16A0094A688 /* PersonalizedPlanNew.swift in Sources */ = {isa = PBXBuildFile; fileRef = 791AC8F72BA7C16A0094A688 /* PersonalizedPlanNew.swift */; };
		791AC8FA2BA7C5A00094A688 /* ConfettiView.swift in Sources */ = {isa = PBXBuildFile; fileRef = 791AC8F92BA7C5A00094A688 /* ConfettiView.swift */; };
		791AC8FC2BA7C97C0094A688 /* AnxietyModuleView.swift in Sources */ = {isa = PBXBuildFile; fileRef = 791AC8FB2BA7C97C0094A688 /* AnxietyModuleView.swift */; };
		791AC8FE2BA7CF6D0094A688 /* NightfallFlavorView.swift in Sources */ = {isa = PBXBuildFile; fileRef = 791AC8FD2BA7CF6D0094A688 /* NightfallFlavorView.swift */; };
		791AC9002BA7D1180094A688 /* DangersOfNightfallView.swift in Sources */ = {isa = PBXBuildFile; fileRef = 791AC8FF2BA7D1180094A688 /* DangersOfNightfallView.swift */; };
		791AC9022BA7D7450094A688 /* SherpaFullMoonView.swift in Sources */ = {isa = PBXBuildFile; fileRef = 791AC9012BA7D7450094A688 /* SherpaFullMoonView.swift */; };
		791D1AA12B84344900E28162 /* HomeScreenView.swift in Sources */ = {isa = PBXBuildFile; fileRef = 791D1AA02B84344900E28162 /* HomeScreenView.swift */; };
		793B79AF2BAF9019001062DB /* PhysImpactsAnxietyView.swift in Sources */ = {isa = PBXBuildFile; fileRef = 793B79AE2BAF9019001062DB /* PhysImpactsAnxietyView.swift */; };
		793B79B12BAF9039001062DB /* L2QuizResponseView.swift in Sources */ = {isa = PBXBuildFile; fileRef = 793B79B02BAF9039001062DB /* L2QuizResponseView.swift */; };
		793B79B32BAF9045001062DB /* L2SherpaChatView.swift in Sources */ = {isa = PBXBuildFile; fileRef = 793B79B22BAF9045001062DB /* L2SherpaChatView.swift */; };
		793B79B52BAF9051001062DB /* WindsLouderFlavorView.swift in Sources */ = {isa = PBXBuildFile; fileRef = 793B79B42BAF9051001062DB /* WindsLouderFlavorView.swift */; };
		793B79B72BAF9063001062DB /* ReducingAnxietyView.swift in Sources */ = {isa = PBXBuildFile; fileRef = 793B79B62BAF9063001062DB /* ReducingAnxietyView.swift */; };
		793B79B92BAF906E001062DB /* Level2FlavorView.swift in Sources */ = {isa = PBXBuildFile; fileRef = 793B79B82BAF906E001062DB /* Level2FlavorView.swift */; };
		793B79BB2BB20423001062DB /* WellnessQ2View.swift in Sources */ = {isa = PBXBuildFile; fileRef = 793B79BA2BB20423001062DB /* WellnessQ2View.swift */; };
		793B79BD2BB20431001062DB /* WellnessQ3View.swift in Sources */ = {isa = PBXBuildFile; fileRef = 793B79BC2BB20431001062DB /* WellnessQ3View.swift */; };
		793B79C12BB38E1C001062DB /* AvatarMenuSheetView.swift in Sources */ = {isa = PBXBuildFile; fileRef = 793B79C02BB38E1C001062DB /* AvatarMenuSheetView.swift */; };
		793B79C32BB390F7001062DB /* AvatarSettingsView.swift in Sources */ = {isa = PBXBuildFile; fileRef = 793B79C22BB390F7001062DB /* AvatarSettingsView.swift */; };
		793B79C52BB391D7001062DB /* AnxietyGoalSetting.swift in Sources */ = {isa = PBXBuildFile; fileRef = 793B79C42BB391D7001062DB /* AnxietyGoalSetting.swift */; };
		793B79C72BB39205001062DB /* FlashlightPurchase.swift in Sources */ = {isa = PBXBuildFile; fileRef = 793B79C62BB39205001062DB /* FlashlightPurchase.swift */; };
		793B79C92BB3921D001062DB /* Level1Complete.swift in Sources */ = {isa = PBXBuildFile; fileRef = 793B79C82BB3921D001062DB /* Level1Complete.swift */; };
		793B79CC2BB39260001062DB /* Level2.swift in Sources */ = {isa = PBXBuildFile; fileRef = 793B79CB2BB39260001062DB /* Level2.swift */; };
		793B79CE2BB3927E001062DB /* PhysicalAnxietyQuiz.swift in Sources */ = {isa = PBXBuildFile; fileRef = 793B79CD2BB3927E001062DB /* PhysicalAnxietyQuiz.swift */; };
		793B79D02BB3929F001062DB /* SMARTGoalSettingView.swift in Sources */ = {isa = PBXBuildFile; fileRef = 793B79CF2BB3929F001062DB /* SMARTGoalSettingView.swift */; };
		797AAB782BA52DEF00F24123 /* AvatarMenuView.swift in Sources */ = {isa = PBXBuildFile; fileRef = 797AAB772BA52DEF00F24123 /* AvatarMenuView.swift */; };
		797AAB7A2BA5335C00F24123 /* IglooMenuView.swift in Sources */ = {isa = PBXBuildFile; fileRef = 797AAB792BA5335C00F24123 /* IglooMenuView.swift */; };
		798EFB6A2B84379D00E6027A /* IntroPlayView.swift in Sources */ = {isa = PBXBuildFile; fileRef = 798EFB692B84379D00E6027A /* IntroPlayView.swift */; };
		79B3DAEE2B843CE0003C3B44 /* MainTabView.swift in Sources */ = {isa = PBXBuildFile; fileRef = 79B3DAED2B843CE0003C3B44 /* MainTabView.swift */; };
		79BFB5202B8EAAB300634262 /* AvatarScreenView.swift in Sources */ = {isa = PBXBuildFile; fileRef = 79BFB51F2B8EAAB300634262 /* AvatarScreenView.swift */; };
		79BFB5222B8EAAE600634262 /* CustomButton.swift in Sources */ = {isa = PBXBuildFile; fileRef = 79BFB5212B8EAAE600634262 /* CustomButton.swift */; };
		79BFB5282B8EAB5C00634262 /* QuestionsView.swift in Sources */ = {isa = PBXBuildFile; fileRef = 79BFB5272B8EAB5C00634262 /* QuestionsView.swift */; };
		79BFB52A2B8EABBB00634262 /* Question.swift in Sources */ = {isa = PBXBuildFile; fileRef = 79BFB5292B8EABBB00634262 /* Question.swift */; };
		79BFB52C2B8EABC500634262 /* Info.swift in Sources */ = {isa = PBXBuildFile; fileRef = 79BFB52B2B8EABC500634262 /* Info.swift */; };
		79BFB52E2B8EDA6E00634262 /* JournalView.swift in Sources */ = {isa = PBXBuildFile; fileRef = 79BFB52D2B8EDA6E00634262 /* JournalView.swift */; };
		79BFB5302B914A5000634262 /* SplashScreen.swift in Sources */ = {isa = PBXBuildFile; fileRef = 79BFB52F2B914A5000634262 /* SplashScreen.swift */; };
		79C383DD2BC610F700A6779A /* CheckIn.swift in Sources */ = {isa = PBXBuildFile; fileRef = 79C383DC2BC610F600A6779A /* CheckIn.swift */; };
		79C383DF2BC6110400A6779A /* CheckInViewModel.swift in Sources */ = {isa = PBXBuildFile; fileRef = 79C383DE2BC6110400A6779A /* CheckInViewModel.swift */; };
		79C383E12BC6110E00A6779A /* HabitTracker.swift in Sources */ = {isa = PBXBuildFile; fileRef = 79C383E02BC6110E00A6779A /* HabitTracker.swift */; };
		79C383E32BC6111D00A6779A /* HabitTrackerViewModel.swift in Sources */ = {isa = PBXBuildFile; fileRef = 79C383E22BC6111D00A6779A /* HabitTrackerViewModel.swift */; };
		79C383E52BC6112700A6779A /* UserDashboard.swift in Sources */ = {isa = PBXBuildFile; fileRef = 79C383E42BC6112700A6779A /* UserDashboard.swift */; };
		79C383E72BC6113200A6779A /* UserDashboardViewModel.swift in Sources */ = {isa = PBXBuildFile; fileRef = 79C383E62BC6113200A6779A /* UserDashboardViewModel.swift */; };
		79C383EA2BC6122100A6779A /* AnimatedSpeechBubble.swift in Sources */ = {isa = PBXBuildFile; fileRef = 79C383E92BC6122100A6779A /* AnimatedSpeechBubble.swift */; };
		79C383EC2BC6122C00A6779A /* AnimatedTextView.swift in Sources */ = {isa = PBXBuildFile; fileRef = 79C383EB2BC6122C00A6779A /* AnimatedTextView.swift */; };
		79C383EE2BC6123300A6779A /* Background.swift in Sources */ = {isa = PBXBuildFile; fileRef = 79C383ED2BC6123300A6779A /* Background.swift */; };
		79C383F02BC6123F00A6779A /* MultiSectionView.swift in Sources */ = {isa = PBXBuildFile; fileRef = 79C383EF2BC6123F00A6779A /* MultiSectionView.swift */; };
		79C383F22BC6124B00A6779A /* SherpaContinue.swift in Sources */ = {isa = PBXBuildFile; fileRef = 79C383F12BC6124B00A6779A /* SherpaContinue.swift */; };
		79E378BD2BBB3C2D00FC917A /* AvatarAndSherpaView.swift in Sources */ = {isa = PBXBuildFile; fileRef = 79E378BC2BBB3C2D00FC917A /* AvatarAndSherpaView.swift */; };
		E54245362BABD4C400FCF1C6 /* Module1.swift in Sources */ = {isa = PBXBuildFile; fileRef = E54245352BABD4C400FCF1C6 /* Module1.swift */; };
		E54245382BABD6CC00FCF1C6 /* Module2.swift in Sources */ = {isa = PBXBuildFile; fileRef = E54245372BABD6CC00FCF1C6 /* Module2.swift */; };
		E542453C2BAF683A00FCF1C6 /* Module3.swift in Sources */ = {isa = PBXBuildFile; fileRef = E542453B2BAF683A00FCF1C6 /* Module3.swift */; };
		E5511F512B92ADCB00FCC38D /* JournalEntry.swift in Sources */ = {isa = PBXBuildFile; fileRef = E5511F502B92ADCB00FCC38D /* JournalEntry.swift */; };
		E5511F532B92ADE900FCC38D /* JournalDataManager.swift in Sources */ = {isa = PBXBuildFile; fileRef = E5511F522B92ADE900FCC38D /* JournalDataManager.swift */; };
		E5511F552B92B1CF00FCC38D /* JournalEntriesView.swift in Sources */ = {isa = PBXBuildFile; fileRef = E5511F542B92B1CF00FCC38D /* JournalEntriesView.swift */; };
		E5511F572B92B22900FCC38D /* JournalDetailView.swift in Sources */ = {isa = PBXBuildFile; fileRef = E5511F562B92B22900FCC38D /* JournalDetailView.swift */; };
/* End PBXBuildFile section */

/* Begin PBXContainerItemProxy section */
		1CF4C3EF2B7B15E40028BC3C /* PBXContainerItemProxy */ = {
			isa = PBXContainerItemProxy;
			containerPortal = 1CF4C3D62B7B15E10028BC3C /* Project object */;
			proxyType = 1;
			remoteGlobalIDString = 1CF4C3DD2B7B15E10028BC3C;
			remoteInfo = "peakmind-mvp";
		};
		1CF4C3F92B7B15E50028BC3C /* PBXContainerItemProxy */ = {
			isa = PBXContainerItemProxy;
			containerPortal = 1CF4C3D62B7B15E10028BC3C /* Project object */;
			proxyType = 1;
			remoteGlobalIDString = 1CF4C3DD2B7B15E10028BC3C;
			remoteInfo = "peakmind-mvp";
		};
/* End PBXContainerItemProxy section */

/* Begin PBXFileReference section */
		102F1B872BCB7C22008B8AC6 /* MuscleRelaxationExplanationView.swift */ = {isa = PBXFileReference; fileEncoding = 4; lastKnownFileType = sourcecode.swift; path = MuscleRelaxationExplanationView.swift; sourceTree = "<group>"; };
		102F1B882BCB7C23008B8AC6 /* LevelCompleteView.swift */ = {isa = PBXFileReference; fileEncoding = 4; lastKnownFileType = sourcecode.swift; path = LevelCompleteView.swift; sourceTree = "<group>"; };
		102F1B8B2BCB7F8F008B8AC6 /* MuscleRelaxationView.swift */ = {isa = PBXFileReference; lastKnownFileType = sourcecode.swift; path = MuscleRelaxationView.swift; sourceTree = "<group>"; };
		102F1B8E2BCB8160008B8AC6 /* pkmdMuscleExerciseEncoded.mov */ = {isa = PBXFileReference; lastKnownFileType = video.quicktime; path = pkmdMuscleExerciseEncoded.mov; sourceTree = "<group>"; };
		102F1B942BCDAC69008B8AC6 /* SymptomsQuizView.swift */ = {isa = PBXFileReference; lastKnownFileType = sourcecode.swift; path = SymptomsQuizView.swift; sourceTree = "<group>"; };
		10D5593C2BC379C700CAC269 /* Minigame2View.swift */ = {isa = PBXFileReference; lastKnownFileType = sourcecode.swift; path = Minigame2View.swift; sourceTree = "<group>"; };
		10D5593E2BC44C0000CAC269 /* words.txt */ = {isa = PBXFileReference; fileEncoding = 4; lastKnownFileType = text; path = words.txt; sourceTree = "<group>"; };
		10FA68532BB3B240007CCBAC /* BreathingExerciseView.swift */ = {isa = PBXFileReference; lastKnownFileType = sourcecode.swift; path = BreathingExerciseView.swift; sourceTree = "<group>"; };
		10FA68552BB4D93F007CCBAC /* Level3IntroView.swift */ = {isa = PBXFileReference; lastKnownFileType = sourcecode.swift; path = Level3IntroView.swift; sourceTree = "<group>"; };
		10FA686B2BB53B18007CCBAC /* SpriteKitUIView.swift */ = {isa = PBXFileReference; lastKnownFileType = sourcecode.swift; path = SpriteKitUIView.swift; sourceTree = "<group>"; };
		10FA687F2BB55130007CCBAC /* pkmdTriangleEncoded.mov */ = {isa = PBXFileReference; lastKnownFileType = video.quicktime; path = pkmdTriangleEncoded.mov; sourceTree = "<group>"; };
		1C6C0BB52BA9501300628B79 /* TentPurchase.swift */ = {isa = PBXFileReference; lastKnownFileType = sourcecode.swift; path = TentPurchase.swift; sourceTree = "<group>"; };
		1C6C0BB72BA967CF00628B79 /* AnxietyQuiz.swift */ = {isa = PBXFileReference; lastKnownFileType = sourcecode.swift; path = AnxietyQuiz.swift; sourceTree = "<group>"; };
		1C6C0BB92BA96B5300628B79 /* StoreView.swift */ = {isa = PBXFileReference; lastKnownFileType = sourcecode.swift; path = StoreView.swift; sourceTree = "<group>"; };
		1C6C0BBB2BA96FDF00628B79 /* InventoryView.swift */ = {isa = PBXFileReference; lastKnownFileType = sourcecode.swift; path = InventoryView.swift; sourceTree = "<group>"; };
		1C6C0BBD2BA9EF9E00628B79 /* SetHabits.swift */ = {isa = PBXFileReference; lastKnownFileType = sourcecode.swift; path = SetHabits.swift; sourceTree = "<group>"; };
		1C7F93EA2BC3B291000754E2 /* PacMan.swift */ = {isa = PBXFileReference; lastKnownFileType = sourcecode.swift; path = PacMan.swift; sourceTree = "<group>"; };
		1C8DF9792BC5B55F0016BFA8 /* RegisterView.swift */ = {isa = PBXFileReference; lastKnownFileType = sourcecode.swift; path = RegisterView.swift; sourceTree = "<group>"; };
		1C9C63BB2B8131CB0066AF70 /* GoogleService-Info.plist */ = {isa = PBXFileReference; fileEncoding = 4; lastKnownFileType = text.plist.xml; path = "GoogleService-Info.plist"; sourceTree = "<group>"; };
		1C9C63C52B8133360066AF70 /* LoginView.swift */ = {isa = PBXFileReference; lastKnownFileType = sourcecode.swift; path = LoginView.swift; sourceTree = "<group>"; };
		1C9C63C72B81359A0066AF70 /* InputView.swift */ = {isa = PBXFileReference; lastKnownFileType = sourcecode.swift; path = InputView.swift; sourceTree = "<group>"; };
		1C9C63C92B813BF70066AF70 /* RegistrationView.swift */ = {isa = PBXFileReference; lastKnownFileType = sourcecode.swift; path = RegistrationView.swift; sourceTree = "<group>"; };
		1C9C63CB2B8141630066AF70 /* ProfileView.swift */ = {isa = PBXFileReference; lastKnownFileType = sourcecode.swift; path = ProfileView.swift; sourceTree = "<group>"; };
		1C9C63CD2B81428B0066AF70 /* SettingsRowView.swift */ = {isa = PBXFileReference; lastKnownFileType = sourcecode.swift; path = SettingsRowView.swift; sourceTree = "<group>"; };
		1C9C63CF2B8144C20066AF70 /* User.swift */ = {isa = PBXFileReference; lastKnownFileType = sourcecode.swift; path = User.swift; sourceTree = "<group>"; };
		1C9C63D32B8147C70066AF70 /* AuthViewModel.swift */ = {isa = PBXFileReference; lastKnownFileType = sourcecode.swift; path = AuthViewModel.swift; sourceTree = "<group>"; };
		1C9FA2562BCDB6EB003C844C /* UserData.swift */ = {isa = PBXFileReference; lastKnownFileType = sourcecode.swift; path = UserData.swift; sourceTree = "<group>"; };
		1C9FA2582BCDBD0A003C844C /* AuthViewModel2.swift */ = {isa = PBXFileReference; lastKnownFileType = sourcecode.swift; path = AuthViewModel2.swift; sourceTree = "<group>"; };
		1C9FA25A2BCE1992003C844C /* peakmind-mvp.entitlements */ = {isa = PBXFileReference; lastKnownFileType = text.plist.entitlements; path = "peakmind-mvp.entitlements"; sourceTree = "<group>"; };
		1C9FA25C2BCE1B21003C844C /* HealthKitManager.swift */ = {isa = PBXFileReference; lastKnownFileType = sourcecode.swift; path = HealthKitManager.swift; sourceTree = "<group>"; };
		1CB9EC7D2B9BF95C00F8970D /* PlayScreen2.swift */ = {isa = PBXFileReference; lastKnownFileType = sourcecode.swift; path = PlayScreen2.swift; sourceTree = "<group>"; };
		1CC1F5C82B89706900AC9B77 /* ChatView.swift */ = {isa = PBXFileReference; lastKnownFileType = sourcecode.swift; path = ChatView.swift; sourceTree = "<group>"; };
		1CD299BF2BBA3A12003A0592 /* WindsFlavorView.swift */ = {isa = PBXFileReference; lastKnownFileType = sourcecode.swift; path = WindsFlavorView.swift; sourceTree = "<group>"; };
		1CD299C12BBA5E4E003A0592 /* Level2Complete.swift */ = {isa = PBXFileReference; lastKnownFileType = sourcecode.swift; path = Level2Complete.swift; sourceTree = "<group>"; };
		1CD299C32BBA7584003A0592 /* VCPopup.swift */ = {isa = PBXFileReference; lastKnownFileType = sourcecode.swift; path = VCPopup.swift; sourceTree = "<group>"; };
		1CD299C52BBA8C42003A0592 /* IglooMenuSheet.swift */ = {isa = PBXFileReference; lastKnownFileType = sourcecode.swift; path = IglooMenuSheet.swift; sourceTree = "<group>"; };
		1CE785FC2B8DA0DB00962A40 /* MessageBubble.swift */ = {isa = PBXFileReference; lastKnownFileType = sourcecode.swift; path = MessageBubble.swift; sourceTree = "<group>"; };
		1CF4A8932B82E9EA00051684 /* ColorConverter.swift */ = {isa = PBXFileReference; lastKnownFileType = sourcecode.swift; path = ColorConverter.swift; sourceTree = "<group>"; };
		1CF4A8952B82EE9900051684 /* ResetPasswordView.swift */ = {isa = PBXFileReference; lastKnownFileType = sourcecode.swift; path = ResetPasswordView.swift; sourceTree = "<group>"; };
		1CF4A89C2B8309F100051684 /* Info.plist */ = {isa = PBXFileReference; lastKnownFileType = text.plist; path = Info.plist; sourceTree = "<group>"; };
		1CF4A89D2B830BFF00051684 /* ViewExtension.swift */ = {isa = PBXFileReference; lastKnownFileType = sourcecode.swift; path = ViewExtension.swift; sourceTree = "<group>"; };
		1CF4C3DE2B7B15E10028BC3C /* peakmind-mvp.app */ = {isa = PBXFileReference; explicitFileType = wrapper.application; includeInIndex = 0; path = "peakmind-mvp.app"; sourceTree = BUILT_PRODUCTS_DIR; };
		1CF4C3E12B7B15E10028BC3C /* peakmind_mvpApp.swift */ = {isa = PBXFileReference; lastKnownFileType = sourcecode.swift; path = peakmind_mvpApp.swift; sourceTree = "<group>"; };
		1CF4C3E32B7B15E10028BC3C /* ContentView.swift */ = {isa = PBXFileReference; lastKnownFileType = sourcecode.swift; path = ContentView.swift; sourceTree = "<group>"; };
		1CF4C3E52B7B15E40028BC3C /* Assets.xcassets */ = {isa = PBXFileReference; lastKnownFileType = folder.assetcatalog; path = Assets.xcassets; sourceTree = "<group>"; };
		1CF4C3E82B7B15E40028BC3C /* Preview Assets.xcassets */ = {isa = PBXFileReference; lastKnownFileType = folder.assetcatalog; path = "Preview Assets.xcassets"; sourceTree = "<group>"; };
		1CF4C3EE2B7B15E40028BC3C /* peakmind-mvpTests.xctest */ = {isa = PBXFileReference; explicitFileType = wrapper.cfbundle; includeInIndex = 0; path = "peakmind-mvpTests.xctest"; sourceTree = BUILT_PRODUCTS_DIR; };
		1CF4C3F22B7B15E40028BC3C /* peakmind_mvpTests.swift */ = {isa = PBXFileReference; lastKnownFileType = sourcecode.swift; path = peakmind_mvpTests.swift; sourceTree = "<group>"; };
		1CF4C3F82B7B15E50028BC3C /* peakmind-mvpUITests.xctest */ = {isa = PBXFileReference; explicitFileType = wrapper.cfbundle; includeInIndex = 0; path = "peakmind-mvpUITests.xctest"; sourceTree = BUILT_PRODUCTS_DIR; };
		1CF4C3FC2B7B15E50028BC3C /* peakmind_mvpUITests.swift */ = {isa = PBXFileReference; lastKnownFileType = sourcecode.swift; path = peakmind_mvpUITests.swift; sourceTree = "<group>"; };
		1CF4C3FE2B7B15E50028BC3C /* peakmind_mvpUITestsLaunchTests.swift */ = {isa = PBXFileReference; lastKnownFileType = sourcecode.swift; path = peakmind_mvpUITestsLaunchTests.swift; sourceTree = "<group>"; };
		513FB6B72BCF4C5200D42CE0 /* Level1Eduacation.swift */ = {isa = PBXFileReference; lastKnownFileType = sourcecode.swift; path = Level1Eduacation.swift; sourceTree = "<group>"; };
		513FB6B92BCF4D9200D42CE0 /* Level1Reflection.swift */ = {isa = PBXFileReference; lastKnownFileType = sourcecode.swift; path = Level1Reflection.swift; sourceTree = "<group>"; };
		513FB6BD2BCF4FF200D42CE0 /* Level2ReflectionView.swift */ = {isa = PBXFileReference; lastKnownFileType = sourcecode.swift; path = Level2ReflectionView.swift; sourceTree = "<group>"; };
		513FB6BF2BCF500200D42CE0 /* Level3Reflection.swift */ = {isa = PBXFileReference; lastKnownFileType = sourcecode.swift; path = Level3Reflection.swift; sourceTree = "<group>"; };
		791AC8F72BA7C16A0094A688 /* PersonalizedPlanNew.swift */ = {isa = PBXFileReference; lastKnownFileType = sourcecode.swift; path = PersonalizedPlanNew.swift; sourceTree = "<group>"; };
		791AC8F92BA7C5A00094A688 /* ConfettiView.swift */ = {isa = PBXFileReference; lastKnownFileType = sourcecode.swift; path = ConfettiView.swift; sourceTree = "<group>"; };
		791AC8FB2BA7C97C0094A688 /* AnxietyModuleView.swift */ = {isa = PBXFileReference; lastKnownFileType = sourcecode.swift; path = AnxietyModuleView.swift; sourceTree = "<group>"; };
		791AC8FD2BA7CF6D0094A688 /* NightfallFlavorView.swift */ = {isa = PBXFileReference; lastKnownFileType = sourcecode.swift; path = NightfallFlavorView.swift; sourceTree = "<group>"; };
		791AC8FF2BA7D1180094A688 /* DangersOfNightfallView.swift */ = {isa = PBXFileReference; lastKnownFileType = sourcecode.swift; path = DangersOfNightfallView.swift; sourceTree = "<group>"; };
		791AC9012BA7D7450094A688 /* SherpaFullMoonView.swift */ = {isa = PBXFileReference; lastKnownFileType = sourcecode.swift; path = SherpaFullMoonView.swift; sourceTree = "<group>"; };
		791D1AA02B84344900E28162 /* HomeScreenView.swift */ = {isa = PBXFileReference; lastKnownFileType = sourcecode.swift; path = HomeScreenView.swift; sourceTree = "<group>"; };
		793B79AE2BAF9019001062DB /* PhysImpactsAnxietyView.swift */ = {isa = PBXFileReference; lastKnownFileType = sourcecode.swift; path = PhysImpactsAnxietyView.swift; sourceTree = "<group>"; };
		793B79B02BAF9039001062DB /* L2QuizResponseView.swift */ = {isa = PBXFileReference; lastKnownFileType = sourcecode.swift; path = L2QuizResponseView.swift; sourceTree = "<group>"; };
		793B79B22BAF9045001062DB /* L2SherpaChatView.swift */ = {isa = PBXFileReference; lastKnownFileType = sourcecode.swift; path = L2SherpaChatView.swift; sourceTree = "<group>"; };
		793B79B42BAF9051001062DB /* WindsLouderFlavorView.swift */ = {isa = PBXFileReference; lastKnownFileType = sourcecode.swift; path = WindsLouderFlavorView.swift; sourceTree = "<group>"; };
		793B79B62BAF9063001062DB /* ReducingAnxietyView.swift */ = {isa = PBXFileReference; lastKnownFileType = sourcecode.swift; path = ReducingAnxietyView.swift; sourceTree = "<group>"; };
		793B79B82BAF906E001062DB /* Level2FlavorView.swift */ = {isa = PBXFileReference; lastKnownFileType = sourcecode.swift; path = Level2FlavorView.swift; sourceTree = "<group>"; };
		793B79BA2BB20423001062DB /* WellnessQ2View.swift */ = {isa = PBXFileReference; lastKnownFileType = sourcecode.swift; path = WellnessQ2View.swift; sourceTree = "<group>"; };
		793B79BC2BB20431001062DB /* WellnessQ3View.swift */ = {isa = PBXFileReference; lastKnownFileType = sourcecode.swift; path = WellnessQ3View.swift; sourceTree = "<group>"; };
		793B79C02BB38E1C001062DB /* AvatarMenuSheetView.swift */ = {isa = PBXFileReference; lastKnownFileType = sourcecode.swift; path = AvatarMenuSheetView.swift; sourceTree = "<group>"; };
		793B79C22BB390F7001062DB /* AvatarSettingsView.swift */ = {isa = PBXFileReference; lastKnownFileType = sourcecode.swift; path = AvatarSettingsView.swift; sourceTree = "<group>"; };
		793B79C42BB391D7001062DB /* AnxietyGoalSetting.swift */ = {isa = PBXFileReference; lastKnownFileType = sourcecode.swift; path = AnxietyGoalSetting.swift; sourceTree = "<group>"; };
		793B79C62BB39205001062DB /* FlashlightPurchase.swift */ = {isa = PBXFileReference; lastKnownFileType = sourcecode.swift; path = FlashlightPurchase.swift; sourceTree = "<group>"; };
		793B79C82BB3921D001062DB /* Level1Complete.swift */ = {isa = PBXFileReference; lastKnownFileType = sourcecode.swift; path = Level1Complete.swift; sourceTree = "<group>"; };
		793B79CB2BB39260001062DB /* Level2.swift */ = {isa = PBXFileReference; lastKnownFileType = sourcecode.swift; path = Level2.swift; sourceTree = "<group>"; };
		793B79CD2BB3927E001062DB /* PhysicalAnxietyQuiz.swift */ = {isa = PBXFileReference; lastKnownFileType = sourcecode.swift; path = PhysicalAnxietyQuiz.swift; sourceTree = "<group>"; };
		793B79CF2BB3929F001062DB /* SMARTGoalSettingView.swift */ = {isa = PBXFileReference; lastKnownFileType = sourcecode.swift; path = SMARTGoalSettingView.swift; sourceTree = "<group>"; };
		797AAB772BA52DEF00F24123 /* AvatarMenuView.swift */ = {isa = PBXFileReference; lastKnownFileType = sourcecode.swift; path = AvatarMenuView.swift; sourceTree = "<group>"; };
		797AAB792BA5335C00F24123 /* IglooMenuView.swift */ = {isa = PBXFileReference; lastKnownFileType = sourcecode.swift; path = IglooMenuView.swift; sourceTree = "<group>"; };
		798EFB692B84379D00E6027A /* IntroPlayView.swift */ = {isa = PBXFileReference; lastKnownFileType = sourcecode.swift; path = IntroPlayView.swift; sourceTree = "<group>"; };
		79B3DAED2B843CE0003C3B44 /* MainTabView.swift */ = {isa = PBXFileReference; lastKnownFileType = sourcecode.swift; path = MainTabView.swift; sourceTree = "<group>"; };
		79BFB51F2B8EAAB300634262 /* AvatarScreenView.swift */ = {isa = PBXFileReference; lastKnownFileType = sourcecode.swift; path = AvatarScreenView.swift; sourceTree = "<group>"; };
		79BFB5212B8EAAE600634262 /* CustomButton.swift */ = {isa = PBXFileReference; lastKnownFileType = sourcecode.swift; path = CustomButton.swift; sourceTree = "<group>"; };
		79BFB5272B8EAB5C00634262 /* QuestionsView.swift */ = {isa = PBXFileReference; lastKnownFileType = sourcecode.swift; path = QuestionsView.swift; sourceTree = "<group>"; };
		79BFB5292B8EABBB00634262 /* Question.swift */ = {isa = PBXFileReference; lastKnownFileType = sourcecode.swift; path = Question.swift; sourceTree = "<group>"; };
		79BFB52B2B8EABC500634262 /* Info.swift */ = {isa = PBXFileReference; lastKnownFileType = sourcecode.swift; path = Info.swift; sourceTree = "<group>"; };
		79BFB52D2B8EDA6E00634262 /* JournalView.swift */ = {isa = PBXFileReference; lastKnownFileType = sourcecode.swift; path = JournalView.swift; sourceTree = "<group>"; };
		79BFB52F2B914A5000634262 /* SplashScreen.swift */ = {isa = PBXFileReference; lastKnownFileType = sourcecode.swift; path = SplashScreen.swift; sourceTree = "<group>"; };
		79C383DC2BC610F600A6779A /* CheckIn.swift */ = {isa = PBXFileReference; lastKnownFileType = sourcecode.swift; path = CheckIn.swift; sourceTree = "<group>"; };
		79C383DE2BC6110400A6779A /* CheckInViewModel.swift */ = {isa = PBXFileReference; lastKnownFileType = sourcecode.swift; path = CheckInViewModel.swift; sourceTree = "<group>"; };
		79C383E02BC6110E00A6779A /* HabitTracker.swift */ = {isa = PBXFileReference; lastKnownFileType = sourcecode.swift; path = HabitTracker.swift; sourceTree = "<group>"; };
		79C383E22BC6111D00A6779A /* HabitTrackerViewModel.swift */ = {isa = PBXFileReference; lastKnownFileType = sourcecode.swift; path = HabitTrackerViewModel.swift; sourceTree = "<group>"; };
		79C383E42BC6112700A6779A /* UserDashboard.swift */ = {isa = PBXFileReference; lastKnownFileType = sourcecode.swift; path = UserDashboard.swift; sourceTree = "<group>"; };
		79C383E62BC6113200A6779A /* UserDashboardViewModel.swift */ = {isa = PBXFileReference; lastKnownFileType = sourcecode.swift; path = UserDashboardViewModel.swift; sourceTree = "<group>"; };
		79C383E92BC6122100A6779A /* AnimatedSpeechBubble.swift */ = {isa = PBXFileReference; lastKnownFileType = sourcecode.swift; path = AnimatedSpeechBubble.swift; sourceTree = "<group>"; };
		79C383EB2BC6122C00A6779A /* AnimatedTextView.swift */ = {isa = PBXFileReference; lastKnownFileType = sourcecode.swift; path = AnimatedTextView.swift; sourceTree = "<group>"; };
		79C383ED2BC6123300A6779A /* Background.swift */ = {isa = PBXFileReference; lastKnownFileType = sourcecode.swift; path = Background.swift; sourceTree = "<group>"; };
		79C383EF2BC6123F00A6779A /* MultiSectionView.swift */ = {isa = PBXFileReference; lastKnownFileType = sourcecode.swift; path = MultiSectionView.swift; sourceTree = "<group>"; };
		79C383F12BC6124B00A6779A /* SherpaContinue.swift */ = {isa = PBXFileReference; lastKnownFileType = sourcecode.swift; path = SherpaContinue.swift; sourceTree = "<group>"; };
		79E378BC2BBB3C2D00FC917A /* AvatarAndSherpaView.swift */ = {isa = PBXFileReference; lastKnownFileType = sourcecode.swift; path = AvatarAndSherpaView.swift; sourceTree = "<group>"; };
		B08AF59C2B92A544001A1253 /* README.md */ = {isa = PBXFileReference; lastKnownFileType = net.daringfireball.markdown; path = README.md; sourceTree = "<group>"; };
		E54245352BABD4C400FCF1C6 /* Module1.swift */ = {isa = PBXFileReference; lastKnownFileType = sourcecode.swift; path = Module1.swift; sourceTree = "<group>"; };
		E54245372BABD6CC00FCF1C6 /* Module2.swift */ = {isa = PBXFileReference; lastKnownFileType = sourcecode.swift; path = Module2.swift; sourceTree = "<group>"; };
		E542453B2BAF683A00FCF1C6 /* Module3.swift */ = {isa = PBXFileReference; lastKnownFileType = sourcecode.swift; path = Module3.swift; sourceTree = "<group>"; };
		E5511F502B92ADCB00FCC38D /* JournalEntry.swift */ = {isa = PBXFileReference; lastKnownFileType = sourcecode.swift; path = JournalEntry.swift; sourceTree = "<group>"; };
		E5511F522B92ADE900FCC38D /* JournalDataManager.swift */ = {isa = PBXFileReference; lastKnownFileType = sourcecode.swift; path = JournalDataManager.swift; sourceTree = "<group>"; };
		E5511F542B92B1CF00FCC38D /* JournalEntriesView.swift */ = {isa = PBXFileReference; lastKnownFileType = sourcecode.swift; path = JournalEntriesView.swift; sourceTree = "<group>"; };
		E5511F562B92B22900FCC38D /* JournalDetailView.swift */ = {isa = PBXFileReference; lastKnownFileType = sourcecode.swift; path = JournalDetailView.swift; sourceTree = "<group>"; };
/* End PBXFileReference section */

/* Begin PBXFrameworksBuildPhase section */
		1CF4C3DB2B7B15E10028BC3C /* Frameworks */ = {
			isa = PBXFrameworksBuildPhase;
			buildActionMask = 2147483647;
			files = (
				1CF4C4222B7B1DD50028BC3C /* FirebaseDatabase in Frameworks */,
				1CF4C4302B7B1DD50028BC3C /* FirebaseFunctionsCombine-Community in Frameworks */,
				1CF4C4282B7B1DD50028BC3C /* FirebaseFirestore in Frameworks */,
				1CF4C4142B7B1DD50028BC3C /* FirebaseAnalyticsSwift in Frameworks */,
				1CF4C4102B7B1DD50028BC3C /* FirebaseAnalytics in Frameworks */,
				1CF4C4122B7B1DD50028BC3C /* FirebaseAnalyticsOnDeviceConversion in Frameworks */,
				1CF4C42C2B7B1DD50028BC3C /* FirebaseFirestoreSwift in Frameworks */,
				1CF4A89B2B8309CD00051684 /* GoogleSignInSwift in Frameworks */,
				1CF4C43A2B7B1DD50028BC3C /* FirebaseMLModelDownloader in Frameworks */,
				1CF4C4182B7B1DD50028BC3C /* FirebaseAppCheck in Frameworks */,
				1CF4C4162B7B1DD50028BC3C /* FirebaseAnalyticsWithoutAdIdSupport in Frameworks */,
				1CF4C4382B7B1DD50028BC3C /* FirebaseMessaging in Frameworks */,
				1CF4C41C2B7B1DD50028BC3C /* FirebaseAuth in Frameworks */,
				1CF4C4402B7B1DD50028BC3C /* FirebaseRemoteConfigSwift in Frameworks */,
				1CF4A8992B8309CD00051684 /* GoogleSignIn in Frameworks */,
				1CF4C4202B7B1DD50028BC3C /* FirebaseCrashlytics in Frameworks */,
				1CF4C4322B7B1DD50028BC3C /* FirebaseInAppMessaging-Beta in Frameworks */,
				1CF4C4242B7B1DD50028BC3C /* FirebaseDatabaseSwift in Frameworks */,
				1CF4C4442B7B1DD60028BC3C /* FirebaseStorageCombine-Community in Frameworks */,
				1CF4C43E2B7B1DD50028BC3C /* FirebaseRemoteConfig in Frameworks */,
				1CF4C42E2B7B1DD50028BC3C /* FirebaseFunctions in Frameworks */,
				1CF4C41A2B7B1DD50028BC3C /* FirebaseAppDistribution-Beta in Frameworks */,
				1CF4C43C2B7B1DD50028BC3C /* FirebasePerformance in Frameworks */,
				1CF4C41E2B7B1DD50028BC3C /* FirebaseAuthCombine-Community in Frameworks */,
				1CF4C4422B7B1DD60028BC3C /* FirebaseStorage in Frameworks */,
				1CF4C4342B7B1DD50028BC3C /* FirebaseInAppMessagingSwift-Beta in Frameworks */,
				1CF4C4262B7B1DD50028BC3C /* FirebaseDynamicLinks in Frameworks */,
				1CF4C42A2B7B1DD50028BC3C /* FirebaseFirestoreCombine-Community in Frameworks */,
				1CF4C4362B7B1DD50028BC3C /* FirebaseInstallations in Frameworks */,
			);
			runOnlyForDeploymentPostprocessing = 0;
		};
		1CF4C3EB2B7B15E40028BC3C /* Frameworks */ = {
			isa = PBXFrameworksBuildPhase;
			buildActionMask = 2147483647;
			files = (
			);
			runOnlyForDeploymentPostprocessing = 0;
		};
		1CF4C3F52B7B15E50028BC3C /* Frameworks */ = {
			isa = PBXFrameworksBuildPhase;
			buildActionMask = 2147483647;
			files = (
			);
			runOnlyForDeploymentPostprocessing = 0;
		};
/* End PBXFrameworksBuildPhase section */

/* Begin PBXGroup section */
		102F1B862BCB7C13008B8AC6 /* James */ = {
			isa = PBXGroup;
			children = (
				102F1B8E2BCB8160008B8AC6 /* pkmdMuscleExerciseEncoded.mov */,
				102F1B882BCB7C23008B8AC6 /* LevelCompleteView.swift */,
				102F1B872BCB7C22008B8AC6 /* MuscleRelaxationExplanationView.swift */,
				102F1B8B2BCB7F8F008B8AC6 /* MuscleRelaxationView.swift */,
			);
			path = James;
			sourceTree = "<group>";
		};
		102F1B932BCDAC35008B8AC6 /* James */ = {
			isa = PBXGroup;
			children = (
				102F1B942BCDAC69008B8AC6 /* SymptomsQuizView.swift */,
			);
			path = James;
			sourceTree = "<group>";
		};
		10D5593B2BC379B200CAC269 /* Minigames */ = {
			isa = PBXGroup;
			children = (
				10D5593E2BC44C0000CAC269 /* words.txt */,
				10D5593C2BC379C700CAC269 /* Minigame2View.swift */,
			);
			path = Minigames;
			sourceTree = "<group>";
		};
		10FA68522BB3B191007CCBAC /* James */ = {
			isa = PBXGroup;
			children = (
				10FA687F2BB55130007CCBAC /* pkmdTriangleEncoded.mov */,
				10FA68532BB3B240007CCBAC /* BreathingExerciseView.swift */,
				10FA68552BB4D93F007CCBAC /* Level3IntroView.swift */,
				10FA686B2BB53B18007CCBAC /* SpriteKitUIView.swift */,
			);
			path = James;
			sourceTree = "<group>";
		};
		1C6C0BB42BA94D4300628B79 /* Raj */ = {
			isa = PBXGroup;
			children = (
				1C6C0BB52BA9501300628B79 /* TentPurchase.swift */,
				1C6C0BB92BA96B5300628B79 /* StoreView.swift */,
				1C6C0BBB2BA96FDF00628B79 /* InventoryView.swift */,
				1C6C0BB72BA967CF00628B79 /* AnxietyQuiz.swift */,
				1C6C0BBD2BA9EF9E00628B79 /* SetHabits.swift */,
				793B79C42BB391D7001062DB /* AnxietyGoalSetting.swift */,
				793B79C62BB39205001062DB /* FlashlightPurchase.swift */,
				793B79C82BB3921D001062DB /* Level1Complete.swift */,
			);
			path = Raj;
			sourceTree = "<group>";
		};
		1C9C63BF2B81326E0066AF70 /* Components */ = {
			isa = PBXGroup;
			children = (
				79BFB52F2B914A5000634262 /* SplashScreen.swift */,
				1C9C63C72B81359A0066AF70 /* InputView.swift */,
				1CF4A89D2B830BFF00051684 /* ViewExtension.swift */,
				1CD299C32BBA7584003A0592 /* VCPopup.swift */,
				1C9C63CD2B81428B0066AF70 /* SettingsRowView.swift */,
				1CF4A8932B82E9EA00051684 /* ColorConverter.swift */,
				791AC8F92BA7C5A00094A688 /* ConfettiView.swift */,
				79BFB5212B8EAAE600634262 /* CustomButton.swift */,
				79B3DAED2B843CE0003C3B44 /* MainTabView.swift */,
				79E378BC2BBB3C2D00FC917A /* AvatarAndSherpaView.swift */,
				1C7F93EA2BC3B291000754E2 /* PacMan.swift */,
			);
			path = Components;
			sourceTree = "<group>";
		};
		1C9C63C02B81327A0066AF70 /* Core Screens */ = {
			isa = PBXGroup;
			children = (
				1C9FA25B2BCE1B11003C844C /* HealthKit */,
				79C383DB2BC610E800A6779A /* Check In */,
				E5511F4D2B92AD6600FCC38D /* Journal */,
				793B79AB2BAF87F1001062DB /* Personalized Plan */,
				793B79A42BAF7FB1001062DB /* Avatar */,
				793B79AA2BAF86CD001062DB /* Home */,
				793B79A92BAF8686001062DB /* Quiz */,
				1CC1F5C62B89705200AC9B77 /* Chat */,
				1C9C63C42B8132F50066AF70 /* Profile */,
				1C9C63C32B8132DB0066AF70 /* Authentication */,
				1C9C63C22B8132B00066AF70 /* Root */,
			);
			path = "Core Screens";
			sourceTree = "<group>";
		};
		1C9C63C12B8132840066AF70 /* Model */ = {
			isa = PBXGroup;
			children = (
				1C9C63CF2B8144C20066AF70 /* User.swift */,
				1C9FA2562BCDB6EB003C844C /* UserData.swift */,
				79BFB5292B8EABBB00634262 /* Question.swift */,
				79BFB52B2B8EABC500634262 /* Info.swift */,
			);
			path = Model;
			sourceTree = "<group>";
		};
		1C9C63C22B8132B00066AF70 /* Root */ = {
			isa = PBXGroup;
			children = (
				1CF4C3E32B7B15E10028BC3C /* ContentView.swift */,
			);
			path = Root;
			sourceTree = "<group>";
		};
		1C9C63C32B8132DB0066AF70 /* Authentication */ = {
			isa = PBXGroup;
			children = (
				1C9C63D22B8147730066AF70 /* ViewModel */,
				1C9C63D12B81476F0066AF70 /* View */,
			);
			path = Authentication;
			sourceTree = "<group>";
		};
		1C9C63C42B8132F50066AF70 /* Profile */ = {
			isa = PBXGroup;
			children = (
				1C9C63CB2B8141630066AF70 /* ProfileView.swift */,
			);
			path = Profile;
			sourceTree = "<group>";
		};
		1C9C63D12B81476F0066AF70 /* View */ = {
			isa = PBXGroup;
			children = (
				1C9C63C52B8133360066AF70 /* LoginView.swift */,
				1CF4A8952B82EE9900051684 /* ResetPasswordView.swift */,
				1C9C63C92B813BF70066AF70 /* RegistrationView.swift */,
				1C8DF9792BC5B55F0016BFA8 /* RegisterView.swift */,
			);
			path = View;
			sourceTree = "<group>";
		};
		1C9C63D22B8147730066AF70 /* ViewModel */ = {
			isa = PBXGroup;
			children = (
				1C9C63D32B8147C70066AF70 /* AuthViewModel.swift */,
				1C9FA2582BCDBD0A003C844C /* AuthViewModel2.swift */,
			);
			path = ViewModel;
			sourceTree = "<group>";
		};
		1C9FA25B2BCE1B11003C844C /* HealthKit */ = {
			isa = PBXGroup;
			children = (
				1C9FA25C2BCE1B21003C844C /* HealthKitManager.swift */,
			);
			path = HealthKit;
			sourceTree = "<group>";
		};
		1CC1F5C62B89705200AC9B77 /* Chat */ = {
			isa = PBXGroup;
			children = (
				1CE785FB2B8D9F1600962A40 /* Components */,
				1CC1F5C72B89705E00AC9B77 /* View */,
			);
			path = Chat;
			sourceTree = "<group>";
		};
		1CC1F5C72B89705E00AC9B77 /* View */ = {
			isa = PBXGroup;
			children = (
				1CC1F5C82B89706900AC9B77 /* ChatView.swift */,
			);
			path = View;
			sourceTree = "<group>";
		};
		1CE785FB2B8D9F1600962A40 /* Components */ = {
			isa = PBXGroup;
			children = (
				1CE785FC2B8DA0DB00962A40 /* MessageBubble.swift */,
			);
			path = Components;
			sourceTree = "<group>";
		};
		1CF4C3D52B7B15E10028BC3C = {
			isa = PBXGroup;
			children = (
				1CF4C3E02B7B15E10028BC3C /* peakmind-mvp */,
				1CF4C3F12B7B15E40028BC3C /* peakmind-mvpTests */,
				1CF4C3FB2B7B15E50028BC3C /* peakmind-mvpUITests */,
				1CF4C3DF2B7B15E10028BC3C /* Products */,
				1CF4C40E2B7B1DD50028BC3C /* Frameworks */,
			);
			sourceTree = "<group>";
		};
		1CF4C3DF2B7B15E10028BC3C /* Products */ = {
			isa = PBXGroup;
			children = (
				1CF4C3DE2B7B15E10028BC3C /* peakmind-mvp.app */,
				1CF4C3EE2B7B15E40028BC3C /* peakmind-mvpTests.xctest */,
				1CF4C3F82B7B15E50028BC3C /* peakmind-mvpUITests.xctest */,
			);
			name = Products;
			sourceTree = "<group>";
		};
		1CF4C3E02B7B15E10028BC3C /* peakmind-mvp */ = {
			isa = PBXGroup;
			children = (
				1C9FA25A2BCE1992003C844C /* peakmind-mvp.entitlements */,
				1CF4A89C2B8309F100051684 /* Info.plist */,
				1C9C63BB2B8131CB0066AF70 /* GoogleService-Info.plist */,
				1C9C63C12B8132840066AF70 /* Model */,
				1C9C63C02B81327A0066AF70 /* Core Screens */,
				793B79A52BAF8453001062DB /* Game Level Screens */,
				1C9C63BF2B81326E0066AF70 /* Components */,
				1CF4C3E52B7B15E40028BC3C /* Assets.xcassets */,
				1CF4C3E12B7B15E10028BC3C /* peakmind_mvpApp.swift */,
				1CF4C3E72B7B15E40028BC3C /* Preview Content */,
				B08AF59C2B92A544001A1253 /* README.md */,
			);
			path = "peakmind-mvp";
			sourceTree = "<group>";
		};
		1CF4C3E72B7B15E40028BC3C /* Preview Content */ = {
			isa = PBXGroup;
			children = (
				1CF4C3E82B7B15E40028BC3C /* Preview Assets.xcassets */,
			);
			path = "Preview Content";
			sourceTree = "<group>";
		};
		1CF4C3F12B7B15E40028BC3C /* peakmind-mvpTests */ = {
			isa = PBXGroup;
			children = (
				1CF4C3F22B7B15E40028BC3C /* peakmind_mvpTests.swift */,
			);
			path = "peakmind-mvpTests";
			sourceTree = "<group>";
		};
		1CF4C3FB2B7B15E50028BC3C /* peakmind-mvpUITests */ = {
			isa = PBXGroup;
			children = (
				1CF4C3FC2B7B15E50028BC3C /* peakmind_mvpUITests.swift */,
				1CF4C3FE2B7B15E50028BC3C /* peakmind_mvpUITestsLaunchTests.swift */,
			);
			path = "peakmind-mvpUITests";
			sourceTree = "<group>";
		};
		1CF4C40E2B7B1DD50028BC3C /* Frameworks */ = {
			isa = PBXGroup;
			children = (
			);
			name = Frameworks;
			sourceTree = "<group>";
		};
		513FB6B62BCF4C4100D42CE0 /* Mingwei */ = {
			isa = PBXGroup;
			children = (
				513FB6B72BCF4C5200D42CE0 /* Level1Eduacation.swift */,
				513FB6B92BCF4D9200D42CE0 /* Level1Reflection.swift */,
			);
			path = Mingwei;
			sourceTree = "<group>";
		};
		513FB6BB2BCF4FD700D42CE0 /* Mingwei */ = {
			isa = PBXGroup;
			children = (
				513FB6BD2BCF4FF200D42CE0 /* Level2ReflectionView.swift */,
			);
			path = Mingwei;
			sourceTree = "<group>";
		};
		513FB6BC2BCF4FDE00D42CE0 /* Mingwei */ = {
			isa = PBXGroup;
			children = (
				513FB6BF2BCF500200D42CE0 /* Level3Reflection.swift */,
			);
			path = Mingwei;
			sourceTree = "<group>";
		};
		791AC9042BA7DC830094A688 /* Mikey */ = {
			isa = PBXGroup;
			children = (
				791AC8FD2BA7CF6D0094A688 /* NightfallFlavorView.swift */,
				791AC8FF2BA7D1180094A688 /* DangersOfNightfallView.swift */,
				791AC8FB2BA7C97C0094A688 /* AnxietyModuleView.swift */,
				791AC9012BA7D7450094A688 /* SherpaFullMoonView.swift */,
			);
			path = Mikey;
			sourceTree = "<group>";
		};
		793B79A32BAF7F50001062DB /* Level 1 */ = {
			isa = PBXGroup;
			children = (
				513FB6B62BCF4C4100D42CE0 /* Mingwei */,
				102F1B862BCB7C13008B8AC6 /* James */,
				79C383E82BC6121000A6779A /* Rina */,
				791AC9042BA7DC830094A688 /* Mikey */,
				1C6C0BB42BA94D4300628B79 /* Raj */,
				E54245342BABD1D400FCF1C6 /* Rahul */,
			);
			path = "Level 1";
			sourceTree = "<group>";
		};
		793B79A42BAF7FB1001062DB /* Avatar */ = {
			isa = PBXGroup;
			children = (
				79BFB51F2B8EAAB300634262 /* AvatarScreenView.swift */,
				797AAB772BA52DEF00F24123 /* AvatarMenuView.swift */,
				797AAB792BA5335C00F24123 /* IglooMenuView.swift */,
				793B79C02BB38E1C001062DB /* AvatarMenuSheetView.swift */,
				1CD299C52BBA8C42003A0592 /* IglooMenuSheet.swift */,
				793B79C22BB390F7001062DB /* AvatarSettingsView.swift */,
			);
			path = Avatar;
			sourceTree = "<group>";
		};
		793B79A52BAF8453001062DB /* Game Level Screens */ = {
			isa = PBXGroup;
			children = (
				10D5593B2BC379B200CAC269 /* Minigames */,
				793B79AC2BAF8AEE001062DB /* Intro */,
				793B79A32BAF7F50001062DB /* Level 1 */,
				793B79A62BAF8466001062DB /* Level 2 */,
				793B79A72BAF8473001062DB /* Level 3 */,
				793B79A82BAF8479001062DB /* Level 4 */,
			);
			path = "Game Level Screens";
			sourceTree = "<group>";
		};
		793B79A62BAF8466001062DB /* Level 2 */ = {
			isa = PBXGroup;
			children = (
				513FB6BB2BCF4FD700D42CE0 /* Mingwei */,
				102F1B932BCDAC35008B8AC6 /* James */,
				793B79CA2BB39252001062DB /* Raj */,
				793B79AD2BAF8D76001062DB /* Mikey */,
			);
			path = "Level 2";
			sourceTree = "<group>";
		};
		793B79A72BAF8473001062DB /* Level 3 */ = {
			isa = PBXGroup;
			children = (
				513FB6BC2BCF4FDE00D42CE0 /* Mingwei */,
				10FA68522BB3B191007CCBAC /* James */,
			);
			path = "Level 3";
			sourceTree = "<group>";
		};
		793B79A82BAF8479001062DB /* Level 4 */ = {
			isa = PBXGroup;
			children = (
			);
			path = "Level 4";
			sourceTree = "<group>";
		};
		793B79A92BAF8686001062DB /* Quiz */ = {
			isa = PBXGroup;
			children = (
				79BFB5272B8EAB5C00634262 /* QuestionsView.swift */,
			);
			path = Quiz;
			sourceTree = "<group>";
		};
		793B79AA2BAF86CD001062DB /* Home */ = {
			isa = PBXGroup;
			children = (
				791D1AA02B84344900E28162 /* HomeScreenView.swift */,
			);
			path = Home;
			sourceTree = "<group>";
		};
		793B79AB2BAF87F1001062DB /* Personalized Plan */ = {
			isa = PBXGroup;
			children = (
				791AC8F72BA7C16A0094A688 /* PersonalizedPlanNew.swift */,
			);
			path = "Personalized Plan";
			sourceTree = "<group>";
		};
		793B79AC2BAF8AEE001062DB /* Intro */ = {
			isa = PBXGroup;
			children = (
				798EFB692B84379D00E6027A /* IntroPlayView.swift */,
				1CB9EC7D2B9BF95C00F8970D /* PlayScreen2.swift */,
			);
			path = Intro;
			sourceTree = "<group>";
		};
		793B79AD2BAF8D76001062DB /* Mikey */ = {
			isa = PBXGroup;
			children = (
				793B79AE2BAF9019001062DB /* PhysImpactsAnxietyView.swift */,
				793B79B02BAF9039001062DB /* L2QuizResponseView.swift */,
				793B79B22BAF9045001062DB /* L2SherpaChatView.swift */,
				793B79B42BAF9051001062DB /* WindsLouderFlavorView.swift */,
				793B79B62BAF9063001062DB /* ReducingAnxietyView.swift */,
				793B79B82BAF906E001062DB /* Level2FlavorView.swift */,
				793B79BA2BB20423001062DB /* WellnessQ2View.swift */,
				793B79BC2BB20431001062DB /* WellnessQ3View.swift */,
			);
			path = Mikey;
			sourceTree = "<group>";
		};
		793B79CA2BB39252001062DB /* Raj */ = {
			isa = PBXGroup;
			children = (
				793B79CB2BB39260001062DB /* Level2.swift */,
				793B79CD2BB3927E001062DB /* PhysicalAnxietyQuiz.swift */,
				1CD299BF2BBA3A12003A0592 /* WindsFlavorView.swift */,
				793B79CF2BB3929F001062DB /* SMARTGoalSettingView.swift */,
				1CD299C12BBA5E4E003A0592 /* Level2Complete.swift */,
			);
			path = Raj;
			sourceTree = "<group>";
		};
		79C383DB2BC610E800A6779A /* Check In */ = {
			isa = PBXGroup;
			children = (
				79C383DC2BC610F600A6779A /* CheckIn.swift */,
				79C383DE2BC6110400A6779A /* CheckInViewModel.swift */,
				79C383E02BC6110E00A6779A /* HabitTracker.swift */,
				79C383E22BC6111D00A6779A /* HabitTrackerViewModel.swift */,
				79C383E42BC6112700A6779A /* UserDashboard.swift */,
				79C383E62BC6113200A6779A /* UserDashboardViewModel.swift */,
			);
			path = "Check In";
			sourceTree = "<group>";
		};
		79C383E82BC6121000A6779A /* Rina */ = {
			isa = PBXGroup;
			children = (
				79C383E92BC6122100A6779A /* AnimatedSpeechBubble.swift */,
				79C383EB2BC6122C00A6779A /* AnimatedTextView.swift */,
				79C383ED2BC6123300A6779A /* Background.swift */,
				79C383EF2BC6123F00A6779A /* MultiSectionView.swift */,
				79C383F12BC6124B00A6779A /* SherpaContinue.swift */,
			);
			path = Rina;
			sourceTree = "<group>";
		};
		E54245342BABD1D400FCF1C6 /* Rahul */ = {
			isa = PBXGroup;
			children = (
				E54245352BABD4C400FCF1C6 /* Module1.swift */,
				E54245372BABD6CC00FCF1C6 /* Module2.swift */,
				E542453B2BAF683A00FCF1C6 /* Module3.swift */,
			);
			path = Rahul;
			sourceTree = "<group>";
		};
		E5511F4D2B92AD6600FCC38D /* Journal */ = {
			isa = PBXGroup;
			children = (
				E5511F502B92ADCB00FCC38D /* JournalEntry.swift */,
				79BFB52D2B8EDA6E00634262 /* JournalView.swift */,
				E5511F542B92B1CF00FCC38D /* JournalEntriesView.swift */,
				E5511F562B92B22900FCC38D /* JournalDetailView.swift */,
				E5511F522B92ADE900FCC38D /* JournalDataManager.swift */,
			);
			path = Journal;
			sourceTree = "<group>";
		};
/* End PBXGroup section */

/* Begin PBXNativeTarget section */
		1CF4C3DD2B7B15E10028BC3C /* peakmind-mvp */ = {
			isa = PBXNativeTarget;
			buildConfigurationList = 1CF4C4022B7B15E50028BC3C /* Build configuration list for PBXNativeTarget "peakmind-mvp" */;
			buildPhases = (
				1CF4C3DA2B7B15E10028BC3C /* Sources */,
				1CF4C3DB2B7B15E10028BC3C /* Frameworks */,
				1CF4C3DC2B7B15E10028BC3C /* Resources */,
			);
			buildRules = (
			);
			dependencies = (
			);
			name = "peakmind-mvp";
			packageProductDependencies = (
				1CF4C40F2B7B1DD50028BC3C /* FirebaseAnalytics */,
				1CF4C4112B7B1DD50028BC3C /* FirebaseAnalyticsOnDeviceConversion */,
				1CF4C4132B7B1DD50028BC3C /* FirebaseAnalyticsSwift */,
				1CF4C4152B7B1DD50028BC3C /* FirebaseAnalyticsWithoutAdIdSupport */,
				1CF4C4172B7B1DD50028BC3C /* FirebaseAppCheck */,
				1CF4C4192B7B1DD50028BC3C /* FirebaseAppDistribution-Beta */,
				1CF4C41B2B7B1DD50028BC3C /* FirebaseAuth */,
				1CF4C41D2B7B1DD50028BC3C /* FirebaseAuthCombine-Community */,
				1CF4C41F2B7B1DD50028BC3C /* FirebaseCrashlytics */,
				1CF4C4212B7B1DD50028BC3C /* FirebaseDatabase */,
				1CF4C4232B7B1DD50028BC3C /* FirebaseDatabaseSwift */,
				1CF4C4252B7B1DD50028BC3C /* FirebaseDynamicLinks */,
				1CF4C4272B7B1DD50028BC3C /* FirebaseFirestore */,
				1CF4C4292B7B1DD50028BC3C /* FirebaseFirestoreCombine-Community */,
				1CF4C42B2B7B1DD50028BC3C /* FirebaseFirestoreSwift */,
				1CF4C42D2B7B1DD50028BC3C /* FirebaseFunctions */,
				1CF4C42F2B7B1DD50028BC3C /* FirebaseFunctionsCombine-Community */,
				1CF4C4312B7B1DD50028BC3C /* FirebaseInAppMessaging-Beta */,
				1CF4C4332B7B1DD50028BC3C /* FirebaseInAppMessagingSwift-Beta */,
				1CF4C4352B7B1DD50028BC3C /* FirebaseInstallations */,
				1CF4C4372B7B1DD50028BC3C /* FirebaseMessaging */,
				1CF4C4392B7B1DD50028BC3C /* FirebaseMLModelDownloader */,
				1CF4C43B2B7B1DD50028BC3C /* FirebasePerformance */,
				1CF4C43D2B7B1DD50028BC3C /* FirebaseRemoteConfig */,
				1CF4C43F2B7B1DD50028BC3C /* FirebaseRemoteConfigSwift */,
				1CF4C4412B7B1DD60028BC3C /* FirebaseStorage */,
				1CF4C4432B7B1DD60028BC3C /* FirebaseStorageCombine-Community */,
				1CF4A8982B8309CD00051684 /* GoogleSignIn */,
				1CF4A89A2B8309CD00051684 /* GoogleSignInSwift */,
			);
			productName = "peakmind-mvp";
			productReference = 1CF4C3DE2B7B15E10028BC3C /* peakmind-mvp.app */;
			productType = "com.apple.product-type.application";
		};
		1CF4C3ED2B7B15E40028BC3C /* peakmind-mvpTests */ = {
			isa = PBXNativeTarget;
			buildConfigurationList = 1CF4C4052B7B15E50028BC3C /* Build configuration list for PBXNativeTarget "peakmind-mvpTests" */;
			buildPhases = (
				1CF4C3EA2B7B15E40028BC3C /* Sources */,
				1CF4C3EB2B7B15E40028BC3C /* Frameworks */,
				1CF4C3EC2B7B15E40028BC3C /* Resources */,
			);
			buildRules = (
			);
			dependencies = (
				1CF4C3F02B7B15E40028BC3C /* PBXTargetDependency */,
			);
			name = "peakmind-mvpTests";
			productName = "peakmind-mvpTests";
			productReference = 1CF4C3EE2B7B15E40028BC3C /* peakmind-mvpTests.xctest */;
			productType = "com.apple.product-type.bundle.unit-test";
		};
		1CF4C3F72B7B15E50028BC3C /* peakmind-mvpUITests */ = {
			isa = PBXNativeTarget;
			buildConfigurationList = 1CF4C4082B7B15E50028BC3C /* Build configuration list for PBXNativeTarget "peakmind-mvpUITests" */;
			buildPhases = (
				1CF4C3F42B7B15E50028BC3C /* Sources */,
				1CF4C3F52B7B15E50028BC3C /* Frameworks */,
				1CF4C3F62B7B15E50028BC3C /* Resources */,
			);
			buildRules = (
			);
			dependencies = (
				1CF4C3FA2B7B15E50028BC3C /* PBXTargetDependency */,
			);
			name = "peakmind-mvpUITests";
			productName = "peakmind-mvpUITests";
			productReference = 1CF4C3F82B7B15E50028BC3C /* peakmind-mvpUITests.xctest */;
			productType = "com.apple.product-type.bundle.ui-testing";
		};
/* End PBXNativeTarget section */

/* Begin PBXProject section */
		1CF4C3D62B7B15E10028BC3C /* Project object */ = {
			isa = PBXProject;
			attributes = {
				BuildIndependentTargetsInParallel = 1;
				LastSwiftUpdateCheck = 1520;
				LastUpgradeCheck = 1520;
				TargetAttributes = {
					1CF4C3DD2B7B15E10028BC3C = {
						CreatedOnToolsVersion = 15.2;
					};
					1CF4C3ED2B7B15E40028BC3C = {
						CreatedOnToolsVersion = 15.2;
						TestTargetID = 1CF4C3DD2B7B15E10028BC3C;
					};
					1CF4C3F72B7B15E50028BC3C = {
						CreatedOnToolsVersion = 15.2;
						TestTargetID = 1CF4C3DD2B7B15E10028BC3C;
					};
				};
			};
			buildConfigurationList = 1CF4C3D92B7B15E10028BC3C /* Build configuration list for PBXProject "peakmind-mvp" */;
			compatibilityVersion = "Xcode 14.0";
			developmentRegion = en;
			hasScannedForEncodings = 0;
			knownRegions = (
				en,
				Base,
			);
			mainGroup = 1CF4C3D52B7B15E10028BC3C;
			packageReferences = (
				1CF4C40D2B7B1DBB0028BC3C /* XCRemoteSwiftPackageReference "firebase-ios-sdk" */,
				1CF4A8972B8309C000051684 /* XCRemoteSwiftPackageReference "GoogleSignIn-iOS" */,
			);
			productRefGroup = 1CF4C3DF2B7B15E10028BC3C /* Products */;
			projectDirPath = "";
			projectRoot = "";
			targets = (
				1CF4C3DD2B7B15E10028BC3C /* peakmind-mvp */,
				1CF4C3ED2B7B15E40028BC3C /* peakmind-mvpTests */,
				1CF4C3F72B7B15E50028BC3C /* peakmind-mvpUITests */,
			);
		};
/* End PBXProject section */

/* Begin PBXResourcesBuildPhase section */
		1CF4C3DC2B7B15E10028BC3C /* Resources */ = {
			isa = PBXResourcesBuildPhase;
			buildActionMask = 2147483647;
			files = (
				102F1B8F2BCB8160008B8AC6 /* pkmdMuscleExerciseEncoded.mov in Resources */,
				1CF4C3E92B7B15E40028BC3C /* Preview Assets.xcassets in Resources */,
				1C9C63BC2B8131CB0066AF70 /* GoogleService-Info.plist in Resources */,
				1CF4C3E62B7B15E40028BC3C /* Assets.xcassets in Resources */,
				10D5593F2BC44C0000CAC269 /* words.txt in Resources */,
				10FA68802BB55130007CCBAC /* pkmdTriangleEncoded.mov in Resources */,
			);
			runOnlyForDeploymentPostprocessing = 0;
		};
		1CF4C3EC2B7B15E40028BC3C /* Resources */ = {
			isa = PBXResourcesBuildPhase;
			buildActionMask = 2147483647;
			files = (
				102F1B902BCB8160008B8AC6 /* pkmdMuscleExerciseEncoded.mov in Resources */,
				10FA68812BB55130007CCBAC /* pkmdTriangleEncoded.mov in Resources */,
			);
			runOnlyForDeploymentPostprocessing = 0;
		};
		1CF4C3F62B7B15E50028BC3C /* Resources */ = {
			isa = PBXResourcesBuildPhase;
			buildActionMask = 2147483647;
			files = (
				102F1B912BCB8160008B8AC6 /* pkmdMuscleExerciseEncoded.mov in Resources */,
				10FA68822BB55130007CCBAC /* pkmdTriangleEncoded.mov in Resources */,
			);
			runOnlyForDeploymentPostprocessing = 0;
		};
/* End PBXResourcesBuildPhase section */

/* Begin PBXSourcesBuildPhase section */
		1CF4C3DA2B7B15E10028BC3C /* Sources */ = {
			isa = PBXSourcesBuildPhase;
			buildActionMask = 2147483647;
			files = (
				791AC9002BA7D1180094A688 /* DangersOfNightfallView.swift in Sources */,
				1CD299C42BBA7584003A0592 /* VCPopup.swift in Sources */,
				791AC8FA2BA7C5A00094A688 /* ConfettiView.swift in Sources */,
				79BFB5222B8EAAE600634262 /* CustomButton.swift in Sources */,
				1C9C63CC2B8141630066AF70 /* ProfileView.swift in Sources */,
				513FB6BA2BCF4D9200D42CE0 /* Level1Reflection.swift in Sources */,
				793B79BB2BB20423001062DB /* WellnessQ2View.swift in Sources */,
				793B79B12BAF9039001062DB /* L2QuizResponseView.swift in Sources */,
				1CF4C3E42B7B15E10028BC3C /* ContentView.swift in Sources */,
				102F1B8C2BCB7F8F008B8AC6 /* MuscleRelaxationView.swift in Sources */,
				793B79BD2BB20431001062DB /* WellnessQ3View.swift in Sources */,
				1C6C0BBE2BA9EF9E00628B79 /* SetHabits.swift in Sources */,
				793B79AF2BAF9019001062DB /* PhysImpactsAnxietyView.swift in Sources */,
				513FB6C02BCF500200D42CE0 /* Level3Reflection.swift in Sources */,
				79C383EE2BC6123300A6779A /* Background.swift in Sources */,
				E54245382BABD6CC00FCF1C6 /* Module2.swift in Sources */,
				E54245362BABD4C400FCF1C6 /* Module1.swift in Sources */,
				1CB9EC7E2B9BF95C00F8970D /* PlayScreen2.swift in Sources */,
				1CF4A8942B82E9EB00051684 /* ColorConverter.swift in Sources */,
				513FB6BE2BCF4FF200D42CE0 /* Level2ReflectionView.swift in Sources */,
				793B79C12BB38E1C001062DB /* AvatarMenuSheetView.swift in Sources */,
				1C9C63CA2B813BF70066AF70 /* RegistrationView.swift in Sources */,
				793B79C52BB391D7001062DB /* AnxietyGoalSetting.swift in Sources */,
				1C9C63C82B81359A0066AF70 /* InputView.swift in Sources */,
				513FB6B82BCF4C5200D42CE0 /* Level1Eduacation.swift in Sources */,
				1C6C0BBC2BA96FDF00628B79 /* InventoryView.swift in Sources */,
				79BFB5202B8EAAB300634262 /* AvatarScreenView.swift in Sources */,
				79C383E52BC6112700A6779A /* UserDashboard.swift in Sources */,
				1CC1F5C92B89706900AC9B77 /* ChatView.swift in Sources */,
				E5511F532B92ADE900FCC38D /* JournalDataManager.swift in Sources */,
				793B79C72BB39205001062DB /* FlashlightPurchase.swift in Sources */,
				1CE785FD2B8DA0DB00962A40 /* MessageBubble.swift in Sources */,
				79C383EC2BC6122C00A6779A /* AnimatedTextView.swift in Sources */,
				793B79CE2BB3927E001062DB /* PhysicalAnxietyQuiz.swift in Sources */,
				1C9C63C62B8133360066AF70 /* LoginView.swift in Sources */,
				797AAB782BA52DEF00F24123 /* AvatarMenuView.swift in Sources */,
				791AC9022BA7D7450094A688 /* SherpaFullMoonView.swift in Sources */,
				791D1AA12B84344900E28162 /* HomeScreenView.swift in Sources */,
				79C383F02BC6123F00A6779A /* MultiSectionView.swift in Sources */,
				797AAB7A2BA5335C00F24123 /* IglooMenuView.swift in Sources */,
				1C6C0BBA2BA96B5300628B79 /* StoreView.swift in Sources */,
				793B79D02BB3929F001062DB /* SMARTGoalSettingView.swift in Sources */,
				1CF4A89E2B830BFF00051684 /* ViewExtension.swift in Sources */,
				E5511F552B92B1CF00FCC38D /* JournalEntriesView.swift in Sources */,
				79C383F22BC6124B00A6779A /* SherpaContinue.swift in Sources */,
				102F1B8A2BCB7C23008B8AC6 /* LevelCompleteView.swift in Sources */,
				79C383E32BC6111D00A6779A /* HabitTrackerViewModel.swift in Sources */,
				1C8DF97A2BC5B55F0016BFA8 /* RegisterView.swift in Sources */,
				10FA68562BB4D93F007CCBAC /* Level3IntroView.swift in Sources */,
				791AC8FC2BA7C97C0094A688 /* AnxietyModuleView.swift in Sources */,
				1C6C0BB62BA9501300628B79 /* TentPurchase.swift in Sources */,
				E5511F572B92B22900FCC38D /* JournalDetailView.swift in Sources */,
				E5511F512B92ADCB00FCC38D /* JournalEntry.swift in Sources */,
				1C9FA2592BCDBD0A003C844C /* AuthViewModel2.swift in Sources */,
				791AC8F82BA7C16A0094A688 /* PersonalizedPlanNew.swift in Sources */,
				79C383E72BC6113200A6779A /* UserDashboardViewModel.swift in Sources */,
				79BFB52A2B8EABBB00634262 /* Question.swift in Sources */,
				1C9C63D42B8147C70066AF70 /* AuthViewModel.swift in Sources */,
				E542453C2BAF683A00FCF1C6 /* Module3.swift in Sources */,
				79BFB5282B8EAB5C00634262 /* QuestionsView.swift in Sources */,
				102F1B892BCB7C23008B8AC6 /* MuscleRelaxationExplanationView.swift in Sources */,
				79C383EA2BC6122100A6779A /* AnimatedSpeechBubble.swift in Sources */,
				793B79B52BAF9051001062DB /* WindsLouderFlavorView.swift in Sources */,
				1CD299C02BBA3A12003A0592 /* WindsFlavorView.swift in Sources */,
				793B79B32BAF9045001062DB /* L2SherpaChatView.swift in Sources */,
				793B79B72BAF9063001062DB /* ReducingAnxietyView.swift in Sources */,
				79C383E12BC6110E00A6779A /* HabitTracker.swift in Sources */,
				793B79CC2BB39260001062DB /* Level2.swift in Sources */,
				79BFB52E2B8EDA6E00634262 /* JournalView.swift in Sources */,
				102F1B952BCDAC69008B8AC6 /* SymptomsQuizView.swift in Sources */,
				1CF4A8962B82EE9900051684 /* ResetPasswordView.swift in Sources */,
				1CD299C62BBA8C42003A0592 /* IglooMenuSheet.swift in Sources */,
				1C7F93EB2BC3B291000754E2 /* PacMan.swift in Sources */,
				791AC8FE2BA7CF6D0094A688 /* NightfallFlavorView.swift in Sources */,
				793B79C32BB390F7001062DB /* AvatarSettingsView.swift in Sources */,
				79B3DAEE2B843CE0003C3B44 /* MainTabView.swift in Sources */,
				1CD299C22BBA5E4E003A0592 /* Level2Complete.swift in Sources */,
				793B79C92BB3921D001062DB /* Level1Complete.swift in Sources */,
				79BFB52C2B8EABC500634262 /* Info.swift in Sources */,
				10FA686C2BB53B18007CCBAC /* SpriteKitUIView.swift in Sources */,
				1C6C0BB82BA967CF00628B79 /* AnxietyQuiz.swift in Sources */,
				79C383DD2BC610F700A6779A /* CheckIn.swift in Sources */,
				79C383DF2BC6110400A6779A /* CheckInViewModel.swift in Sources */,
				10FA68542BB3B240007CCBAC /* BreathingExerciseView.swift in Sources */,
				10D5593D2BC379C700CAC269 /* Minigame2View.swift in Sources */,
				79BFB5302B914A5000634262 /* SplashScreen.swift in Sources */,
				1CF4C3E22B7B15E10028BC3C /* peakmind_mvpApp.swift in Sources */,
				1C9FA2572BCDB6EB003C844C /* UserData.swift in Sources */,
				793B79B92BAF906E001062DB /* Level2FlavorView.swift in Sources */,
				79E378BD2BBB3C2D00FC917A /* AvatarAndSherpaView.swift in Sources */,
				1C9FA25D2BCE1B21003C844C /* HealthKitManager.swift in Sources */,
				1C9C63D02B8144C20066AF70 /* User.swift in Sources */,
				1C9C63CE2B81428B0066AF70 /* SettingsRowView.swift in Sources */,
				798EFB6A2B84379D00E6027A /* IntroPlayView.swift in Sources */,
			);
			runOnlyForDeploymentPostprocessing = 0;
		};
		1CF4C3EA2B7B15E40028BC3C /* Sources */ = {
			isa = PBXSourcesBuildPhase;
			buildActionMask = 2147483647;
			files = (
				10FA686D2BB53B18007CCBAC /* SpriteKitUIView.swift in Sources */,
				1CF4C3F32B7B15E40028BC3C /* peakmind_mvpTests.swift in Sources */,
			);
			runOnlyForDeploymentPostprocessing = 0;
		};
		1CF4C3F42B7B15E50028BC3C /* Sources */ = {
			isa = PBXSourcesBuildPhase;
			buildActionMask = 2147483647;
			files = (
				1CF4C3FD2B7B15E50028BC3C /* peakmind_mvpUITests.swift in Sources */,
				10FA686E2BB53B18007CCBAC /* SpriteKitUIView.swift in Sources */,
				1CF4C3FF2B7B15E50028BC3C /* peakmind_mvpUITestsLaunchTests.swift in Sources */,
			);
			runOnlyForDeploymentPostprocessing = 0;
		};
/* End PBXSourcesBuildPhase section */

/* Begin PBXTargetDependency section */
		1CF4C3F02B7B15E40028BC3C /* PBXTargetDependency */ = {
			isa = PBXTargetDependency;
			target = 1CF4C3DD2B7B15E10028BC3C /* peakmind-mvp */;
			targetProxy = 1CF4C3EF2B7B15E40028BC3C /* PBXContainerItemProxy */;
		};
		1CF4C3FA2B7B15E50028BC3C /* PBXTargetDependency */ = {
			isa = PBXTargetDependency;
			target = 1CF4C3DD2B7B15E10028BC3C /* peakmind-mvp */;
			targetProxy = 1CF4C3F92B7B15E50028BC3C /* PBXContainerItemProxy */;
		};
/* End PBXTargetDependency section */

/* Begin XCBuildConfiguration section */
		1CF4C4002B7B15E50028BC3C /* Debug */ = {
			isa = XCBuildConfiguration;
			buildSettings = {
				ALWAYS_SEARCH_USER_PATHS = NO;
				ASSETCATALOG_COMPILER_GENERATE_SWIFT_ASSET_SYMBOL_EXTENSIONS = YES;
				CLANG_ANALYZER_NONNULL = YES;
				CLANG_ANALYZER_NUMBER_OBJECT_CONVERSION = YES_AGGRESSIVE;
				CLANG_CXX_LANGUAGE_STANDARD = "gnu++20";
				CLANG_ENABLE_MODULES = YES;
				CLANG_ENABLE_OBJC_ARC = YES;
				CLANG_ENABLE_OBJC_WEAK = YES;
				CLANG_WARN_BLOCK_CAPTURE_AUTORELEASING = YES;
				CLANG_WARN_BOOL_CONVERSION = YES;
				CLANG_WARN_COMMA = YES;
				CLANG_WARN_CONSTANT_CONVERSION = YES;
				CLANG_WARN_DEPRECATED_OBJC_IMPLEMENTATIONS = YES;
				CLANG_WARN_DIRECT_OBJC_ISA_USAGE = YES_ERROR;
				CLANG_WARN_DOCUMENTATION_COMMENTS = YES;
				CLANG_WARN_EMPTY_BODY = YES;
				CLANG_WARN_ENUM_CONVERSION = YES;
				CLANG_WARN_INFINITE_RECURSION = YES;
				CLANG_WARN_INT_CONVERSION = YES;
				CLANG_WARN_NON_LITERAL_NULL_CONVERSION = YES;
				CLANG_WARN_OBJC_IMPLICIT_RETAIN_SELF = YES;
				CLANG_WARN_OBJC_LITERAL_CONVERSION = YES;
				CLANG_WARN_OBJC_ROOT_CLASS = YES_ERROR;
				CLANG_WARN_QUOTED_INCLUDE_IN_FRAMEWORK_HEADER = YES;
				CLANG_WARN_RANGE_LOOP_ANALYSIS = YES;
				CLANG_WARN_STRICT_PROTOTYPES = YES;
				CLANG_WARN_SUSPICIOUS_MOVE = YES;
				CLANG_WARN_UNGUARDED_AVAILABILITY = YES_AGGRESSIVE;
				CLANG_WARN_UNREACHABLE_CODE = YES;
				CLANG_WARN__DUPLICATE_METHOD_MATCH = YES;
				COPY_PHASE_STRIP = NO;
				DEBUG_INFORMATION_FORMAT = dwarf;
				ENABLE_STRICT_OBJC_MSGSEND = YES;
				ENABLE_TESTABILITY = YES;
				ENABLE_USER_SCRIPT_SANDBOXING = YES;
				GCC_C_LANGUAGE_STANDARD = gnu17;
				GCC_DYNAMIC_NO_PIC = NO;
				GCC_NO_COMMON_BLOCKS = YES;
				GCC_OPTIMIZATION_LEVEL = 0;
				GCC_PREPROCESSOR_DEFINITIONS = (
					"DEBUG=1",
					"$(inherited)",
				);
				GCC_WARN_64_TO_32_BIT_CONVERSION = YES;
				GCC_WARN_ABOUT_RETURN_TYPE = YES_ERROR;
				GCC_WARN_UNDECLARED_SELECTOR = YES;
				GCC_WARN_UNINITIALIZED_AUTOS = YES_AGGRESSIVE;
				GCC_WARN_UNUSED_FUNCTION = YES;
				GCC_WARN_UNUSED_VARIABLE = YES;
				IPHONEOS_DEPLOYMENT_TARGET = 17.2;
				LOCALIZATION_PREFERS_STRING_CATALOGS = YES;
				MTL_ENABLE_DEBUG_INFO = INCLUDE_SOURCE;
				MTL_FAST_MATH = YES;
				ONLY_ACTIVE_ARCH = YES;
				SDKROOT = iphoneos;
				SWIFT_ACTIVE_COMPILATION_CONDITIONS = "DEBUG $(inherited)";
				SWIFT_OPTIMIZATION_LEVEL = "-Onone";
			};
			name = Debug;
		};
		1CF4C4012B7B15E50028BC3C /* Release */ = {
			isa = XCBuildConfiguration;
			buildSettings = {
				ALWAYS_SEARCH_USER_PATHS = NO;
				ASSETCATALOG_COMPILER_GENERATE_SWIFT_ASSET_SYMBOL_EXTENSIONS = YES;
				CLANG_ANALYZER_NONNULL = YES;
				CLANG_ANALYZER_NUMBER_OBJECT_CONVERSION = YES_AGGRESSIVE;
				CLANG_CXX_LANGUAGE_STANDARD = "gnu++20";
				CLANG_ENABLE_MODULES = YES;
				CLANG_ENABLE_OBJC_ARC = YES;
				CLANG_ENABLE_OBJC_WEAK = YES;
				CLANG_WARN_BLOCK_CAPTURE_AUTORELEASING = YES;
				CLANG_WARN_BOOL_CONVERSION = YES;
				CLANG_WARN_COMMA = YES;
				CLANG_WARN_CONSTANT_CONVERSION = YES;
				CLANG_WARN_DEPRECATED_OBJC_IMPLEMENTATIONS = YES;
				CLANG_WARN_DIRECT_OBJC_ISA_USAGE = YES_ERROR;
				CLANG_WARN_DOCUMENTATION_COMMENTS = YES;
				CLANG_WARN_EMPTY_BODY = YES;
				CLANG_WARN_ENUM_CONVERSION = YES;
				CLANG_WARN_INFINITE_RECURSION = YES;
				CLANG_WARN_INT_CONVERSION = YES;
				CLANG_WARN_NON_LITERAL_NULL_CONVERSION = YES;
				CLANG_WARN_OBJC_IMPLICIT_RETAIN_SELF = YES;
				CLANG_WARN_OBJC_LITERAL_CONVERSION = YES;
				CLANG_WARN_OBJC_ROOT_CLASS = YES_ERROR;
				CLANG_WARN_QUOTED_INCLUDE_IN_FRAMEWORK_HEADER = YES;
				CLANG_WARN_RANGE_LOOP_ANALYSIS = YES;
				CLANG_WARN_STRICT_PROTOTYPES = YES;
				CLANG_WARN_SUSPICIOUS_MOVE = YES;
				CLANG_WARN_UNGUARDED_AVAILABILITY = YES_AGGRESSIVE;
				CLANG_WARN_UNREACHABLE_CODE = YES;
				CLANG_WARN__DUPLICATE_METHOD_MATCH = YES;
				COPY_PHASE_STRIP = NO;
				DEBUG_INFORMATION_FORMAT = "dwarf-with-dsym";
				ENABLE_NS_ASSERTIONS = NO;
				ENABLE_STRICT_OBJC_MSGSEND = YES;
				ENABLE_USER_SCRIPT_SANDBOXING = YES;
				GCC_C_LANGUAGE_STANDARD = gnu17;
				GCC_NO_COMMON_BLOCKS = YES;
				GCC_WARN_64_TO_32_BIT_CONVERSION = YES;
				GCC_WARN_ABOUT_RETURN_TYPE = YES_ERROR;
				GCC_WARN_UNDECLARED_SELECTOR = YES;
				GCC_WARN_UNINITIALIZED_AUTOS = YES_AGGRESSIVE;
				GCC_WARN_UNUSED_FUNCTION = YES;
				GCC_WARN_UNUSED_VARIABLE = YES;
				IPHONEOS_DEPLOYMENT_TARGET = 17.2;
				LOCALIZATION_PREFERS_STRING_CATALOGS = YES;
				MTL_ENABLE_DEBUG_INFO = NO;
				MTL_FAST_MATH = YES;
				SDKROOT = iphoneos;
				SWIFT_COMPILATION_MODE = wholemodule;
				VALIDATE_PRODUCT = YES;
			};
			name = Release;
		};
		1CF4C4032B7B15E50028BC3C /* Debug */ = {
			isa = XCBuildConfiguration;
			buildSettings = {
				ASSETCATALOG_COMPILER_APPICON_NAME = "AppIcon 2";
				ASSETCATALOG_COMPILER_GLOBAL_ACCENT_COLOR_NAME = AccentColor;
				ASSETCATALOG_COMPILER_INCLUDE_ALL_APPICON_ASSETS = YES;
				CODE_SIGN_ENTITLEMENTS = "peakmind-mvp/peakmind-mvp.entitlements";
				CODE_SIGN_STYLE = Automatic;
				CURRENT_PROJECT_VERSION = 1.3.08;
				DEVELOPMENT_ASSET_PATHS = "\"peakmind-mvp/Preview Content\"";
				DEVELOPMENT_TEAM = 9UMCCFSYB9;
				ENABLE_PREVIEWS = YES;
				GENERATE_INFOPLIST_FILE = YES;
				INFOPLIST_FILE = "peakmind-mvp/Info.plist";
				INFOPLIST_KEY_CFBundleDisplayName = PeakMind;
				INFOPLIST_KEY_LSApplicationCategoryType = "public.app-category.healthcare-fitness";
				INFOPLIST_KEY_NSHealthShareUsageDescription = "Please share your AppleHealthKit data with us so we can give you the best possible ideas. ";
				INFOPLIST_KEY_UIApplicationSceneManifest_Generation = YES;
				INFOPLIST_KEY_UIApplicationSupportsIndirectInputEvents = YES;
				INFOPLIST_KEY_UILaunchScreen_Generation = YES;
				INFOPLIST_KEY_UISupportedInterfaceOrientations_iPad = "UIInterfaceOrientationPortrait UIInterfaceOrientationPortraitUpsideDown UIInterfaceOrientationLandscapeLeft UIInterfaceOrientationLandscapeRight";
				INFOPLIST_KEY_UISupportedInterfaceOrientations_iPhone = "UIInterfaceOrientationPortrait UIInterfaceOrientationLandscapeLeft UIInterfaceOrientationLandscapeRight";
				LD_RUNPATH_SEARCH_PATHS = (
					"$(inherited)",
					"@executable_path/Frameworks",
				);
				MARKETING_VERSION = 1.0;
				PRODUCT_BUNDLE_IDENTIFIER = "platemate.ai.peakmind-mvp.test";
				PRODUCT_NAME = "$(TARGET_NAME)";
				SWIFT_EMIT_LOC_STRINGS = YES;
				SWIFT_VERSION = 5.0;
				TARGETED_DEVICE_FAMILY = "1,2";
			};
			name = Debug;
		};
		1CF4C4042B7B15E50028BC3C /* Release */ = {
			isa = XCBuildConfiguration;
			buildSettings = {
				ASSETCATALOG_COMPILER_APPICON_NAME = "AppIcon 2";
				ASSETCATALOG_COMPILER_GLOBAL_ACCENT_COLOR_NAME = AccentColor;
				ASSETCATALOG_COMPILER_INCLUDE_ALL_APPICON_ASSETS = YES;
				CODE_SIGN_ENTITLEMENTS = "peakmind-mvp/peakmind-mvp.entitlements";
				CODE_SIGN_STYLE = Automatic;
				CURRENT_PROJECT_VERSION = 1.3.08;
				DEVELOPMENT_ASSET_PATHS = "\"peakmind-mvp/Preview Content\"";
				DEVELOPMENT_TEAM = 9UMCCFSYB9;
				ENABLE_PREVIEWS = YES;
				GENERATE_INFOPLIST_FILE = YES;
				INFOPLIST_FILE = "peakmind-mvp/Info.plist";
				INFOPLIST_KEY_CFBundleDisplayName = PeakMind;
				INFOPLIST_KEY_LSApplicationCategoryType = "public.app-category.healthcare-fitness";
				INFOPLIST_KEY_NSHealthShareUsageDescription = "Please share your AppleHealthKit data with us so we can give you the best possible ideas. ";
				INFOPLIST_KEY_UIApplicationSceneManifest_Generation = YES;
				INFOPLIST_KEY_UIApplicationSupportsIndirectInputEvents = YES;
				INFOPLIST_KEY_UILaunchScreen_Generation = YES;
				INFOPLIST_KEY_UISupportedInterfaceOrientations_iPad = "UIInterfaceOrientationPortrait UIInterfaceOrientationPortraitUpsideDown UIInterfaceOrientationLandscapeLeft UIInterfaceOrientationLandscapeRight";
				INFOPLIST_KEY_UISupportedInterfaceOrientations_iPhone = "UIInterfaceOrientationPortrait UIInterfaceOrientationLandscapeLeft UIInterfaceOrientationLandscapeRight";
				LD_RUNPATH_SEARCH_PATHS = (
					"$(inherited)",
					"@executable_path/Frameworks",
				);
				MARKETING_VERSION = 1.0;
				PRODUCT_BUNDLE_IDENTIFIER = "platemate.ai.peakmind-mvp.test";
				PRODUCT_NAME = "$(TARGET_NAME)";
				SWIFT_EMIT_LOC_STRINGS = YES;
				SWIFT_VERSION = 5.0;
				TARGETED_DEVICE_FAMILY = "1,2";
			};
			name = Release;
		};
		1CF4C4062B7B15E50028BC3C /* Debug */ = {
			isa = XCBuildConfiguration;
			buildSettings = {
				ALWAYS_EMBED_SWIFT_STANDARD_LIBRARIES = YES;
				BUNDLE_LOADER = "$(TEST_HOST)";
				CODE_SIGN_STYLE = Automatic;
				CURRENT_PROJECT_VERSION = 1;
				GENERATE_INFOPLIST_FILE = YES;
				IPHONEOS_DEPLOYMENT_TARGET = 17.2;
				MARKETING_VERSION = 1.0;
				PRODUCT_BUNDLE_IDENTIFIER = "platemate.ai.peakmind-mvpTests";
				PRODUCT_NAME = "$(TARGET_NAME)";
				SWIFT_EMIT_LOC_STRINGS = NO;
				SWIFT_VERSION = 5.0;
				TARGETED_DEVICE_FAMILY = "1,2";
				TEST_HOST = "$(BUILT_PRODUCTS_DIR)/peakmind-mvp.app/$(BUNDLE_EXECUTABLE_FOLDER_PATH)/peakmind-mvp";
			};
			name = Debug;
		};
		1CF4C4072B7B15E50028BC3C /* Release */ = {
			isa = XCBuildConfiguration;
			buildSettings = {
				ALWAYS_EMBED_SWIFT_STANDARD_LIBRARIES = YES;
				BUNDLE_LOADER = "$(TEST_HOST)";
				CODE_SIGN_STYLE = Automatic;
				CURRENT_PROJECT_VERSION = 1;
				GENERATE_INFOPLIST_FILE = YES;
				IPHONEOS_DEPLOYMENT_TARGET = 17.2;
				MARKETING_VERSION = 1.0;
				PRODUCT_BUNDLE_IDENTIFIER = "platemate.ai.peakmind-mvpTests";
				PRODUCT_NAME = "$(TARGET_NAME)";
				SWIFT_EMIT_LOC_STRINGS = NO;
				SWIFT_VERSION = 5.0;
				TARGETED_DEVICE_FAMILY = "1,2";
				TEST_HOST = "$(BUILT_PRODUCTS_DIR)/peakmind-mvp.app/$(BUNDLE_EXECUTABLE_FOLDER_PATH)/peakmind-mvp";
			};
			name = Release;
		};
		1CF4C4092B7B15E50028BC3C /* Debug */ = {
			isa = XCBuildConfiguration;
			buildSettings = {
				ALWAYS_EMBED_SWIFT_STANDARD_LIBRARIES = YES;
				CODE_SIGN_STYLE = Automatic;
				CURRENT_PROJECT_VERSION = 1;
				GENERATE_INFOPLIST_FILE = YES;
				MARKETING_VERSION = 1.0;
				PRODUCT_BUNDLE_IDENTIFIER = "platemate.ai.peakmind-mvpUITests";
				PRODUCT_NAME = "$(TARGET_NAME)";
				SWIFT_EMIT_LOC_STRINGS = NO;
				SWIFT_VERSION = 5.0;
				TARGETED_DEVICE_FAMILY = "1,2";
				TEST_TARGET_NAME = "peakmind-mvp";
			};
			name = Debug;
		};
		1CF4C40A2B7B15E50028BC3C /* Release */ = {
			isa = XCBuildConfiguration;
			buildSettings = {
				ALWAYS_EMBED_SWIFT_STANDARD_LIBRARIES = YES;
				CODE_SIGN_STYLE = Automatic;
				CURRENT_PROJECT_VERSION = 1;
				GENERATE_INFOPLIST_FILE = YES;
				MARKETING_VERSION = 1.0;
				PRODUCT_BUNDLE_IDENTIFIER = "platemate.ai.peakmind-mvpUITests";
				PRODUCT_NAME = "$(TARGET_NAME)";
				SWIFT_EMIT_LOC_STRINGS = NO;
				SWIFT_VERSION = 5.0;
				TARGETED_DEVICE_FAMILY = "1,2";
				TEST_TARGET_NAME = "peakmind-mvp";
			};
			name = Release;
		};
/* End XCBuildConfiguration section */

/* Begin XCConfigurationList section */
		1CF4C3D92B7B15E10028BC3C /* Build configuration list for PBXProject "peakmind-mvp" */ = {
			isa = XCConfigurationList;
			buildConfigurations = (
				1CF4C4002B7B15E50028BC3C /* Debug */,
				1CF4C4012B7B15E50028BC3C /* Release */,
			);
			defaultConfigurationIsVisible = 0;
			defaultConfigurationName = Release;
		};
		1CF4C4022B7B15E50028BC3C /* Build configuration list for PBXNativeTarget "peakmind-mvp" */ = {
			isa = XCConfigurationList;
			buildConfigurations = (
				1CF4C4032B7B15E50028BC3C /* Debug */,
				1CF4C4042B7B15E50028BC3C /* Release */,
			);
			defaultConfigurationIsVisible = 0;
			defaultConfigurationName = Release;
		};
		1CF4C4052B7B15E50028BC3C /* Build configuration list for PBXNativeTarget "peakmind-mvpTests" */ = {
			isa = XCConfigurationList;
			buildConfigurations = (
				1CF4C4062B7B15E50028BC3C /* Debug */,
				1CF4C4072B7B15E50028BC3C /* Release */,
			);
			defaultConfigurationIsVisible = 0;
			defaultConfigurationName = Release;
		};
		1CF4C4082B7B15E50028BC3C /* Build configuration list for PBXNativeTarget "peakmind-mvpUITests" */ = {
			isa = XCConfigurationList;
			buildConfigurations = (
				1CF4C4092B7B15E50028BC3C /* Debug */,
				1CF4C40A2B7B15E50028BC3C /* Release */,
			);
			defaultConfigurationIsVisible = 0;
			defaultConfigurationName = Release;
		};
/* End XCConfigurationList section */

/* Begin XCRemoteSwiftPackageReference section */
		1CF4A8972B8309C000051684 /* XCRemoteSwiftPackageReference "GoogleSignIn-iOS" */ = {
			isa = XCRemoteSwiftPackageReference;
			repositoryURL = "https://github.com/google/GoogleSignIn-iOS";
			requirement = {
				kind = upToNextMajorVersion;
				minimumVersion = 7.0.0;
			};
		};
		1CF4C40D2B7B1DBB0028BC3C /* XCRemoteSwiftPackageReference "firebase-ios-sdk" */ = {
			isa = XCRemoteSwiftPackageReference;
			repositoryURL = "https://github.com/firebase/firebase-ios-sdk";
			requirement = {
				kind = upToNextMajorVersion;
				minimumVersion = 10.21.0;
			};
		};
/* End XCRemoteSwiftPackageReference section */

/* Begin XCSwiftPackageProductDependency section */
		1CF4A8982B8309CD00051684 /* GoogleSignIn */ = {
			isa = XCSwiftPackageProductDependency;
			package = 1CF4A8972B8309C000051684 /* XCRemoteSwiftPackageReference "GoogleSignIn-iOS" */;
			productName = GoogleSignIn;
		};
		1CF4A89A2B8309CD00051684 /* GoogleSignInSwift */ = {
			isa = XCSwiftPackageProductDependency;
			package = 1CF4A8972B8309C000051684 /* XCRemoteSwiftPackageReference "GoogleSignIn-iOS" */;
			productName = GoogleSignInSwift;
		};
		1CF4C40F2B7B1DD50028BC3C /* FirebaseAnalytics */ = {
			isa = XCSwiftPackageProductDependency;
			package = 1CF4C40D2B7B1DBB0028BC3C /* XCRemoteSwiftPackageReference "firebase-ios-sdk" */;
			productName = FirebaseAnalytics;
		};
		1CF4C4112B7B1DD50028BC3C /* FirebaseAnalyticsOnDeviceConversion */ = {
			isa = XCSwiftPackageProductDependency;
			package = 1CF4C40D2B7B1DBB0028BC3C /* XCRemoteSwiftPackageReference "firebase-ios-sdk" */;
			productName = FirebaseAnalyticsOnDeviceConversion;
		};
		1CF4C4132B7B1DD50028BC3C /* FirebaseAnalyticsSwift */ = {
			isa = XCSwiftPackageProductDependency;
			package = 1CF4C40D2B7B1DBB0028BC3C /* XCRemoteSwiftPackageReference "firebase-ios-sdk" */;
			productName = FirebaseAnalyticsSwift;
		};
		1CF4C4152B7B1DD50028BC3C /* FirebaseAnalyticsWithoutAdIdSupport */ = {
			isa = XCSwiftPackageProductDependency;
			package = 1CF4C40D2B7B1DBB0028BC3C /* XCRemoteSwiftPackageReference "firebase-ios-sdk" */;
			productName = FirebaseAnalyticsWithoutAdIdSupport;
		};
		1CF4C4172B7B1DD50028BC3C /* FirebaseAppCheck */ = {
			isa = XCSwiftPackageProductDependency;
			package = 1CF4C40D2B7B1DBB0028BC3C /* XCRemoteSwiftPackageReference "firebase-ios-sdk" */;
			productName = FirebaseAppCheck;
		};
		1CF4C4192B7B1DD50028BC3C /* FirebaseAppDistribution-Beta */ = {
			isa = XCSwiftPackageProductDependency;
			package = 1CF4C40D2B7B1DBB0028BC3C /* XCRemoteSwiftPackageReference "firebase-ios-sdk" */;
			productName = "FirebaseAppDistribution-Beta";
		};
		1CF4C41B2B7B1DD50028BC3C /* FirebaseAuth */ = {
			isa = XCSwiftPackageProductDependency;
			package = 1CF4C40D2B7B1DBB0028BC3C /* XCRemoteSwiftPackageReference "firebase-ios-sdk" */;
			productName = FirebaseAuth;
		};
		1CF4C41D2B7B1DD50028BC3C /* FirebaseAuthCombine-Community */ = {
			isa = XCSwiftPackageProductDependency;
			package = 1CF4C40D2B7B1DBB0028BC3C /* XCRemoteSwiftPackageReference "firebase-ios-sdk" */;
			productName = "FirebaseAuthCombine-Community";
		};
		1CF4C41F2B7B1DD50028BC3C /* FirebaseCrashlytics */ = {
			isa = XCSwiftPackageProductDependency;
			package = 1CF4C40D2B7B1DBB0028BC3C /* XCRemoteSwiftPackageReference "firebase-ios-sdk" */;
			productName = FirebaseCrashlytics;
		};
		1CF4C4212B7B1DD50028BC3C /* FirebaseDatabase */ = {
			isa = XCSwiftPackageProductDependency;
			package = 1CF4C40D2B7B1DBB0028BC3C /* XCRemoteSwiftPackageReference "firebase-ios-sdk" */;
			productName = FirebaseDatabase;
		};
		1CF4C4232B7B1DD50028BC3C /* FirebaseDatabaseSwift */ = {
			isa = XCSwiftPackageProductDependency;
			package = 1CF4C40D2B7B1DBB0028BC3C /* XCRemoteSwiftPackageReference "firebase-ios-sdk" */;
			productName = FirebaseDatabaseSwift;
		};
		1CF4C4252B7B1DD50028BC3C /* FirebaseDynamicLinks */ = {
			isa = XCSwiftPackageProductDependency;
			package = 1CF4C40D2B7B1DBB0028BC3C /* XCRemoteSwiftPackageReference "firebase-ios-sdk" */;
			productName = FirebaseDynamicLinks;
		};
		1CF4C4272B7B1DD50028BC3C /* FirebaseFirestore */ = {
			isa = XCSwiftPackageProductDependency;
			package = 1CF4C40D2B7B1DBB0028BC3C /* XCRemoteSwiftPackageReference "firebase-ios-sdk" */;
			productName = FirebaseFirestore;
		};
		1CF4C4292B7B1DD50028BC3C /* FirebaseFirestoreCombine-Community */ = {
			isa = XCSwiftPackageProductDependency;
			package = 1CF4C40D2B7B1DBB0028BC3C /* XCRemoteSwiftPackageReference "firebase-ios-sdk" */;
			productName = "FirebaseFirestoreCombine-Community";
		};
		1CF4C42B2B7B1DD50028BC3C /* FirebaseFirestoreSwift */ = {
			isa = XCSwiftPackageProductDependency;
			package = 1CF4C40D2B7B1DBB0028BC3C /* XCRemoteSwiftPackageReference "firebase-ios-sdk" */;
			productName = FirebaseFirestoreSwift;
		};
		1CF4C42D2B7B1DD50028BC3C /* FirebaseFunctions */ = {
			isa = XCSwiftPackageProductDependency;
			package = 1CF4C40D2B7B1DBB0028BC3C /* XCRemoteSwiftPackageReference "firebase-ios-sdk" */;
			productName = FirebaseFunctions;
		};
		1CF4C42F2B7B1DD50028BC3C /* FirebaseFunctionsCombine-Community */ = {
			isa = XCSwiftPackageProductDependency;
			package = 1CF4C40D2B7B1DBB0028BC3C /* XCRemoteSwiftPackageReference "firebase-ios-sdk" */;
			productName = "FirebaseFunctionsCombine-Community";
		};
		1CF4C4312B7B1DD50028BC3C /* FirebaseInAppMessaging-Beta */ = {
			isa = XCSwiftPackageProductDependency;
			package = 1CF4C40D2B7B1DBB0028BC3C /* XCRemoteSwiftPackageReference "firebase-ios-sdk" */;
			productName = "FirebaseInAppMessaging-Beta";
		};
		1CF4C4332B7B1DD50028BC3C /* FirebaseInAppMessagingSwift-Beta */ = {
			isa = XCSwiftPackageProductDependency;
			package = 1CF4C40D2B7B1DBB0028BC3C /* XCRemoteSwiftPackageReference "firebase-ios-sdk" */;
			productName = "FirebaseInAppMessagingSwift-Beta";
		};
		1CF4C4352B7B1DD50028BC3C /* FirebaseInstallations */ = {
			isa = XCSwiftPackageProductDependency;
			package = 1CF4C40D2B7B1DBB0028BC3C /* XCRemoteSwiftPackageReference "firebase-ios-sdk" */;
			productName = FirebaseInstallations;
		};
		1CF4C4372B7B1DD50028BC3C /* FirebaseMessaging */ = {
			isa = XCSwiftPackageProductDependency;
			package = 1CF4C40D2B7B1DBB0028BC3C /* XCRemoteSwiftPackageReference "firebase-ios-sdk" */;
			productName = FirebaseMessaging;
		};
		1CF4C4392B7B1DD50028BC3C /* FirebaseMLModelDownloader */ = {
			isa = XCSwiftPackageProductDependency;
			package = 1CF4C40D2B7B1DBB0028BC3C /* XCRemoteSwiftPackageReference "firebase-ios-sdk" */;
			productName = FirebaseMLModelDownloader;
		};
		1CF4C43B2B7B1DD50028BC3C /* FirebasePerformance */ = {
			isa = XCSwiftPackageProductDependency;
			package = 1CF4C40D2B7B1DBB0028BC3C /* XCRemoteSwiftPackageReference "firebase-ios-sdk" */;
			productName = FirebasePerformance;
		};
		1CF4C43D2B7B1DD50028BC3C /* FirebaseRemoteConfig */ = {
			isa = XCSwiftPackageProductDependency;
			package = 1CF4C40D2B7B1DBB0028BC3C /* XCRemoteSwiftPackageReference "firebase-ios-sdk" */;
			productName = FirebaseRemoteConfig;
		};
		1CF4C43F2B7B1DD50028BC3C /* FirebaseRemoteConfigSwift */ = {
			isa = XCSwiftPackageProductDependency;
			package = 1CF4C40D2B7B1DBB0028BC3C /* XCRemoteSwiftPackageReference "firebase-ios-sdk" */;
			productName = FirebaseRemoteConfigSwift;
		};
		1CF4C4412B7B1DD60028BC3C /* FirebaseStorage */ = {
			isa = XCSwiftPackageProductDependency;
			package = 1CF4C40D2B7B1DBB0028BC3C /* XCRemoteSwiftPackageReference "firebase-ios-sdk" */;
			productName = FirebaseStorage;
		};
		1CF4C4432B7B1DD60028BC3C /* FirebaseStorageCombine-Community */ = {
			isa = XCSwiftPackageProductDependency;
			package = 1CF4C40D2B7B1DBB0028BC3C /* XCRemoteSwiftPackageReference "firebase-ios-sdk" */;
			productName = "FirebaseStorageCombine-Community";
		};
/* End XCSwiftPackageProductDependency section */
	};
	rootObject = 1CF4C3D62B7B15E10028BC3C /* Project object */;
}
