// !$*UTF8*$!
{
	archiveVersion = 1;
	classes = {
	};
	objectVersion = 56;
	objects = {

/* Begin PBXBuildFile section */
		1CF4C3E22B7B15E10028BC3C /* peakmind_mvpApp.swift in Sources */ = {isa = PBXBuildFile; fileRef = 1CF4C3E12B7B15E10028BC3C /* peakmind_mvpApp.swift */; };
		1CF4C3E42B7B15E10028BC3C /* ContentView.swift in Sources */ = {isa = PBXBuildFile; fileRef = 1CF4C3E32B7B15E10028BC3C /* ContentView.swift */; };
		1CF4C3E62B7B15E40028BC3C /* Assets.xcassets in Resources */ = {isa = PBXBuildFile; fileRef = 1CF4C3E52B7B15E40028BC3C /* Assets.xcassets */; };
		1CF4C3E92B7B15E40028BC3C /* Preview Assets.xcassets in Resources */ = {isa = PBXBuildFile; fileRef = 1CF4C3E82B7B15E40028BC3C /* Preview Assets.xcassets */; };
		1CF4C3F32B7B15E40028BC3C /* peakmind_mvpTests.swift in Sources */ = {isa = PBXBuildFile; fileRef = 1CF4C3F22B7B15E40028BC3C /* peakmind_mvpTests.swift */; };
		1CF4C3FD2B7B15E50028BC3C /* peakmind_mvpUITests.swift in Sources */ = {isa = PBXBuildFile; fileRef = 1CF4C3FC2B7B15E50028BC3C /* peakmind_mvpUITests.swift */; };
		1CF4C3FF2B7B15E50028BC3C /* peakmind_mvpUITestsLaunchTests.swift in Sources */ = {isa = PBXBuildFile; fileRef = 1CF4C3FE2B7B15E50028BC3C /* peakmind_mvpUITestsLaunchTests.swift */; };
/* End PBXBuildFile section */

/* Begin PBXContainerItemProxy section */
		1CF4C3EF2B7B15E40028BC3C /* PBXContainerItemProxy */ = {
			isa = PBXContainerItemProxy;
			containerPortal = 1CF4C3D62B7B15E10028BC3C /* Project object */;
			proxyType = 1;
			remoteGlobalIDString = 1CF4C3DD2B7B15E10028BC3C;
			remoteInfo = "peakmind-mvp";
		};
		1CF4C3F92B7B15E50028BC3C /* PBXContainerItemProxy */ = {
			isa = PBXContainerItemProxy;
			containerPortal = 1CF4C3D62B7B15E10028BC3C /* Project object */;
			proxyType = 1;
			remoteGlobalIDString = 1CF4C3DD2B7B15E10028BC3C;
			remoteInfo = "peakmind-mvp";
		};
/* End PBXContainerItemProxy section */

/* Begin PBXFileReference section */
		1CF4C3DE2B7B15E10028BC3C /* peakmind-mvp.app */ = {isa = PBXFileReference; explicitFileType = wrapper.application; includeInIndex = 0; path = "peakmind-mvp.app"; sourceTree = BUILT_PRODUCTS_DIR; };
		1CF4C3E12B7B15E10028BC3C /* peakmind_mvpApp.swift */ = {isa = PBXFileReference; lastKnownFileType = sourcecode.swift; path = peakmind_mvpApp.swift; sourceTree = "<group>"; };
		1CF4C3E32B7B15E10028BC3C /* ContentView.swift */ = {isa = PBXFileReference; lastKnownFileType = sourcecode.swift; path = ContentView.swift; sourceTree = "<group>"; };
		1CF4C3E52B7B15E40028BC3C /* Assets.xcassets */ = {isa = PBXFileReference; lastKnownFileType = folder.assetcatalog; path = Assets.xcassets; sourceTree = "<group>"; };
		1CF4C3E82B7B15E40028BC3C /* Preview Assets.xcassets */ = {isa = PBXFileReference; lastKnownFileType = folder.assetcatalog; path = "Preview Assets.xcassets"; sourceTree = "<group>"; };
		1CF4C3EE2B7B15E40028BC3C /* peakmind-mvpTests.xctest */ = {isa = PBXFileReference; explicitFileType = wrapper.cfbundle; includeInIndex = 0; path = "peakmind-mvpTests.xctest"; sourceTree = BUILT_PRODUCTS_DIR; };
		1CF4C3F22B7B15E40028BC3C /* peakmind_mvpTests.swift */ = {isa = PBXFileReference; lastKnownFileType = sourcecode.swift; path = peakmind_mvpTests.swift; sourceTree = "<group>"; };
		1CF4C3F82B7B15E50028BC3C /* peakmind-mvpUITests.xctest */ = {isa = PBXFileReference; explicitFileType = wrapper.cfbundle; includeInIndex = 0; path = "peakmind-mvpUITests.xctest"; sourceTree = BUILT_PRODUCTS_DIR; };
		1CF4C3FC2B7B15E50028BC3C /* peakmind_mvpUITests.swift */ = {isa = PBXFileReference; lastKnownFileType = sourcecode.swift; path = peakmind_mvpUITests.swift; sourceTree = "<group>"; };
		1CF4C3FE2B7B15E50028BC3C /* peakmind_mvpUITestsLaunchTests.swift */ = {isa = PBXFileReference; lastKnownFileType = sourcecode.swift; path = peakmind_mvpUITestsLaunchTests.swift; sourceTree = "<group>"; };
/* End PBXFileReference section */

/* Begin PBXFrameworksBuildPhase section */
		1CF4C3DB2B7B15E10028BC3C /* Frameworks */ = {
			isa = PBXFrameworksBuildPhase;
			buildActionMask = 2147483647;
			files = (
			);
			runOnlyForDeploymentPostprocessing = 0;
		};
		1CF4C3EB2B7B15E40028BC3C /* Frameworks */ = {
			isa = PBXFrameworksBuildPhase;
			buildActionMask = 2147483647;
			files = (
			);
			runOnlyForDeploymentPostprocessing = 0;
		};
		1CF4C3F52B7B15E50028BC3C /* Frameworks */ = {
			isa = PBXFrameworksBuildPhase;
			buildActionMask = 2147483647;
			files = (
			);
			runOnlyForDeploymentPostprocessing = 0;
		};
/* End PBXFrameworksBuildPhase section */

/* Begin PBXGroup section */
		1CF4C3D52B7B15E10028BC3C = {
			isa = PBXGroup;
			children = (
				1CF4C3E02B7B15E10028BC3C /* peakmind-mvp */,
				1CF4C3F12B7B15E40028BC3C /* peakmind-mvpTests */,
				1CF4C3FB2B7B15E50028BC3C /* peakmind-mvpUITests */,
				1CF4C3DF2B7B15E10028BC3C /* Products */,
			);
			sourceTree = "<group>";
		};
		1CF4C3DF2B7B15E10028BC3C /* Products */ = {
			isa = PBXGroup;
			children = (
				1CF4C3DE2B7B15E10028BC3C /* peakmind-mvp.app */,
				1CF4C3EE2B7B15E40028BC3C /* peakmind-mvpTests.xctest */,
				1CF4C3F82B7B15E50028BC3C /* peakmind-mvpUITests.xctest */,
			);
			name = Products;
			sourceTree = "<group>";
		};
		1CF4C3E02B7B15E10028BC3C /* peakmind-mvp */ = {
			isa = PBXGroup;
			children = (
				1CF4C3E12B7B15E10028BC3C /* peakmind_mvpApp.swift */,
				1CF4C3E32B7B15E10028BC3C /* ContentView.swift */,
				1CF4C3E52B7B15E40028BC3C /* Assets.xcassets */,
				1CF4C3E72B7B15E40028BC3C /* Preview Content */,
			);
			path = "peakmind-mvp";
			sourceTree = "<group>";
		};
		1CF4C3E72B7B15E40028BC3C /* Preview Content */ = {
			isa = PBXGroup;
			children = (
				1CF4C3E82B7B15E40028BC3C /* Preview Assets.xcassets */,
			);
			path = "Preview Content";
			sourceTree = "<group>";
		};
		1CF4C3F12B7B15E40028BC3C /* peakmind-mvpTests */ = {
			isa = PBXGroup;
			children = (
				1CF4C3F22B7B15E40028BC3C /* peakmind_mvpTests.swift */,
			);
			path = "peakmind-mvpTests";
			sourceTree = "<group>";
		};
		1CF4C3FB2B7B15E50028BC3C /* peakmind-mvpUITests */ = {
			isa = PBXGroup;
			children = (
				1CF4C3FC2B7B15E50028BC3C /* peakmind_mvpUITests.swift */,
				1CF4C3FE2B7B15E50028BC3C /* peakmind_mvpUITestsLaunchTests.swift */,
			);
			path = "peakmind-mvpUITests";
			sourceTree = "<group>";
		};
/* End PBXGroup section */

/* Begin PBXNativeTarget section */
		1CF4C3DD2B7B15E10028BC3C /* peakmind-mvp */ = {
			isa = PBXNativeTarget;
			buildConfigurationList = 1CF4C4022B7B15E50028BC3C /* Build configuration list for PBXNativeTarget "peakmind-mvp" */;
			buildPhases = (
				1CF4C3DA2B7B15E10028BC3C /* Sources */,
				1CF4C3DB2B7B15E10028BC3C /* Frameworks */,
				1CF4C3DC2B7B15E10028BC3C /* Resources */,
			);
			buildRules = (
			);
			dependencies = (
			);
			name = "peakmind-mvp";
			productName = "peakmind-mvp";
			productReference = 1CF4C3DE2B7B15E10028BC3C /* peakmind-mvp.app */;
			productType = "com.apple.product-type.application";
		};
		1CF4C3ED2B7B15E40028BC3C /* peakmind-mvpTests */ = {
			isa = PBXNativeTarget;
			buildConfigurationList = 1CF4C4052B7B15E50028BC3C /* Build configuration list for PBXNativeTarget "peakmind-mvpTests" */;
			buildPhases = (
				1CF4C3EA2B7B15E40028BC3C /* Sources */,
				1CF4C3EB2B7B15E40028BC3C /* Frameworks */,
				1CF4C3EC2B7B15E40028BC3C /* Resources */,
			);
			buildRules = (
			);
			dependencies = (
				1CF4C3F02B7B15E40028BC3C /* PBXTargetDependency */,
			);
			name = "peakmind-mvpTests";
			productName = "peakmind-mvpTests";
			productReference = 1CF4C3EE2B7B15E40028BC3C /* peakmind-mvpTests.xctest */;
			productType = "com.apple.product-type.bundle.unit-test";
		};
		1CF4C3F72B7B15E50028BC3C /* peakmind-mvpUITests */ = {
			isa = PBXNativeTarget;
			buildConfigurationList = 1CF4C4082B7B15E50028BC3C /* Build configuration list for PBXNativeTarget "peakmind-mvpUITests" */;
			buildPhases = (
				1CF4C3F42B7B15E50028BC3C /* Sources */,
				1CF4C3F52B7B15E50028BC3C /* Frameworks */,
				1CF4C3F62B7B15E50028BC3C /* Resources */,
			);
			buildRules = (
			);
			dependencies = (
				1CF4C3FA2B7B15E50028BC3C /* PBXTargetDependency */,
			);
			name = "peakmind-mvpUITests";
			productName = "peakmind-mvpUITests";
			productReference = 1CF4C3F82B7B15E50028BC3C /* peakmind-mvpUITests.xctest */;
			productType = "com.apple.product-type.bundle.ui-testing";
		};
/* End PBXNativeTarget section */

/* Begin PBXProject section */
		1CF4C3D62B7B15E10028BC3C /* Project object */ = {
			isa = PBXProject;
			attributes = {
				BuildIndependentTargetsInParallel = 1;
				LastSwiftUpdateCheck = 1520;
				LastUpgradeCheck = 1520;
				TargetAttributes = {
					1CF4C3DD2B7B15E10028BC3C = {
						CreatedOnToolsVersion = 15.2;
					};
					1CF4C3ED2B7B15E40028BC3C = {
						CreatedOnToolsVersion = 15.2;
						TestTargetID = 1CF4C3DD2B7B15E10028BC3C;
					};
					1CF4C3F72B7B15E50028BC3C = {
						CreatedOnToolsVersion = 15.2;
						TestTargetID = 1CF4C3DD2B7B15E10028BC3C;
					};
				};
			};
			buildConfigurationList = 1CF4C3D92B7B15E10028BC3C /* Build configuration list for PBXProject "peakmind-mvp" */;
			compatibilityVersion = "Xcode 14.0";
			developmentRegion = en;
			hasScannedForEncodings = 0;
			knownRegions = (
				en,
				Base,
			);
			mainGroup = 1CF4C3D52B7B15E10028BC3C;
			productRefGroup = 1CF4C3DF2B7B15E10028BC3C /* Products */;
			projectDirPath = "";
			projectRoot = "";
			targets = (
				1CF4C3DD2B7B15E10028BC3C /* peakmind-mvp */,
				1CF4C3ED2B7B15E40028BC3C /* peakmind-mvpTests */,
				1CF4C3F72B7B15E50028BC3C /* peakmind-mvpUITests */,
			);
		};
/* End PBXProject section */

/* Begin PBXResourcesBuildPhase section */
		1CF4C3DC2B7B15E10028BC3C /* Resources */ = {
			isa = PBXResourcesBuildPhase;
			buildActionMask = 2147483647;
			files = (
				1CF4C3E92B7B15E40028BC3C /* Preview Assets.xcassets in Resources */,
				1CF4C3E62B7B15E40028BC3C /* Assets.xcassets in Resources */,
			);
			runOnlyForDeploymentPostprocessing = 0;
		};
		1CF4C3EC2B7B15E40028BC3C /* Resources */ = {
			isa = PBXResourcesBuildPhase;
			buildActionMask = 2147483647;
			files = (
			);
			runOnlyForDeploymentPostprocessing = 0;
		};
		1CF4C3F62B7B15E50028BC3C /* Resources */ = {
			isa = PBXResourcesBuildPhase;
			buildActionMask = 2147483647;
			files = (
			);
			runOnlyForDeploymentPostprocessing = 0;
		};
/* End PBXResourcesBuildPhase section */

/* Begin PBXSourcesBuildPhase section */
		1CF4C3DA2B7B15E10028BC3C /* Sources */ = {
			isa = PBXSourcesBuildPhase;
			buildActionMask = 2147483647;
			files = (
				1CF4C3E42B7B15E10028BC3C /* ContentView.swift in Sources */,
				1CF4C3E22B7B15E10028BC3C /* peakmind_mvpApp.swift in Sources */,
			);
			runOnlyForDeploymentPostprocessing = 0;
		};
		1CF4C3EA2B7B15E40028BC3C /* Sources */ = {
			isa = PBXSourcesBuildPhase;
			buildActionMask = 2147483647;
			files = (
				1CF4C3F32B7B15E40028BC3C /* peakmind_mvpTests.swift in Sources */,
			);
			runOnlyForDeploymentPostprocessing = 0;
		};
		1CF4C3F42B7B15E50028BC3C /* Sources */ = {
			isa = PBXSourcesBuildPhase;
			buildActionMask = 2147483647;
			files = (
				1CF4C3FD2B7B15E50028BC3C /* peakmind_mvpUITests.swift in Sources */,
				1CF4C3FF2B7B15E50028BC3C /* peakmind_mvpUITestsLaunchTests.swift in Sources */,
			);
			runOnlyForDeploymentPostprocessing = 0;
		};
/* End PBXSourcesBuildPhase section */

/* Begin PBXTargetDependency section */
		1CF4C3F02B7B15E40028BC3C /* PBXTargetDependency */ = {
			isa = PBXTargetDependency;
			target = 1CF4C3DD2B7B15E10028BC3C /* peakmind-mvp */;
			targetProxy = 1CF4C3EF2B7B15E40028BC3C /* PBXContainerItemProxy */;
		};
		1CF4C3FA2B7B15E50028BC3C /* PBXTargetDependency */ = {
			isa = PBXTargetDependency;
			target = 1CF4C3DD2B7B15E10028BC3C /* peakmind-mvp */;
			targetProxy = 1CF4C3F92B7B15E50028BC3C /* PBXContainerItemProxy */;
		};
/* End PBXTargetDependency section */

/* Begin XCBuildConfiguration section */
		1CF4C4002B7B15E50028BC3C /* Debug */ = {
			isa = XCBuildConfiguration;
			buildSettings = {
				ALWAYS_SEARCH_USER_PATHS = NO;
				ASSETCATALOG_COMPILER_GENERATE_SWIFT_ASSET_SYMBOL_EXTENSIONS = YES;
				CLANG_ANALYZER_NONNULL = YES;
				CLANG_ANALYZER_NUMBER_OBJECT_CONVERSION = YES_AGGRESSIVE;
				CLANG_CXX_LANGUAGE_STANDARD = "gnu++20";
				CLANG_ENABLE_MODULES = YES;
				CLANG_ENABLE_OBJC_ARC = YES;
				CLANG_ENABLE_OBJC_WEAK = YES;
				CLANG_WARN_BLOCK_CAPTURE_AUTORELEASING = YES;
				CLANG_WARN_BOOL_CONVERSION = YES;
				CLANG_WARN_COMMA = YES;
				CLANG_WARN_CONSTANT_CONVERSION = YES;
				CLANG_WARN_DEPRECATED_OBJC_IMPLEMENTATIONS = YES;
				CLANG_WARN_DIRECT_OBJC_ISA_USAGE = YES_ERROR;
				CLANG_WARN_DOCUMENTATION_COMMENTS = YES;
				CLANG_WARN_EMPTY_BODY = YES;
				CLANG_WARN_ENUM_CONVERSION = YES;
				CLANG_WARN_INFINITE_RECURSION = YES;
				CLANG_WARN_INT_CONVERSION = YES;
				CLANG_WARN_NON_LITERAL_NULL_CONVERSION = YES;
				CLANG_WARN_OBJC_IMPLICIT_RETAIN_SELF = YES;
				CLANG_WARN_OBJC_LITERAL_CONVERSION = YES;
				CLANG_WARN_OBJC_ROOT_CLASS = YES_ERROR;
				CLANG_WARN_QUOTED_INCLUDE_IN_FRAMEWORK_HEADER = YES;
				CLANG_WARN_RANGE_LOOP_ANALYSIS = YES;
				CLANG_WARN_STRICT_PROTOTYPES = YES;
				CLANG_WARN_SUSPICIOUS_MOVE = YES;
				CLANG_WARN_UNGUARDED_AVAILABILITY = YES_AGGRESSIVE;
				CLANG_WARN_UNREACHABLE_CODE = YES;
				CLANG_WARN__DUPLICATE_METHOD_MATCH = YES;
				COPY_PHASE_STRIP = NO;
				DEBUG_INFORMATION_FORMAT = dwarf;
				ENABLE_STRICT_OBJC_MSGSEND = YES;
				ENABLE_TESTABILITY = YES;
				ENABLE_USER_SCRIPT_SANDBOXING = YES;
				GCC_C_LANGUAGE_STANDARD = gnu17;
				GCC_DYNAMIC_NO_PIC = NO;
				GCC_NO_COMMON_BLOCKS = YES;
				GCC_OPTIMIZATION_LEVEL = 0;
				GCC_PREPROCESSOR_DEFINITIONS = (
					"DEBUG=1",
					"$(inherited)",
				);
				GCC_WARN_64_TO_32_BIT_CONVERSION = YES;
				GCC_WARN_ABOUT_RETURN_TYPE = YES_ERROR;
				GCC_WARN_UNDECLARED_SELECTOR = YES;
				GCC_WARN_UNINITIALIZED_AUTOS = YES_AGGRESSIVE;
				GCC_WARN_UNUSED_FUNCTION = YES;
				GCC_WARN_UNUSED_VARIABLE = YES;
				IPHONEOS_DEPLOYMENT_TARGET = 17.2;
				LOCALIZATION_PREFERS_STRING_CATALOGS = YES;
				MTL_ENABLE_DEBUG_INFO = INCLUDE_SOURCE;
				MTL_FAST_MATH = YES;
				ONLY_ACTIVE_ARCH = YES;
				SDKROOT = iphoneos;
				SWIFT_ACTIVE_COMPILATION_CONDITIONS = "DEBUG $(inherited)";
				SWIFT_OPTIMIZATION_LEVEL = "-Onone";
			};
			name = Debug;
		};
		1CF4C4012B7B15E50028BC3C /* Release */ = {
			isa = XCBuildConfiguration;
			buildSettings = {
				ALWAYS_SEARCH_USER_PATHS = NO;
				ASSETCATALOG_COMPILER_GENERATE_SWIFT_ASSET_SYMBOL_EXTENSIONS = YES;
				CLANG_ANALYZER_NONNULL = YES;
				CLANG_ANALYZER_NUMBER_OBJECT_CONVERSION = YES_AGGRESSIVE;
				CLANG_CXX_LANGUAGE_STANDARD = "gnu++20";
				CLANG_ENABLE_MODULES = YES;
				CLANG_ENABLE_OBJC_ARC = YES;
				CLANG_ENABLE_OBJC_WEAK = YES;
				CLANG_WARN_BLOCK_CAPTURE_AUTORELEASING = YES;
				CLANG_WARN_BOOL_CONVERSION = YES;
				CLANG_WARN_COMMA = YES;
				CLANG_WARN_CONSTANT_CONVERSION = YES;
				CLANG_WARN_DEPRECATED_OBJC_IMPLEMENTATIONS = YES;
				CLANG_WARN_DIRECT_OBJC_ISA_USAGE = YES_ERROR;
				CLANG_WARN_DOCUMENTATION_COMMENTS = YES;
				CLANG_WARN_EMPTY_BODY = YES;
				CLANG_WARN_ENUM_CONVERSION = YES;
				CLANG_WARN_INFINITE_RECURSION = YES;
				CLANG_WARN_INT_CONVERSION = YES;
				CLANG_WARN_NON_LITERAL_NULL_CONVERSION = YES;
				CLANG_WARN_OBJC_IMPLICIT_RETAIN_SELF = YES;
				CLANG_WARN_OBJC_LITERAL_CONVERSION = YES;
				CLANG_WARN_OBJC_ROOT_CLASS = YES_ERROR;
				CLANG_WARN_QUOTED_INCLUDE_IN_FRAMEWORK_HEADER = YES;
				CLANG_WARN_RANGE_LOOP_ANALYSIS = YES;
				CLANG_WARN_STRICT_PROTOTYPES = YES;
				CLANG_WARN_SUSPICIOUS_MOVE = YES;
				CLANG_WARN_UNGUARDED_AVAILABILITY = YES_AGGRESSIVE;
				CLANG_WARN_UNREACHABLE_CODE = YES;
				CLANG_WARN__DUPLICATE_METHOD_MATCH = YES;
				COPY_PHASE_STRIP = NO;
				DEBUG_INFORMATION_FORMAT = "dwarf-with-dsym";
				ENABLE_NS_ASSERTIONS = NO;
				ENABLE_STRICT_OBJC_MSGSEND = YES;
				ENABLE_USER_SCRIPT_SANDBOXING = YES;
				GCC_C_LANGUAGE_STANDARD = gnu17;
				GCC_NO_COMMON_BLOCKS = YES;
				GCC_WARN_64_TO_32_BIT_CONVERSION = YES;
				GCC_WARN_ABOUT_RETURN_TYPE = YES_ERROR;
				GCC_WARN_UNDECLARED_SELECTOR = YES;
				GCC_WARN_UNINITIALIZED_AUTOS = YES_AGGRESSIVE;
				GCC_WARN_UNUSED_FUNCTION = YES;
				GCC_WARN_UNUSED_VARIABLE = YES;
				IPHONEOS_DEPLOYMENT_TARGET = 17.2;
				LOCALIZATION_PREFERS_STRING_CATALOGS = YES;
				MTL_ENABLE_DEBUG_INFO = NO;
				MTL_FAST_MATH = YES;
				SDKROOT = iphoneos;
				SWIFT_COMPILATION_MODE = wholemodule;
				VALIDATE_PRODUCT = YES;
			};
			name = Release;
		};
		1CF4C4032B7B15E50028BC3C /* Debug */ = {
			isa = XCBuildConfiguration;
			buildSettings = {
				ASSETCATALOG_COMPILER_APPICON_NAME = AppIcon;
				ASSETCATALOG_COMPILER_GLOBAL_ACCENT_COLOR_NAME = AccentColor;
				CODE_SIGN_STYLE = Automatic;
				CURRENT_PROJECT_VERSION = 1;
				DEVELOPMENT_ASSET_PATHS = "\"peakmind-mvp/Preview Content\"";
				ENABLE_PREVIEWS = YES;
				GENERATE_INFOPLIST_FILE = YES;
				INFOPLIST_KEY_UIApplicationSceneManifest_Generation = YES;
				INFOPLIST_KEY_UIApplicationSupportsIndirectInputEvents = YES;
				INFOPLIST_KEY_UILaunchScreen_Generation = YES;
				INFOPLIST_KEY_UISupportedInterfaceOrientations_iPad = "UIInterfaceOrientationPortrait UIInterfaceOrientationPortraitUpsideDown UIInterfaceOrientationLandscapeLeft UIInterfaceOrientationLandscapeRight";
				INFOPLIST_KEY_UISupportedInterfaceOrientations_iPhone = "UIInterfaceOrientationPortrait UIInterfaceOrientationLandscapeLeft UIInterfaceOrientationLandscapeRight";
				LD_RUNPATH_SEARCH_PATHS = (
					"$(inherited)",
					"@executable_path/Frameworks",
				);
				MARKETING_VERSION = 1.0;
				PRODUCT_BUNDLE_IDENTIFIER = "platemate.ai.peakmind-mvp";
				PRODUCT_NAME = "$(TARGET_NAME)";
				SWIFT_EMIT_LOC_STRINGS = YES;
				SWIFT_VERSION = 5.0;
				TARGETED_DEVICE_FAMILY = "1,2";
			};
			name = Debug;
		};
		1CF4C4042B7B15E50028BC3C /* Release */ = {
			isa = XCBuildConfiguration;
			buildSettings = {
				ASSETCATALOG_COMPILER_APPICON_NAME = AppIcon;
				ASSETCATALOG_COMPILER_GLOBAL_ACCENT_COLOR_NAME = AccentColor;
				CODE_SIGN_STYLE = Automatic;
				CURRENT_PROJECT_VERSION = 1;
				DEVELOPMENT_ASSET_PATHS = "\"peakmind-mvp/Preview Content\"";
				ENABLE_PREVIEWS = YES;
				GENERATE_INFOPLIST_FILE = YES;
				INFOPLIST_KEY_UIApplicationSceneManifest_Generation = YES;
				INFOPLIST_KEY_UIApplicationSupportsIndirectInputEvents = YES;
				INFOPLIST_KEY_UILaunchScreen_Generation = YES;
				INFOPLIST_KEY_UISupportedInterfaceOrientations_iPad = "UIInterfaceOrientationPortrait UIInterfaceOrientationPortraitUpsideDown UIInterfaceOrientationLandscapeLeft UIInterfaceOrientationLandscapeRight";
				INFOPLIST_KEY_UISupportedInterfaceOrientations_iPhone = "UIInterfaceOrientationPortrait UIInterfaceOrientationLandscapeLeft UIInterfaceOrientationLandscapeRight";
				LD_RUNPATH_SEARCH_PATHS = (
					"$(inherited)",
					"@executable_path/Frameworks",
				);
				MARKETING_VERSION = 1.0;
				PRODUCT_BUNDLE_IDENTIFIER = "platemate.ai.peakmind-mvp";
				PRODUCT_NAME = "$(TARGET_NAME)";
				SWIFT_EMIT_LOC_STRINGS = YES;
				SWIFT_VERSION = 5.0;
				TARGETED_DEVICE_FAMILY = "1,2";
			};
			name = Release;
		};
		1CF4C4062B7B15E50028BC3C /* Debug */ = {
			isa = XCBuildConfiguration;
			buildSettings = {
				ALWAYS_EMBED_SWIFT_STANDARD_LIBRARIES = YES;
				BUNDLE_LOADER = "$(TEST_HOST)";
				CODE_SIGN_STYLE = Automatic;
				CURRENT_PROJECT_VERSION = 1;
				GENERATE_INFOPLIST_FILE = YES;
				IPHONEOS_DEPLOYMENT_TARGET = 17.2;
				MARKETING_VERSION = 1.0;
				PRODUCT_BUNDLE_IDENTIFIER = "platemate.ai.peakmind-mvpTests";
				PRODUCT_NAME = "$(TARGET_NAME)";
				SWIFT_EMIT_LOC_STRINGS = NO;
				SWIFT_VERSION = 5.0;
				TARGETED_DEVICE_FAMILY = "1,2";
				TEST_HOST = "$(BUILT_PRODUCTS_DIR)/peakmind-mvp.app/$(BUNDLE_EXECUTABLE_FOLDER_PATH)/peakmind-mvp";
			};
			name = Debug;
		};
		1CF4C4072B7B15E50028BC3C /* Release */ = {
			isa = XCBuildConfiguration;
			buildSettings = {
				ALWAYS_EMBED_SWIFT_STANDARD_LIBRARIES = YES;
				BUNDLE_LOADER = "$(TEST_HOST)";
				CODE_SIGN_STYLE = Automatic;
				CURRENT_PROJECT_VERSION = 1;
				GENERATE_INFOPLIST_FILE = YES;
				IPHONEOS_DEPLOYMENT_TARGET = 17.2;
				MARKETING_VERSION = 1.0;
				PRODUCT_BUNDLE_IDENTIFIER = "platemate.ai.peakmind-mvpTests";
				PRODUCT_NAME = "$(TARGET_NAME)";
				SWIFT_EMIT_LOC_STRINGS = NO;
				SWIFT_VERSION = 5.0;
				TARGETED_DEVICE_FAMILY = "1,2";
				TEST_HOST = "$(BUILT_PRODUCTS_DIR)/peakmind-mvp.app/$(BUNDLE_EXECUTABLE_FOLDER_PATH)/peakmind-mvp";
			};
			name = Release;
		};
		1CF4C4092B7B15E50028BC3C /* Debug */ = {
			isa = XCBuildConfiguration;
			buildSettings = {
				ALWAYS_EMBED_SWIFT_STANDARD_LIBRARIES = YES;
				CODE_SIGN_STYLE = Automatic;
				CURRENT_PROJECT_VERSION = 1;
				GENERATE_INFOPLIST_FILE = YES;
				MARKETING_VERSION = 1.0;
				PRODUCT_BUNDLE_IDENTIFIER = "platemate.ai.peakmind-mvpUITests";
				PRODUCT_NAME = "$(TARGET_NAME)";
				SWIFT_EMIT_LOC_STRINGS = NO;
				SWIFT_VERSION = 5.0;
				TARGETED_DEVICE_FAMILY = "1,2";
				TEST_TARGET_NAME = "peakmind-mvp";
			};
			name = Debug;
		};
		1CF4C40A2B7B15E50028BC3C /* Release */ = {
			isa = XCBuildConfiguration;
			buildSettings = {
				ALWAYS_EMBED_SWIFT_STANDARD_LIBRARIES = YES;
				CODE_SIGN_STYLE = Automatic;
				CURRENT_PROJECT_VERSION = 1;
				GENERATE_INFOPLIST_FILE = YES;
				MARKETING_VERSION = 1.0;
				PRODUCT_BUNDLE_IDENTIFIER = "platemate.ai.peakmind-mvpUITests";
				PRODUCT_NAME = "$(TARGET_NAME)";
				SWIFT_EMIT_LOC_STRINGS = NO;
				SWIFT_VERSION = 5.0;
				TARGETED_DEVICE_FAMILY = "1,2";
				TEST_TARGET_NAME = "peakmind-mvp";
			};
			name = Release;
		};
/* End XCBuildConfiguration section */

/* Begin XCConfigurationList section */
		1CF4C3D92B7B15E10028BC3C /* Build configuration list for PBXProject "peakmind-mvp" */ = {
			isa = XCConfigurationList;
			buildConfigurations = (
				1CF4C4002B7B15E50028BC3C /* Debug */,
				1CF4C4012B7B15E50028BC3C /* Release */,
			);
			defaultConfigurationIsVisible = 0;
			defaultConfigurationName = Release;
		};
		1CF4C4022B7B15E50028BC3C /* Build configuration list for PBXNativeTarget "peakmind-mvp" */ = {
			isa = XCConfigurationList;
			buildConfigurations = (
				1CF4C4032B7B15E50028BC3C /* Debug */,
				1CF4C4042B7B15E50028BC3C /* Release */,
			);
			defaultConfigurationIsVisible = 0;
			defaultConfigurationName = Release;
		};
		1CF4C4052B7B15E50028BC3C /* Build configuration list for PBXNativeTarget "peakmind-mvpTests" */ = {
			isa = XCConfigurationList;
			buildConfigurations = (
				1CF4C4062B7B15E50028BC3C /* Debug */,
				1CF4C4072B7B15E50028BC3C /* Release */,
			);
			defaultConfigurationIsVisible = 0;
			defaultConfigurationName = Release;
		};
		1CF4C4082B7B15E50028BC3C /* Build configuration list for PBXNativeTarget "peakmind-mvpUITests" */ = {
			isa = XCConfigurationList;
			buildConfigurations = (
				1CF4C4092B7B15E50028BC3C /* Debug */,
				1CF4C40A2B7B15E50028BC3C /* Release */,
			);
			defaultConfigurationIsVisible = 0;
			defaultConfigurationName = Release;
		};
/* End XCConfigurationList section */
	};
	rootObject = 1CF4C3D62B7B15E10028BC3C /* Project object */;
}
