// !$*UTF8*$!
{
	archiveVersion = 1;
	classes = {
	};
	objectVersion = 56;
	objects = {

/* Begin PBXBuildFile section */
		1C9C63BC2B8131CB0066AF70 /* GoogleService-Info.plist in Resources */ = {isa = PBXBuildFile; fileRef = 1C9C63BB2B8131CB0066AF70 /* GoogleService-Info.plist */; };
		1C9C63C62B8133360066AF70 /* LoginView.swift in Sources */ = {isa = PBXBuildFile; fileRef = 1C9C63C52B8133360066AF70 /* LoginView.swift */; };
		1C9C63C82B81359A0066AF70 /* InputView.swift in Sources */ = {isa = PBXBuildFile; fileRef = 1C9C63C72B81359A0066AF70 /* InputView.swift */; };
		1C9C63CA2B813BF70066AF70 /* RegistrationView.swift in Sources */ = {isa = PBXBuildFile; fileRef = 1C9C63C92B813BF70066AF70 /* RegistrationView.swift */; };
		1C9C63CC2B8141630066AF70 /* ProfileView.swift in Sources */ = {isa = PBXBuildFile; fileRef = 1C9C63CB2B8141630066AF70 /* ProfileView.swift */; };
		1C9C63CE2B81428B0066AF70 /* SettingsRowView.swift in Sources */ = {isa = PBXBuildFile; fileRef = 1C9C63CD2B81428B0066AF70 /* SettingsRowView.swift */; };
		1C9C63D02B8144C20066AF70 /* User.swift in Sources */ = {isa = PBXBuildFile; fileRef = 1C9C63CF2B8144C20066AF70 /* User.swift */; };
		1C9C63D42B8147C70066AF70 /* AuthViewModel.swift in Sources */ = {isa = PBXBuildFile; fileRef = 1C9C63D32B8147C70066AF70 /* AuthViewModel.swift */; };
		1CB9EC7E2B9BF95C00F8970D /* PlayScreen2.swift in Sources */ = {isa = PBXBuildFile; fileRef = 1CB9EC7D2B9BF95C00F8970D /* PlayScreen2.swift */; };
		1CC1F5C92B89706900AC9B77 /* ChatView.swift in Sources */ = {isa = PBXBuildFile; fileRef = 1CC1F5C82B89706900AC9B77 /* ChatView.swift */; };
		1CE785FD2B8DA0DB00962A40 /* MessageBubble.swift in Sources */ = {isa = PBXBuildFile; fileRef = 1CE785FC2B8DA0DB00962A40 /* MessageBubble.swift */; };
		1CF4A8942B82E9EB00051684 /* ColorConverter.swift in Sources */ = {isa = PBXBuildFile; fileRef = 1CF4A8932B82E9EA00051684 /* ColorConverter.swift */; };
		1CF4A8962B82EE9900051684 /* ResetPasswordView.swift in Sources */ = {isa = PBXBuildFile; fileRef = 1CF4A8952B82EE9900051684 /* ResetPasswordView.swift */; };
		1CF4A8992B8309CD00051684 /* GoogleSignIn in Frameworks */ = {isa = PBXBuildFile; productRef = 1CF4A8982B8309CD00051684 /* GoogleSignIn */; };
		1CF4A89B2B8309CD00051684 /* GoogleSignInSwift in Frameworks */ = {isa = PBXBuildFile; productRef = 1CF4A89A2B8309CD00051684 /* GoogleSignInSwift */; };
		1CF4A89E2B830BFF00051684 /* ViewExtension.swift in Sources */ = {isa = PBXBuildFile; fileRef = 1CF4A89D2B830BFF00051684 /* ViewExtension.swift */; };
		1CF4C3E22B7B15E10028BC3C /* peakmind_mvpApp.swift in Sources */ = {isa = PBXBuildFile; fileRef = 1CF4C3E12B7B15E10028BC3C /* peakmind_mvpApp.swift */; };
		1CF4C3E42B7B15E10028BC3C /* ContentView.swift in Sources */ = {isa = PBXBuildFile; fileRef = 1CF4C3E32B7B15E10028BC3C /* ContentView.swift */; };
		1CF4C3E62B7B15E40028BC3C /* Assets.xcassets in Resources */ = {isa = PBXBuildFile; fileRef = 1CF4C3E52B7B15E40028BC3C /* Assets.xcassets */; };
		1CF4C3E92B7B15E40028BC3C /* Preview Assets.xcassets in Resources */ = {isa = PBXBuildFile; fileRef = 1CF4C3E82B7B15E40028BC3C /* Preview Assets.xcassets */; };
		1CF4C3F32B7B15E40028BC3C /* peakmind_mvpTests.swift in Sources */ = {isa = PBXBuildFile; fileRef = 1CF4C3F22B7B15E40028BC3C /* peakmind_mvpTests.swift */; };
		1CF4C3FD2B7B15E50028BC3C /* peakmind_mvpUITests.swift in Sources */ = {isa = PBXBuildFile; fileRef = 1CF4C3FC2B7B15E50028BC3C /* peakmind_mvpUITests.swift */; };
		1CF4C3FF2B7B15E50028BC3C /* peakmind_mvpUITestsLaunchTests.swift in Sources */ = {isa = PBXBuildFile; fileRef = 1CF4C3FE2B7B15E50028BC3C /* peakmind_mvpUITestsLaunchTests.swift */; };
		1CF4C4102B7B1DD50028BC3C /* FirebaseAnalytics in Frameworks */ = {isa = PBXBuildFile; productRef = 1CF4C40F2B7B1DD50028BC3C /* FirebaseAnalytics */; };
		1CF4C4122B7B1DD50028BC3C /* FirebaseAnalyticsOnDeviceConversion in Frameworks */ = {isa = PBXBuildFile; productRef = 1CF4C4112B7B1DD50028BC3C /* FirebaseAnalyticsOnDeviceConversion */; };
		1CF4C4142B7B1DD50028BC3C /* FirebaseAnalyticsSwift in Frameworks */ = {isa = PBXBuildFile; productRef = 1CF4C4132B7B1DD50028BC3C /* FirebaseAnalyticsSwift */; };
		1CF4C4162B7B1DD50028BC3C /* FirebaseAnalyticsWithoutAdIdSupport in Frameworks */ = {isa = PBXBuildFile; productRef = 1CF4C4152B7B1DD50028BC3C /* FirebaseAnalyticsWithoutAdIdSupport */; };
		1CF4C4182B7B1DD50028BC3C /* FirebaseAppCheck in Frameworks */ = {isa = PBXBuildFile; productRef = 1CF4C4172B7B1DD50028BC3C /* FirebaseAppCheck */; };
		1CF4C41A2B7B1DD50028BC3C /* FirebaseAppDistribution-Beta in Frameworks */ = {isa = PBXBuildFile; productRef = 1CF4C4192B7B1DD50028BC3C /* FirebaseAppDistribution-Beta */; };
		1CF4C41C2B7B1DD50028BC3C /* FirebaseAuth in Frameworks */ = {isa = PBXBuildFile; productRef = 1CF4C41B2B7B1DD50028BC3C /* FirebaseAuth */; };
		1CF4C41E2B7B1DD50028BC3C /* FirebaseAuthCombine-Community in Frameworks */ = {isa = PBXBuildFile; productRef = 1CF4C41D2B7B1DD50028BC3C /* FirebaseAuthCombine-Community */; };
		1CF4C4202B7B1DD50028BC3C /* FirebaseCrashlytics in Frameworks */ = {isa = PBXBuildFile; productRef = 1CF4C41F2B7B1DD50028BC3C /* FirebaseCrashlytics */; };
		1CF4C4222B7B1DD50028BC3C /* FirebaseDatabase in Frameworks */ = {isa = PBXBuildFile; productRef = 1CF4C4212B7B1DD50028BC3C /* FirebaseDatabase */; };
		1CF4C4242B7B1DD50028BC3C /* FirebaseDatabaseSwift in Frameworks */ = {isa = PBXBuildFile; productRef = 1CF4C4232B7B1DD50028BC3C /* FirebaseDatabaseSwift */; };
		1CF4C4262B7B1DD50028BC3C /* FirebaseDynamicLinks in Frameworks */ = {isa = PBXBuildFile; productRef = 1CF4C4252B7B1DD50028BC3C /* FirebaseDynamicLinks */; };
		1CF4C4282B7B1DD50028BC3C /* FirebaseFirestore in Frameworks */ = {isa = PBXBuildFile; productRef = 1CF4C4272B7B1DD50028BC3C /* FirebaseFirestore */; };
		1CF4C42A2B7B1DD50028BC3C /* FirebaseFirestoreCombine-Community in Frameworks */ = {isa = PBXBuildFile; productRef = 1CF4C4292B7B1DD50028BC3C /* FirebaseFirestoreCombine-Community */; };
		1CF4C42C2B7B1DD50028BC3C /* FirebaseFirestoreSwift in Frameworks */ = {isa = PBXBuildFile; productRef = 1CF4C42B2B7B1DD50028BC3C /* FirebaseFirestoreSwift */; };
		1CF4C42E2B7B1DD50028BC3C /* FirebaseFunctions in Frameworks */ = {isa = PBXBuildFile; productRef = 1CF4C42D2B7B1DD50028BC3C /* FirebaseFunctions */; };
		1CF4C4302B7B1DD50028BC3C /* FirebaseFunctionsCombine-Community in Frameworks */ = {isa = PBXBuildFile; productRef = 1CF4C42F2B7B1DD50028BC3C /* FirebaseFunctionsCombine-Community */; };
		1CF4C4322B7B1DD50028BC3C /* FirebaseInAppMessaging-Beta in Frameworks */ = {isa = PBXBuildFile; productRef = 1CF4C4312B7B1DD50028BC3C /* FirebaseInAppMessaging-Beta */; };
		1CF4C4342B7B1DD50028BC3C /* FirebaseInAppMessagingSwift-Beta in Frameworks */ = {isa = PBXBuildFile; productRef = 1CF4C4332B7B1DD50028BC3C /* FirebaseInAppMessagingSwift-Beta */; };
		1CF4C4362B7B1DD50028BC3C /* FirebaseInstallations in Frameworks */ = {isa = PBXBuildFile; productRef = 1CF4C4352B7B1DD50028BC3C /* FirebaseInstallations */; };
		1CF4C4382B7B1DD50028BC3C /* FirebaseMessaging in Frameworks */ = {isa = PBXBuildFile; productRef = 1CF4C4372B7B1DD50028BC3C /* FirebaseMessaging */; };
		1CF4C43A2B7B1DD50028BC3C /* FirebaseMLModelDownloader in Frameworks */ = {isa = PBXBuildFile; productRef = 1CF4C4392B7B1DD50028BC3C /* FirebaseMLModelDownloader */; };
		1CF4C43C2B7B1DD50028BC3C /* FirebasePerformance in Frameworks */ = {isa = PBXBuildFile; productRef = 1CF4C43B2B7B1DD50028BC3C /* FirebasePerformance */; };
		1CF4C43E2B7B1DD50028BC3C /* FirebaseRemoteConfig in Frameworks */ = {isa = PBXBuildFile; productRef = 1CF4C43D2B7B1DD50028BC3C /* FirebaseRemoteConfig */; };
		1CF4C4402B7B1DD50028BC3C /* FirebaseRemoteConfigSwift in Frameworks */ = {isa = PBXBuildFile; productRef = 1CF4C43F2B7B1DD50028BC3C /* FirebaseRemoteConfigSwift */; };
		1CF4C4422B7B1DD60028BC3C /* FirebaseStorage in Frameworks */ = {isa = PBXBuildFile; productRef = 1CF4C4412B7B1DD60028BC3C /* FirebaseStorage */; };
		1CF4C4442B7B1DD60028BC3C /* FirebaseStorageCombine-Community in Frameworks */ = {isa = PBXBuildFile; productRef = 1CF4C4432B7B1DD60028BC3C /* FirebaseStorageCombine-Community */; };
		791D1AA12B84344900E28162 /* HomeScreen.swift in Sources */ = {isa = PBXBuildFile; fileRef = 791D1AA02B84344900E28162 /* HomeScreen.swift */; };
		798EFB602B84374800E6027A /* MapScreen.swift in Sources */ = {isa = PBXBuildFile; fileRef = 798EFB5F2B84374800E6027A /* MapScreen.swift */; };
		798EFB622B84376200E6027A /* WorldScreen.swift in Sources */ = {isa = PBXBuildFile; fileRef = 798EFB612B84376200E6027A /* WorldScreen.swift */; };
		798EFB642B84376F00E6027A /* ChecklistScreen.swift in Sources */ = {isa = PBXBuildFile; fileRef = 798EFB632B84376F00E6027A /* ChecklistScreen.swift */; };
		798EFB662B84377B00E6027A /* CartScreen.swift in Sources */ = {isa = PBXBuildFile; fileRef = 798EFB652B84377B00E6027A /* CartScreen.swift */; };
		798EFB682B84378A00E6027A /* IglooScreen.swift in Sources */ = {isa = PBXBuildFile; fileRef = 798EFB672B84378A00E6027A /* IglooScreen.swift */; };
		798EFB6A2B84379D00E6027A /* PlayScreen.swift in Sources */ = {isa = PBXBuildFile; fileRef = 798EFB692B84379D00E6027A /* PlayScreen.swift */; };
		798EFB6C2B8437A800E6027A /* PlanScreen.swift in Sources */ = {isa = PBXBuildFile; fileRef = 798EFB6B2B8437A800E6027A /* PlanScreen.swift */; };
		79B3DAEE2B843CE0003C3B44 /* MainTabView.swift in Sources */ = {isa = PBXBuildFile; fileRef = 79B3DAED2B843CE0003C3B44 /* MainTabView.swift */; };
		79BFB5202B8EAAB300634262 /* AvatarScreen.swift in Sources */ = {isa = PBXBuildFile; fileRef = 79BFB51F2B8EAAB300634262 /* AvatarScreen.swift */; };
		79BFB5222B8EAAE600634262 /* CustomButton.swift in Sources */ = {isa = PBXBuildFile; fileRef = 79BFB5212B8EAAE600634262 /* CustomButton.swift */; };
		79BFB5242B8EAB2B00634262 /* PersonalizedPlanView.swift in Sources */ = {isa = PBXBuildFile; fileRef = 79BFB5232B8EAB2B00634262 /* PersonalizedPlanView.swift */; };
		79BFB5262B8EAB4500634262 /* ProfileViewTest.swift in Sources */ = {isa = PBXBuildFile; fileRef = 79BFB5252B8EAB4500634262 /* ProfileViewTest.swift */; };
		79BFB5282B8EAB5C00634262 /* QuestionsView.swift in Sources */ = {isa = PBXBuildFile; fileRef = 79BFB5272B8EAB5C00634262 /* QuestionsView.swift */; };
		79BFB52A2B8EABBB00634262 /* Question.swift in Sources */ = {isa = PBXBuildFile; fileRef = 79BFB5292B8EABBB00634262 /* Question.swift */; };
		79BFB52C2B8EABC500634262 /* Info.swift in Sources */ = {isa = PBXBuildFile; fileRef = 79BFB52B2B8EABC500634262 /* Info.swift */; };
		79BFB52E2B8EDA6E00634262 /* JournalView.swift in Sources */ = {isa = PBXBuildFile; fileRef = 79BFB52D2B8EDA6E00634262 /* JournalView.swift */; };
		79BFB5302B914A5000634262 /* SplashScreen.swift in Sources */ = {isa = PBXBuildFile; fileRef = 79BFB52F2B914A5000634262 /* SplashScreen.swift */; };
		79BFB5342B987D4400634262 /* AvatarSettingsView.swift in Sources */ = {isa = PBXBuildFile; fileRef = 79BFB5332B987D4400634262 /* AvatarSettingsView.swift */; };
		E5511F512B92ADCB00FCC38D /* JournalEntry.swift in Sources */ = {isa = PBXBuildFile; fileRef = E5511F502B92ADCB00FCC38D /* JournalEntry.swift */; };
		E5511F532B92ADE900FCC38D /* JournalDataManager.swift in Sources */ = {isa = PBXBuildFile; fileRef = E5511F522B92ADE900FCC38D /* JournalDataManager.swift */; };
		E5511F552B92B1CF00FCC38D /* JournalEntriesView.swift in Sources */ = {isa = PBXBuildFile; fileRef = E5511F542B92B1CF00FCC38D /* JournalEntriesView.swift */; };
		E5511F572B92B22900FCC38D /* JournalDetailView.swift in Sources */ = {isa = PBXBuildFile; fileRef = E5511F562B92B22900FCC38D /* JournalDetailView.swift */; };
/* End PBXBuildFile section */

/* Begin PBXContainerItemProxy section */
		1CF4C3EF2B7B15E40028BC3C /* PBXContainerItemProxy */ = {
			isa = PBXContainerItemProxy;
			containerPortal = 1CF4C3D62B7B15E10028BC3C /* Project object */;
			proxyType = 1;
			remoteGlobalIDString = 1CF4C3DD2B7B15E10028BC3C;
			remoteInfo = "peakmind-mvp";
		};
		1CF4C3F92B7B15E50028BC3C /* PBXContainerItemProxy */ = {
			isa = PBXContainerItemProxy;
			containerPortal = 1CF4C3D62B7B15E10028BC3C /* Project object */;
			proxyType = 1;
			remoteGlobalIDString = 1CF4C3DD2B7B15E10028BC3C;
			remoteInfo = "peakmind-mvp";
		};
/* End PBXContainerItemProxy section */

/* Begin PBXFileReference section */
		1C9C63BB2B8131CB0066AF70 /* GoogleService-Info.plist */ = {isa = PBXFileReference; fileEncoding = 4; lastKnownFileType = text.plist.xml; path = "GoogleService-Info.plist"; sourceTree = "<group>"; };
		1C9C63C52B8133360066AF70 /* LoginView.swift */ = {isa = PBXFileReference; lastKnownFileType = sourcecode.swift; path = LoginView.swift; sourceTree = "<group>"; };
		1C9C63C72B81359A0066AF70 /* InputView.swift */ = {isa = PBXFileReference; lastKnownFileType = sourcecode.swift; path = InputView.swift; sourceTree = "<group>"; };
		1C9C63C92B813BF70066AF70 /* RegistrationView.swift */ = {isa = PBXFileReference; lastKnownFileType = sourcecode.swift; path = RegistrationView.swift; sourceTree = "<group>"; };
		1C9C63CB2B8141630066AF70 /* ProfileView.swift */ = {isa = PBXFileReference; lastKnownFileType = sourcecode.swift; path = ProfileView.swift; sourceTree = "<group>"; };
		1C9C63CD2B81428B0066AF70 /* SettingsRowView.swift */ = {isa = PBXFileReference; lastKnownFileType = sourcecode.swift; path = SettingsRowView.swift; sourceTree = "<group>"; };
		1C9C63CF2B8144C20066AF70 /* User.swift */ = {isa = PBXFileReference; lastKnownFileType = sourcecode.swift; path = User.swift; sourceTree = "<group>"; };
		1C9C63D32B8147C70066AF70 /* AuthViewModel.swift */ = {isa = PBXFileReference; lastKnownFileType = sourcecode.swift; path = AuthViewModel.swift; sourceTree = "<group>"; };
		1CB9EC7D2B9BF95C00F8970D /* PlayScreen2.swift */ = {isa = PBXFileReference; lastKnownFileType = sourcecode.swift; path = PlayScreen2.swift; sourceTree = "<group>"; };
		1CC1F5C82B89706900AC9B77 /* ChatView.swift */ = {isa = PBXFileReference; lastKnownFileType = sourcecode.swift; path = ChatView.swift; sourceTree = "<group>"; };
		1CE785FC2B8DA0DB00962A40 /* MessageBubble.swift */ = {isa = PBXFileReference; lastKnownFileType = sourcecode.swift; path = MessageBubble.swift; sourceTree = "<group>"; };
		1CF4A8932B82E9EA00051684 /* ColorConverter.swift */ = {isa = PBXFileReference; lastKnownFileType = sourcecode.swift; path = ColorConverter.swift; sourceTree = "<group>"; };
		1CF4A8952B82EE9900051684 /* ResetPasswordView.swift */ = {isa = PBXFileReference; lastKnownFileType = sourcecode.swift; path = ResetPasswordView.swift; sourceTree = "<group>"; };
		1CF4A89C2B8309F100051684 /* Info.plist */ = {isa = PBXFileReference; lastKnownFileType = text.plist; path = Info.plist; sourceTree = "<group>"; };
		1CF4A89D2B830BFF00051684 /* ViewExtension.swift */ = {isa = PBXFileReference; lastKnownFileType = sourcecode.swift; path = ViewExtension.swift; sourceTree = "<group>"; };
		1CF4C3DE2B7B15E10028BC3C /* peakmind-mvp.app */ = {isa = PBXFileReference; explicitFileType = wrapper.application; includeInIndex = 0; path = "peakmind-mvp.app"; sourceTree = BUILT_PRODUCTS_DIR; };
		1CF4C3E12B7B15E10028BC3C /* peakmind_mvpApp.swift */ = {isa = PBXFileReference; lastKnownFileType = sourcecode.swift; path = peakmind_mvpApp.swift; sourceTree = "<group>"; };
		1CF4C3E32B7B15E10028BC3C /* ContentView.swift */ = {isa = PBXFileReference; lastKnownFileType = sourcecode.swift; path = ContentView.swift; sourceTree = "<group>"; };
		1CF4C3E52B7B15E40028BC3C /* Assets.xcassets */ = {isa = PBXFileReference; lastKnownFileType = folder.assetcatalog; path = Assets.xcassets; sourceTree = "<group>"; };
		1CF4C3E82B7B15E40028BC3C /* Preview Assets.xcassets */ = {isa = PBXFileReference; lastKnownFileType = folder.assetcatalog; path = "Preview Assets.xcassets"; sourceTree = "<group>"; };
		1CF4C3EE2B7B15E40028BC3C /* peakmind-mvpTests.xctest */ = {isa = PBXFileReference; explicitFileType = wrapper.cfbundle; includeInIndex = 0; path = "peakmind-mvpTests.xctest"; sourceTree = BUILT_PRODUCTS_DIR; };
		1CF4C3F22B7B15E40028BC3C /* peakmind_mvpTests.swift */ = {isa = PBXFileReference; lastKnownFileType = sourcecode.swift; path = peakmind_mvpTests.swift; sourceTree = "<group>"; };
		1CF4C3F82B7B15E50028BC3C /* peakmind-mvpUITests.xctest */ = {isa = PBXFileReference; explicitFileType = wrapper.cfbundle; includeInIndex = 0; path = "peakmind-mvpUITests.xctest"; sourceTree = BUILT_PRODUCTS_DIR; };
		1CF4C3FC2B7B15E50028BC3C /* peakmind_mvpUITests.swift */ = {isa = PBXFileReference; lastKnownFileType = sourcecode.swift; path = peakmind_mvpUITests.swift; sourceTree = "<group>"; };
		1CF4C3FE2B7B15E50028BC3C /* peakmind_mvpUITestsLaunchTests.swift */ = {isa = PBXFileReference; lastKnownFileType = sourcecode.swift; path = peakmind_mvpUITestsLaunchTests.swift; sourceTree = "<group>"; };
		791D1AA02B84344900E28162 /* HomeScreen.swift */ = {isa = PBXFileReference; lastKnownFileType = sourcecode.swift; path = HomeScreen.swift; sourceTree = "<group>"; };
		798EFB5F2B84374800E6027A /* MapScreen.swift */ = {isa = PBXFileReference; lastKnownFileType = sourcecode.swift; path = MapScreen.swift; sourceTree = "<group>"; };
		798EFB612B84376200E6027A /* WorldScreen.swift */ = {isa = PBXFileReference; lastKnownFileType = sourcecode.swift; path = WorldScreen.swift; sourceTree = "<group>"; };
		798EFB632B84376F00E6027A /* ChecklistScreen.swift */ = {isa = PBXFileReference; lastKnownFileType = sourcecode.swift; path = ChecklistScreen.swift; sourceTree = "<group>"; };
		798EFB652B84377B00E6027A /* CartScreen.swift */ = {isa = PBXFileReference; lastKnownFileType = sourcecode.swift; path = CartScreen.swift; sourceTree = "<group>"; };
		798EFB672B84378A00E6027A /* IglooScreen.swift */ = {isa = PBXFileReference; lastKnownFileType = sourcecode.swift; path = IglooScreen.swift; sourceTree = "<group>"; };
		798EFB692B84379D00E6027A /* PlayScreen.swift */ = {isa = PBXFileReference; lastKnownFileType = sourcecode.swift; path = PlayScreen.swift; sourceTree = "<group>"; };
		798EFB6B2B8437A800E6027A /* PlanScreen.swift */ = {isa = PBXFileReference; lastKnownFileType = sourcecode.swift; path = PlanScreen.swift; sourceTree = "<group>"; };
		79B3DAED2B843CE0003C3B44 /* MainTabView.swift */ = {isa = PBXFileReference; lastKnownFileType = sourcecode.swift; path = MainTabView.swift; sourceTree = "<group>"; };
		79BFB51F2B8EAAB300634262 /* AvatarScreen.swift */ = {isa = PBXFileReference; lastKnownFileType = sourcecode.swift; path = AvatarScreen.swift; sourceTree = "<group>"; };
		79BFB5212B8EAAE600634262 /* CustomButton.swift */ = {isa = PBXFileReference; lastKnownFileType = sourcecode.swift; path = CustomButton.swift; sourceTree = "<group>"; };
		79BFB5232B8EAB2B00634262 /* PersonalizedPlanView.swift */ = {isa = PBXFileReference; lastKnownFileType = sourcecode.swift; path = PersonalizedPlanView.swift; sourceTree = "<group>"; };
		79BFB5252B8EAB4500634262 /* ProfileViewTest.swift */ = {isa = PBXFileReference; lastKnownFileType = sourcecode.swift; path = ProfileViewTest.swift; sourceTree = "<group>"; };
		79BFB5272B8EAB5C00634262 /* QuestionsView.swift */ = {isa = PBXFileReference; lastKnownFileType = sourcecode.swift; path = QuestionsView.swift; sourceTree = "<group>"; };
		79BFB5292B8EABBB00634262 /* Question.swift */ = {isa = PBXFileReference; lastKnownFileType = sourcecode.swift; path = Question.swift; sourceTree = "<group>"; };
		79BFB52B2B8EABC500634262 /* Info.swift */ = {isa = PBXFileReference; lastKnownFileType = sourcecode.swift; path = Info.swift; sourceTree = "<group>"; };
		79BFB52D2B8EDA6E00634262 /* JournalView.swift */ = {isa = PBXFileReference; lastKnownFileType = sourcecode.swift; path = JournalView.swift; sourceTree = "<group>"; };
		79BFB52F2B914A5000634262 /* SplashScreen.swift */ = {isa = PBXFileReference; lastKnownFileType = sourcecode.swift; path = SplashScreen.swift; sourceTree = "<group>"; };
		79BFB5332B987D4400634262 /* AvatarSettingsView.swift */ = {isa = PBXFileReference; lastKnownFileType = sourcecode.swift; path = AvatarSettingsView.swift; sourceTree = "<group>"; };
		B08AF59C2B92A544001A1253 /* README.md */ = {isa = PBXFileReference; lastKnownFileType = net.daringfireball.markdown; path = README.md; sourceTree = "<group>"; };
		E5511F502B92ADCB00FCC38D /* JournalEntry.swift */ = {isa = PBXFileReference; lastKnownFileType = sourcecode.swift; path = JournalEntry.swift; sourceTree = "<group>"; };
		E5511F522B92ADE900FCC38D /* JournalDataManager.swift */ = {isa = PBXFileReference; lastKnownFileType = sourcecode.swift; path = JournalDataManager.swift; sourceTree = "<group>"; };
		E5511F542B92B1CF00FCC38D /* JournalEntriesView.swift */ = {isa = PBXFileReference; lastKnownFileType = sourcecode.swift; path = JournalEntriesView.swift; sourceTree = "<group>"; };
		E5511F562B92B22900FCC38D /* JournalDetailView.swift */ = {isa = PBXFileReference; lastKnownFileType = sourcecode.swift; path = JournalDetailView.swift; sourceTree = "<group>"; };
/* End PBXFileReference section */

/* Begin PBXFrameworksBuildPhase section */
		1CF4C3DB2B7B15E10028BC3C /* Frameworks */ = {
			isa = PBXFrameworksBuildPhase;
			buildActionMask = 2147483647;
			files = (
				1CF4C4222B7B1DD50028BC3C /* FirebaseDatabase in Frameworks */,
				1CF4C4302B7B1DD50028BC3C /* FirebaseFunctionsCombine-Community in Frameworks */,
				1CF4C4282B7B1DD50028BC3C /* FirebaseFirestore in Frameworks */,
				1CF4C4142B7B1DD50028BC3C /* FirebaseAnalyticsSwift in Frameworks */,
				1CF4C4102B7B1DD50028BC3C /* FirebaseAnalytics in Frameworks */,
				1CF4C4122B7B1DD50028BC3C /* FirebaseAnalyticsOnDeviceConversion in Frameworks */,
				1CF4C42C2B7B1DD50028BC3C /* FirebaseFirestoreSwift in Frameworks */,
				1CF4A89B2B8309CD00051684 /* GoogleSignInSwift in Frameworks */,
				1CF4C43A2B7B1DD50028BC3C /* FirebaseMLModelDownloader in Frameworks */,
				1CF4C4182B7B1DD50028BC3C /* FirebaseAppCheck in Frameworks */,
				1CF4C4162B7B1DD50028BC3C /* FirebaseAnalyticsWithoutAdIdSupport in Frameworks */,
				1CF4C4382B7B1DD50028BC3C /* FirebaseMessaging in Frameworks */,
				1CF4C41C2B7B1DD50028BC3C /* FirebaseAuth in Frameworks */,
				1CF4C4402B7B1DD50028BC3C /* FirebaseRemoteConfigSwift in Frameworks */,
				1CF4A8992B8309CD00051684 /* GoogleSignIn in Frameworks */,
				1CF4C4202B7B1DD50028BC3C /* FirebaseCrashlytics in Frameworks */,
				1CF4C4322B7B1DD50028BC3C /* FirebaseInAppMessaging-Beta in Frameworks */,
				1CF4C4242B7B1DD50028BC3C /* FirebaseDatabaseSwift in Frameworks */,
				1CF4C4442B7B1DD60028BC3C /* FirebaseStorageCombine-Community in Frameworks */,
				1CF4C43E2B7B1DD50028BC3C /* FirebaseRemoteConfig in Frameworks */,
				1CF4C42E2B7B1DD50028BC3C /* FirebaseFunctions in Frameworks */,
				1CF4C41A2B7B1DD50028BC3C /* FirebaseAppDistribution-Beta in Frameworks */,
				1CF4C43C2B7B1DD50028BC3C /* FirebasePerformance in Frameworks */,
				1CF4C41E2B7B1DD50028BC3C /* FirebaseAuthCombine-Community in Frameworks */,
				1CF4C4422B7B1DD60028BC3C /* FirebaseStorage in Frameworks */,
				1CF4C4342B7B1DD50028BC3C /* FirebaseInAppMessagingSwift-Beta in Frameworks */,
				1CF4C4262B7B1DD50028BC3C /* FirebaseDynamicLinks in Frameworks */,
				1CF4C42A2B7B1DD50028BC3C /* FirebaseFirestoreCombine-Community in Frameworks */,
				1CF4C4362B7B1DD50028BC3C /* FirebaseInstallations in Frameworks */,
			);
			runOnlyForDeploymentPostprocessing = 0;
		};
		1CF4C3EB2B7B15E40028BC3C /* Frameworks */ = {
			isa = PBXFrameworksBuildPhase;
			buildActionMask = 2147483647;
			files = (
			);
			runOnlyForDeploymentPostprocessing = 0;
		};
		1CF4C3F52B7B15E50028BC3C /* Frameworks */ = {
			isa = PBXFrameworksBuildPhase;
			buildActionMask = 2147483647;
			files = (
			);
			runOnlyForDeploymentPostprocessing = 0;
		};
/* End PBXFrameworksBuildPhase section */

/* Begin PBXGroup section */
		1C9C63BD2B81324D0066AF70 /* App */ = {
			isa = PBXGroup;
			children = (
				79B3DAEF2B8456DE003C3B44 /* App Screens */,
				1CF4C3E12B7B15E10028BC3C /* peakmind_mvpApp.swift */,
			);
			path = App;
			sourceTree = "<group>";
		};
		1C9C63BF2B81326E0066AF70 /* Components */ = {
			isa = PBXGroup;
			children = (
				1C9C63C72B81359A0066AF70 /* InputView.swift */,
				1CF4A89D2B830BFF00051684 /* ViewExtension.swift */,
				1C9C63CD2B81428B0066AF70 /* SettingsRowView.swift */,
				1CF4A8932B82E9EA00051684 /* ColorConverter.swift */,
			);
			path = Components;
			sourceTree = "<group>";
		};
		1C9C63C02B81327A0066AF70 /* Core */ = {
			isa = PBXGroup;
			children = (
				1CC1F5C62B89705200AC9B77 /* Chat */,
				1C9C63C42B8132F50066AF70 /* Profile */,
				1C9C63C32B8132DB0066AF70 /* Authentication */,
				1C9C63C22B8132B00066AF70 /* Root */,
			);
			path = Core;
			sourceTree = "<group>";
		};
		1C9C63C12B8132840066AF70 /* Model */ = {
			isa = PBXGroup;
			children = (
				1C9C63CF2B8144C20066AF70 /* User.swift */,
				79BFB5292B8EABBB00634262 /* Question.swift */,
				79BFB52B2B8EABC500634262 /* Info.swift */,
			);
			path = Model;
			sourceTree = "<group>";
		};
		1C9C63C22B8132B00066AF70 /* Root */ = {
			isa = PBXGroup;
			children = (
				1CF4C3E32B7B15E10028BC3C /* ContentView.swift */,
			);
			path = Root;
			sourceTree = "<group>";
		};
		1C9C63C32B8132DB0066AF70 /* Authentication */ = {
			isa = PBXGroup;
			children = (
				1C9C63D22B8147730066AF70 /* ViewModel */,
				1C9C63D12B81476F0066AF70 /* View */,
			);
			path = Authentication;
			sourceTree = "<group>";
		};
		1C9C63C42B8132F50066AF70 /* Profile */ = {
			isa = PBXGroup;
			children = (
				1C9C63CB2B8141630066AF70 /* ProfileView.swift */,
			);
			path = Profile;
			sourceTree = "<group>";
		};
		1C9C63D12B81476F0066AF70 /* View */ = {
			isa = PBXGroup;
			children = (
				1C9C63C52B8133360066AF70 /* LoginView.swift */,
				1CF4A8952B82EE9900051684 /* ResetPasswordView.swift */,
				1C9C63C92B813BF70066AF70 /* RegistrationView.swift */,
			);
			path = View;
			sourceTree = "<group>";
		};
		1C9C63D22B8147730066AF70 /* ViewModel */ = {
			isa = PBXGroup;
			children = (
				1C9C63D32B8147C70066AF70 /* AuthViewModel.swift */,
			);
			path = ViewModel;
			sourceTree = "<group>";
		};
		1CC1F5C62B89705200AC9B77 /* Chat */ = {
			isa = PBXGroup;
			children = (
				1CE785FE2B8DA12A00962A40 /* ViewModel */,
				1CE785FB2B8D9F1600962A40 /* Components */,
				1CC1F5C72B89705E00AC9B77 /* View */,
			);
			path = Chat;
			sourceTree = "<group>";
		};
		1CC1F5C72B89705E00AC9B77 /* View */ = {
			isa = PBXGroup;
			children = (
				1CC1F5C82B89706900AC9B77 /* ChatView.swift */,
			);
			path = View;
			sourceTree = "<group>";
		};
		1CE785FB2B8D9F1600962A40 /* Components */ = {
			isa = PBXGroup;
			children = (
				1CE785FC2B8DA0DB00962A40 /* MessageBubble.swift */,
			);
			path = Components;
			sourceTree = "<group>";
		};
		1CE785FE2B8DA12A00962A40 /* ViewModel */ = {
			isa = PBXGroup;
			children = (
			);
			path = ViewModel;
			sourceTree = "<group>";
		};
		1CF4C3D52B7B15E10028BC3C = {
			isa = PBXGroup;
			children = (
				1CF4C3E02B7B15E10028BC3C /* peakmind-mvp */,
				1CF4C3F12B7B15E40028BC3C /* peakmind-mvpTests */,
				1CF4C3FB2B7B15E50028BC3C /* peakmind-mvpUITests */,
				1CF4C3DF2B7B15E10028BC3C /* Products */,
				1CF4C40E2B7B1DD50028BC3C /* Frameworks */,
			);
			sourceTree = "<group>";
		};
		1CF4C3DF2B7B15E10028BC3C /* Products */ = {
			isa = PBXGroup;
			children = (
				1CF4C3DE2B7B15E10028BC3C /* peakmind-mvp.app */,
				1CF4C3EE2B7B15E40028BC3C /* peakmind-mvpTests.xctest */,
				1CF4C3F82B7B15E50028BC3C /* peakmind-mvpUITests.xctest */,
			);
			name = Products;
			sourceTree = "<group>";
		};
		1CF4C3E02B7B15E10028BC3C /* peakmind-mvp */ = {
			isa = PBXGroup;
			children = (
				1CF4A89C2B8309F100051684 /* Info.plist */,
				1C9C63BB2B8131CB0066AF70 /* GoogleService-Info.plist */,
				1C9C63C12B8132840066AF70 /* Model */,
				1C9C63C02B81327A0066AF70 /* Core */,
				1C9C63BF2B81326E0066AF70 /* Components */,
				1C9C63BD2B81324D0066AF70 /* App */,
				1CF4C3E52B7B15E40028BC3C /* Assets.xcassets */,
				1CF4C3E72B7B15E40028BC3C /* Preview Content */,
				B08AF59C2B92A544001A1253 /* README.md */,
			);
			path = "peakmind-mvp";
			sourceTree = "<group>";
		};
		1CF4C3E72B7B15E40028BC3C /* Preview Content */ = {
			isa = PBXGroup;
			children = (
				1CF4C3E82B7B15E40028BC3C /* Preview Assets.xcassets */,
			);
			path = "Preview Content";
			sourceTree = "<group>";
		};
		1CF4C3F12B7B15E40028BC3C /* peakmind-mvpTests */ = {
			isa = PBXGroup;
			children = (
				1CF4C3F22B7B15E40028BC3C /* peakmind_mvpTests.swift */,
			);
			path = "peakmind-mvpTests";
			sourceTree = "<group>";
		};
		1CF4C3FB2B7B15E50028BC3C /* peakmind-mvpUITests */ = {
			isa = PBXGroup;
			children = (
				1CF4C3FC2B7B15E50028BC3C /* peakmind_mvpUITests.swift */,
				1CF4C3FE2B7B15E50028BC3C /* peakmind_mvpUITestsLaunchTests.swift */,
			);
			path = "peakmind-mvpUITests";
			sourceTree = "<group>";
		};
		1CF4C40E2B7B1DD50028BC3C /* Frameworks */ = {
			isa = PBXGroup;
			children = (
			);
			name = Frameworks;
			sourceTree = "<group>";
		};
		79B3DAEF2B8456DE003C3B44 /* App Screens */ = {
			isa = PBXGroup;
			children = (
				E5511F4D2B92AD6600FCC38D /* Journal */,
				791D1AA02B84344900E28162 /* HomeScreen.swift */,
				798EFB5F2B84374800E6027A /* MapScreen.swift */,
				798EFB612B84376200E6027A /* WorldScreen.swift */,
				798EFB632B84376F00E6027A /* ChecklistScreen.swift */,
				798EFB652B84377B00E6027A /* CartScreen.swift */,
				798EFB672B84378A00E6027A /* IglooScreen.swift */,
				798EFB692B84379D00E6027A /* PlayScreen.swift */,
				1CB9EC7D2B9BF95C00F8970D /* PlayScreen2.swift */,
				798EFB6B2B8437A800E6027A /* PlanScreen.swift */,
				79B3DAED2B843CE0003C3B44 /* MainTabView.swift */,
				79BFB51F2B8EAAB300634262 /* AvatarScreen.swift */,
				79BFB5212B8EAAE600634262 /* CustomButton.swift */,
				79BFB5232B8EAB2B00634262 /* PersonalizedPlanView.swift */,
				79BFB5252B8EAB4500634262 /* ProfileViewTest.swift */,
				79BFB5272B8EAB5C00634262 /* QuestionsView.swift */,
				79BFB52D2B8EDA6E00634262 /* JournalView.swift */,
				E5511F542B92B1CF00FCC38D /* JournalEntriesView.swift */,
				E5511F562B92B22900FCC38D /* JournalDetailView.swift */,
				79BFB52F2B914A5000634262 /* SplashScreen.swift */,
				79BFB5332B987D4400634262 /* AvatarSettingsView.swift */,
			);
			path = "App Screens";
			sourceTree = "<group>";
		};
		E5511F4D2B92AD6600FCC38D /* Journal */ = {
			isa = PBXGroup;
			children = (
				E5511F502B92ADCB00FCC38D /* JournalEntry.swift */,
				E5511F522B92ADE900FCC38D /* JournalDataManager.swift */,
			);
			path = Journal;
			sourceTree = "<group>";
		};
/* End PBXGroup section */

/* Begin PBXNativeTarget section */
		1CF4C3DD2B7B15E10028BC3C /* peakmind-mvp */ = {
			isa = PBXNativeTarget;
			buildConfigurationList = 1CF4C4022B7B15E50028BC3C /* Build configuration list for PBXNativeTarget "peakmind-mvp" */;
			buildPhases = (
				1CF4C3DA2B7B15E10028BC3C /* Sources */,
				1CF4C3DB2B7B15E10028BC3C /* Frameworks */,
				1CF4C3DC2B7B15E10028BC3C /* Resources */,
			);
			buildRules = (
			);
			dependencies = (
			);
			name = "peakmind-mvp";
			packageProductDependencies = (
				1CF4C40F2B7B1DD50028BC3C /* FirebaseAnalytics */,
				1CF4C4112B7B1DD50028BC3C /* FirebaseAnalyticsOnDeviceConversion */,
				1CF4C4132B7B1DD50028BC3C /* FirebaseAnalyticsSwift */,
				1CF4C4152B7B1DD50028BC3C /* FirebaseAnalyticsWithoutAdIdSupport */,
				1CF4C4172B7B1DD50028BC3C /* FirebaseAppCheck */,
				1CF4C4192B7B1DD50028BC3C /* FirebaseAppDistribution-Beta */,
				1CF4C41B2B7B1DD50028BC3C /* FirebaseAuth */,
				1CF4C41D2B7B1DD50028BC3C /* FirebaseAuthCombine-Community */,
				1CF4C41F2B7B1DD50028BC3C /* FirebaseCrashlytics */,
				1CF4C4212B7B1DD50028BC3C /* FirebaseDatabase */,
				1CF4C4232B7B1DD50028BC3C /* FirebaseDatabaseSwift */,
				1CF4C4252B7B1DD50028BC3C /* FirebaseDynamicLinks */,
				1CF4C4272B7B1DD50028BC3C /* FirebaseFirestore */,
				1CF4C4292B7B1DD50028BC3C /* FirebaseFirestoreCombine-Community */,
				1CF4C42B2B7B1DD50028BC3C /* FirebaseFirestoreSwift */,
				1CF4C42D2B7B1DD50028BC3C /* FirebaseFunctions */,
				1CF4C42F2B7B1DD50028BC3C /* FirebaseFunctionsCombine-Community */,
				1CF4C4312B7B1DD50028BC3C /* FirebaseInAppMessaging-Beta */,
				1CF4C4332B7B1DD50028BC3C /* FirebaseInAppMessagingSwift-Beta */,
				1CF4C4352B7B1DD50028BC3C /* FirebaseInstallations */,
				1CF4C4372B7B1DD50028BC3C /* FirebaseMessaging */,
				1CF4C4392B7B1DD50028BC3C /* FirebaseMLModelDownloader */,
				1CF4C43B2B7B1DD50028BC3C /* FirebasePerformance */,
				1CF4C43D2B7B1DD50028BC3C /* FirebaseRemoteConfig */,
				1CF4C43F2B7B1DD50028BC3C /* FirebaseRemoteConfigSwift */,
				1CF4C4412B7B1DD60028BC3C /* FirebaseStorage */,
				1CF4C4432B7B1DD60028BC3C /* FirebaseStorageCombine-Community */,
				1CF4A8982B8309CD00051684 /* GoogleSignIn */,
				1CF4A89A2B8309CD00051684 /* GoogleSignInSwift */,
			);
			productName = "peakmind-mvp";
			productReference = 1CF4C3DE2B7B15E10028BC3C /* peakmind-mvp.app */;
			productType = "com.apple.product-type.application";
		};
		1CF4C3ED2B7B15E40028BC3C /* peakmind-mvpTests */ = {
			isa = PBXNativeTarget;
			buildConfigurationList = 1CF4C4052B7B15E50028BC3C /* Build configuration list for PBXNativeTarget "peakmind-mvpTests" */;
			buildPhases = (
				1CF4C3EA2B7B15E40028BC3C /* Sources */,
				1CF4C3EB2B7B15E40028BC3C /* Frameworks */,
				1CF4C3EC2B7B15E40028BC3C /* Resources */,
			);
			buildRules = (
			);
			dependencies = (
				1CF4C3F02B7B15E40028BC3C /* PBXTargetDependency */,
			);
			name = "peakmind-mvpTests";
			productName = "peakmind-mvpTests";
			productReference = 1CF4C3EE2B7B15E40028BC3C /* peakmind-mvpTests.xctest */;
			productType = "com.apple.product-type.bundle.unit-test";
		};
		1CF4C3F72B7B15E50028BC3C /* peakmind-mvpUITests */ = {
			isa = PBXNativeTarget;
			buildConfigurationList = 1CF4C4082B7B15E50028BC3C /* Build configuration list for PBXNativeTarget "peakmind-mvpUITests" */;
			buildPhases = (
				1CF4C3F42B7B15E50028BC3C /* Sources */,
				1CF4C3F52B7B15E50028BC3C /* Frameworks */,
				1CF4C3F62B7B15E50028BC3C /* Resources */,
			);
			buildRules = (
			);
			dependencies = (
				1CF4C3FA2B7B15E50028BC3C /* PBXTargetDependency */,
			);
			name = "peakmind-mvpUITests";
			productName = "peakmind-mvpUITests";
			productReference = 1CF4C3F82B7B15E50028BC3C /* peakmind-mvpUITests.xctest */;
			productType = "com.apple.product-type.bundle.ui-testing";
		};
/* End PBXNativeTarget section */

/* Begin PBXProject section */
		1CF4C3D62B7B15E10028BC3C /* Project object */ = {
			isa = PBXProject;
			attributes = {
				BuildIndependentTargetsInParallel = 1;
				LastSwiftUpdateCheck = 1520;
				LastUpgradeCheck = 1520;
				TargetAttributes = {
					1CF4C3DD2B7B15E10028BC3C = {
						CreatedOnToolsVersion = 15.2;
					};
					1CF4C3ED2B7B15E40028BC3C = {
						CreatedOnToolsVersion = 15.2;
						TestTargetID = 1CF4C3DD2B7B15E10028BC3C;
					};
					1CF4C3F72B7B15E50028BC3C = {
						CreatedOnToolsVersion = 15.2;
						TestTargetID = 1CF4C3DD2B7B15E10028BC3C;
					};
				};
			};
			buildConfigurationList = 1CF4C3D92B7B15E10028BC3C /* Build configuration list for PBXProject "peakmind-mvp" */;
			compatibilityVersion = "Xcode 14.0";
			developmentRegion = en;
			hasScannedForEncodings = 0;
			knownRegions = (
				en,
				Base,
			);
			mainGroup = 1CF4C3D52B7B15E10028BC3C;
			packageReferences = (
				1CF4C40D2B7B1DBB0028BC3C /* XCRemoteSwiftPackageReference "firebase-ios-sdk" */,
				1CF4A8972B8309C000051684 /* XCRemoteSwiftPackageReference "GoogleSignIn-iOS" */,
			);
			productRefGroup = 1CF4C3DF2B7B15E10028BC3C /* Products */;
			projectDirPath = "";
			projectRoot = "";
			targets = (
				1CF4C3DD2B7B15E10028BC3C /* peakmind-mvp */,
				1CF4C3ED2B7B15E40028BC3C /* peakmind-mvpTests */,
				1CF4C3F72B7B15E50028BC3C /* peakmind-mvpUITests */,
			);
		};
/* End PBXProject section */

/* Begin PBXResourcesBuildPhase section */
		1CF4C3DC2B7B15E10028BC3C /* Resources */ = {
			isa = PBXResourcesBuildPhase;
			buildActionMask = 2147483647;
			files = (
				1CF4C3E92B7B15E40028BC3C /* Preview Assets.xcassets in Resources */,
				1C9C63BC2B8131CB0066AF70 /* GoogleService-Info.plist in Resources */,
				1CF4C3E62B7B15E40028BC3C /* Assets.xcassets in Resources */,
			);
			runOnlyForDeploymentPostprocessing = 0;
		};
		1CF4C3EC2B7B15E40028BC3C /* Resources */ = {
			isa = PBXResourcesBuildPhase;
			buildActionMask = 2147483647;
			files = (
			);
			runOnlyForDeploymentPostprocessing = 0;
		};
		1CF4C3F62B7B15E50028BC3C /* Resources */ = {
			isa = PBXResourcesBuildPhase;
			buildActionMask = 2147483647;
			files = (
			);
			runOnlyForDeploymentPostprocessing = 0;
		};
/* End PBXResourcesBuildPhase section */

/* Begin PBXSourcesBuildPhase section */
		1CF4C3DA2B7B15E10028BC3C /* Sources */ = {
			isa = PBXSourcesBuildPhase;
			buildActionMask = 2147483647;
			files = (
				79BFB5222B8EAAE600634262 /* CustomButton.swift in Sources */,
				1C9C63CC2B8141630066AF70 /* ProfileView.swift in Sources */,
				1CF4C3E42B7B15E10028BC3C /* ContentView.swift in Sources */,
				798EFB6C2B8437A800E6027A /* PlanScreen.swift in Sources */,
				1CB9EC7E2B9BF95C00F8970D /* PlayScreen2.swift in Sources */,
				1CF4A8942B82E9EB00051684 /* ColorConverter.swift in Sources */,
				1C9C63CA2B813BF70066AF70 /* RegistrationView.swift in Sources */,
				1C9C63C82B81359A0066AF70 /* InputView.swift in Sources */,
				79BFB5342B987D4400634262 /* AvatarSettingsView.swift in Sources */,
				79BFB5202B8EAAB300634262 /* AvatarScreen.swift in Sources */,
				1CC1F5C92B89706900AC9B77 /* ChatView.swift in Sources */,
				E5511F532B92ADE900FCC38D /* JournalDataManager.swift in Sources */,
				1CE785FD2B8DA0DB00962A40 /* MessageBubble.swift in Sources */,
				1C9C63C62B8133360066AF70 /* LoginView.swift in Sources */,
				791D1AA12B84344900E28162 /* HomeScreen.swift in Sources */,
				79BFB5242B8EAB2B00634262 /* PersonalizedPlanView.swift in Sources */,
				1CF4A89E2B830BFF00051684 /* ViewExtension.swift in Sources */,
				E5511F552B92B1CF00FCC38D /* JournalEntriesView.swift in Sources */,
				E5511F572B92B22900FCC38D /* JournalDetailView.swift in Sources */,
				E5511F512B92ADCB00FCC38D /* JournalEntry.swift in Sources */,
				79BFB52A2B8EABBB00634262 /* Question.swift in Sources */,
				1C9C63D42B8147C70066AF70 /* AuthViewModel.swift in Sources */,
				79BFB5282B8EAB5C00634262 /* QuestionsView.swift in Sources */,
				79BFB52E2B8EDA6E00634262 /* JournalView.swift in Sources */,
				1CF4A8962B82EE9900051684 /* ResetPasswordView.swift in Sources */,
				79B3DAEE2B843CE0003C3B44 /* MainTabView.swift in Sources */,
				79BFB52C2B8EABC500634262 /* Info.swift in Sources */,
				798EFB642B84376F00E6027A /* ChecklistScreen.swift in Sources */,
				798EFB602B84374800E6027A /* MapScreen.swift in Sources */,
				79BFB5262B8EAB4500634262 /* ProfileViewTest.swift in Sources */,
				79BFB5302B914A5000634262 /* SplashScreen.swift in Sources */,
				1CF4C3E22B7B15E10028BC3C /* peakmind_mvpApp.swift in Sources */,
				1C9C63D02B8144C20066AF70 /* User.swift in Sources */,
				798EFB662B84377B00E6027A /* CartScreen.swift in Sources */,
				1C9C63CE2B81428B0066AF70 /* SettingsRowView.swift in Sources */,
				798EFB682B84378A00E6027A /* IglooScreen.swift in Sources */,
				798EFB6A2B84379D00E6027A /* PlayScreen.swift in Sources */,
				798EFB622B84376200E6027A /* WorldScreen.swift in Sources */,
			);
			runOnlyForDeploymentPostprocessing = 0;
		};
		1CF4C3EA2B7B15E40028BC3C /* Sources */ = {
			isa = PBXSourcesBuildPhase;
			buildActionMask = 2147483647;
			files = (
				1CF4C3F32B7B15E40028BC3C /* peakmind_mvpTests.swift in Sources */,
			);
			runOnlyForDeploymentPostprocessing = 0;
		};
		1CF4C3F42B7B15E50028BC3C /* Sources */ = {
			isa = PBXSourcesBuildPhase;
			buildActionMask = 2147483647;
			files = (
				1CF4C3FD2B7B15E50028BC3C /* peakmind_mvpUITests.swift in Sources */,
				1CF4C3FF2B7B15E50028BC3C /* peakmind_mvpUITestsLaunchTests.swift in Sources */,
			);
			runOnlyForDeploymentPostprocessing = 0;
		};
/* End PBXSourcesBuildPhase section */

/* Begin PBXTargetDependency section */
		1CF4C3F02B7B15E40028BC3C /* PBXTargetDependency */ = {
			isa = PBXTargetDependency;
			target = 1CF4C3DD2B7B15E10028BC3C /* peakmind-mvp */;
			targetProxy = 1CF4C3EF2B7B15E40028BC3C /* PBXContainerItemProxy */;
		};
		1CF4C3FA2B7B15E50028BC3C /* PBXTargetDependency */ = {
			isa = PBXTargetDependency;
			target = 1CF4C3DD2B7B15E10028BC3C /* peakmind-mvp */;
			targetProxy = 1CF4C3F92B7B15E50028BC3C /* PBXContainerItemProxy */;
		};
/* End PBXTargetDependency section */

/* Begin XCBuildConfiguration section */
		1CF4C4002B7B15E50028BC3C /* Debug */ = {
			isa = XCBuildConfiguration;
			buildSettings = {
				ALWAYS_SEARCH_USER_PATHS = NO;
				ASSETCATALOG_COMPILER_GENERATE_SWIFT_ASSET_SYMBOL_EXTENSIONS = YES;
				CLANG_ANALYZER_NONNULL = YES;
				CLANG_ANALYZER_NUMBER_OBJECT_CONVERSION = YES_AGGRESSIVE;
				CLANG_CXX_LANGUAGE_STANDARD = "gnu++20";
				CLANG_ENABLE_MODULES = YES;
				CLANG_ENABLE_OBJC_ARC = YES;
				CLANG_ENABLE_OBJC_WEAK = YES;
				CLANG_WARN_BLOCK_CAPTURE_AUTORELEASING = YES;
				CLANG_WARN_BOOL_CONVERSION = YES;
				CLANG_WARN_COMMA = YES;
				CLANG_WARN_CONSTANT_CONVERSION = YES;
				CLANG_WARN_DEPRECATED_OBJC_IMPLEMENTATIONS = YES;
				CLANG_WARN_DIRECT_OBJC_ISA_USAGE = YES_ERROR;
				CLANG_WARN_DOCUMENTATION_COMMENTS = YES;
				CLANG_WARN_EMPTY_BODY = YES;
				CLANG_WARN_ENUM_CONVERSION = YES;
				CLANG_WARN_INFINITE_RECURSION = YES;
				CLANG_WARN_INT_CONVERSION = YES;
				CLANG_WARN_NON_LITERAL_NULL_CONVERSION = YES;
				CLANG_WARN_OBJC_IMPLICIT_RETAIN_SELF = YES;
				CLANG_WARN_OBJC_LITERAL_CONVERSION = YES;
				CLANG_WARN_OBJC_ROOT_CLASS = YES_ERROR;
				CLANG_WARN_QUOTED_INCLUDE_IN_FRAMEWORK_HEADER = YES;
				CLANG_WARN_RANGE_LOOP_ANALYSIS = YES;
				CLANG_WARN_STRICT_PROTOTYPES = YES;
				CLANG_WARN_SUSPICIOUS_MOVE = YES;
				CLANG_WARN_UNGUARDED_AVAILABILITY = YES_AGGRESSIVE;
				CLANG_WARN_UNREACHABLE_CODE = YES;
				CLANG_WARN__DUPLICATE_METHOD_MATCH = YES;
				COPY_PHASE_STRIP = NO;
				DEBUG_INFORMATION_FORMAT = dwarf;
				ENABLE_STRICT_OBJC_MSGSEND = YES;
				ENABLE_TESTABILITY = YES;
				ENABLE_USER_SCRIPT_SANDBOXING = YES;
				GCC_C_LANGUAGE_STANDARD = gnu17;
				GCC_DYNAMIC_NO_PIC = NO;
				GCC_NO_COMMON_BLOCKS = YES;
				GCC_OPTIMIZATION_LEVEL = 0;
				GCC_PREPROCESSOR_DEFINITIONS = (
					"DEBUG=1",
					"$(inherited)",
				);
				GCC_WARN_64_TO_32_BIT_CONVERSION = YES;
				GCC_WARN_ABOUT_RETURN_TYPE = YES_ERROR;
				GCC_WARN_UNDECLARED_SELECTOR = YES;
				GCC_WARN_UNINITIALIZED_AUTOS = YES_AGGRESSIVE;
				GCC_WARN_UNUSED_FUNCTION = YES;
				GCC_WARN_UNUSED_VARIABLE = YES;
				IPHONEOS_DEPLOYMENT_TARGET = 17.2;
				LOCALIZATION_PREFERS_STRING_CATALOGS = YES;
				MTL_ENABLE_DEBUG_INFO = INCLUDE_SOURCE;
				MTL_FAST_MATH = YES;
				ONLY_ACTIVE_ARCH = YES;
				SDKROOT = iphoneos;
				SWIFT_ACTIVE_COMPILATION_CONDITIONS = "DEBUG $(inherited)";
				SWIFT_OPTIMIZATION_LEVEL = "-Onone";
			};
			name = Debug;
		};
		1CF4C4012B7B15E50028BC3C /* Release */ = {
			isa = XCBuildConfiguration;
			buildSettings = {
				ALWAYS_SEARCH_USER_PATHS = NO;
				ASSETCATALOG_COMPILER_GENERATE_SWIFT_ASSET_SYMBOL_EXTENSIONS = YES;
				CLANG_ANALYZER_NONNULL = YES;
				CLANG_ANALYZER_NUMBER_OBJECT_CONVERSION = YES_AGGRESSIVE;
				CLANG_CXX_LANGUAGE_STANDARD = "gnu++20";
				CLANG_ENABLE_MODULES = YES;
				CLANG_ENABLE_OBJC_ARC = YES;
				CLANG_ENABLE_OBJC_WEAK = YES;
				CLANG_WARN_BLOCK_CAPTURE_AUTORELEASING = YES;
				CLANG_WARN_BOOL_CONVERSION = YES;
				CLANG_WARN_COMMA = YES;
				CLANG_WARN_CONSTANT_CONVERSION = YES;
				CLANG_WARN_DEPRECATED_OBJC_IMPLEMENTATIONS = YES;
				CLANG_WARN_DIRECT_OBJC_ISA_USAGE = YES_ERROR;
				CLANG_WARN_DOCUMENTATION_COMMENTS = YES;
				CLANG_WARN_EMPTY_BODY = YES;
				CLANG_WARN_ENUM_CONVERSION = YES;
				CLANG_WARN_INFINITE_RECURSION = YES;
				CLANG_WARN_INT_CONVERSION = YES;
				CLANG_WARN_NON_LITERAL_NULL_CONVERSION = YES;
				CLANG_WARN_OBJC_IMPLICIT_RETAIN_SELF = YES;
				CLANG_WARN_OBJC_LITERAL_CONVERSION = YES;
				CLANG_WARN_OBJC_ROOT_CLASS = YES_ERROR;
				CLANG_WARN_QUOTED_INCLUDE_IN_FRAMEWORK_HEADER = YES;
				CLANG_WARN_RANGE_LOOP_ANALYSIS = YES;
				CLANG_WARN_STRICT_PROTOTYPES = YES;
				CLANG_WARN_SUSPICIOUS_MOVE = YES;
				CLANG_WARN_UNGUARDED_AVAILABILITY = YES_AGGRESSIVE;
				CLANG_WARN_UNREACHABLE_CODE = YES;
				CLANG_WARN__DUPLICATE_METHOD_MATCH = YES;
				COPY_PHASE_STRIP = NO;
				DEBUG_INFORMATION_FORMAT = "dwarf-with-dsym";
				ENABLE_NS_ASSERTIONS = NO;
				ENABLE_STRICT_OBJC_MSGSEND = YES;
				ENABLE_USER_SCRIPT_SANDBOXING = YES;
				GCC_C_LANGUAGE_STANDARD = gnu17;
				GCC_NO_COMMON_BLOCKS = YES;
				GCC_WARN_64_TO_32_BIT_CONVERSION = YES;
				GCC_WARN_ABOUT_RETURN_TYPE = YES_ERROR;
				GCC_WARN_UNDECLARED_SELECTOR = YES;
				GCC_WARN_UNINITIALIZED_AUTOS = YES_AGGRESSIVE;
				GCC_WARN_UNUSED_FUNCTION = YES;
				GCC_WARN_UNUSED_VARIABLE = YES;
				IPHONEOS_DEPLOYMENT_TARGET = 17.2;
				LOCALIZATION_PREFERS_STRING_CATALOGS = YES;
				MTL_ENABLE_DEBUG_INFO = NO;
				MTL_FAST_MATH = YES;
				SDKROOT = iphoneos;
				SWIFT_COMPILATION_MODE = wholemodule;
				VALIDATE_PRODUCT = YES;
			};
			name = Release;
		};
		1CF4C4032B7B15E50028BC3C /* Debug */ = {
			isa = XCBuildConfiguration;
			buildSettings = {
				ASSETCATALOG_COMPILER_APPICON_NAME = "AppIcon 2";
				ASSETCATALOG_COMPILER_GLOBAL_ACCENT_COLOR_NAME = AccentColor;
				ASSETCATALOG_COMPILER_INCLUDE_ALL_APPICON_ASSETS = YES;
				CODE_SIGN_STYLE = Automatic;
				CURRENT_PROJECT_VERSION = 1.3.08;
				DEVELOPMENT_ASSET_PATHS = "\"peakmind-mvp/Preview Content\"";
				DEVELOPMENT_TEAM = 2Z27ZT6VBY;
				ENABLE_PREVIEWS = YES;
				GENERATE_INFOPLIST_FILE = YES;
				INFOPLIST_FILE = "peakmind-mvp/Info.plist";
				INFOPLIST_KEY_CFBundleDisplayName = PeakMind;
				INFOPLIST_KEY_LSApplicationCategoryType = "public.app-category.healthcare-fitness";
				INFOPLIST_KEY_UIApplicationSceneManifest_Generation = YES;
				INFOPLIST_KEY_UIApplicationSupportsIndirectInputEvents = YES;
				INFOPLIST_KEY_UILaunchScreen_Generation = YES;
				INFOPLIST_KEY_UISupportedInterfaceOrientations_iPad = "UIInterfaceOrientationPortrait UIInterfaceOrientationPortraitUpsideDown UIInterfaceOrientationLandscapeLeft UIInterfaceOrientationLandscapeRight";
				INFOPLIST_KEY_UISupportedInterfaceOrientations_iPhone = "UIInterfaceOrientationPortrait UIInterfaceOrientationLandscapeLeft UIInterfaceOrientationLandscapeRight";
				LD_RUNPATH_SEARCH_PATHS = (
					"$(inherited)",
					"@executable_path/Frameworks",
				);
				MARKETING_VERSION = 1.0;
				PRODUCT_BUNDLE_IDENTIFIER = "platemate.ai.peakmind-mvp";
				PRODUCT_NAME = "$(TARGET_NAME)";
				SWIFT_EMIT_LOC_STRINGS = YES;
				SWIFT_VERSION = 5.0;
				TARGETED_DEVICE_FAMILY = "1,2";
			};
			name = Debug;
		};
		1CF4C4042B7B15E50028BC3C /* Release */ = {
			isa = XCBuildConfiguration;
			buildSettings = {
				ASSETCATALOG_COMPILER_APPICON_NAME = "AppIcon 2";
				ASSETCATALOG_COMPILER_GLOBAL_ACCENT_COLOR_NAME = AccentColor;
				ASSETCATALOG_COMPILER_INCLUDE_ALL_APPICON_ASSETS = YES;
				CODE_SIGN_STYLE = Automatic;
				CURRENT_PROJECT_VERSION = 1.3.08;
				DEVELOPMENT_ASSET_PATHS = "\"peakmind-mvp/Preview Content\"";
				DEVELOPMENT_TEAM = 2Z27ZT6VBY;
				ENABLE_PREVIEWS = YES;
				GENERATE_INFOPLIST_FILE = YES;
				INFOPLIST_FILE = "peakmind-mvp/Info.plist";
				INFOPLIST_KEY_CFBundleDisplayName = PeakMind;
				INFOPLIST_KEY_LSApplicationCategoryType = "public.app-category.healthcare-fitness";
				INFOPLIST_KEY_UIApplicationSceneManifest_Generation = YES;
				INFOPLIST_KEY_UIApplicationSupportsIndirectInputEvents = YES;
				INFOPLIST_KEY_UILaunchScreen_Generation = YES;
				INFOPLIST_KEY_UISupportedInterfaceOrientations_iPad = "UIInterfaceOrientationPortrait UIInterfaceOrientationPortraitUpsideDown UIInterfaceOrientationLandscapeLeft UIInterfaceOrientationLandscapeRight";
				INFOPLIST_KEY_UISupportedInterfaceOrientations_iPhone = "UIInterfaceOrientationPortrait UIInterfaceOrientationLandscapeLeft UIInterfaceOrientationLandscapeRight";
				LD_RUNPATH_SEARCH_PATHS = (
					"$(inherited)",
					"@executable_path/Frameworks",
				);
				MARKETING_VERSION = 1.0;
				PRODUCT_BUNDLE_IDENTIFIER = "platemate.ai.peakmind-mvp";
				PRODUCT_NAME = "$(TARGET_NAME)";
				SWIFT_EMIT_LOC_STRINGS = YES;
				SWIFT_VERSION = 5.0;
				TARGETED_DEVICE_FAMILY = "1,2";
			};
			name = Release;
		};
		1CF4C4062B7B15E50028BC3C /* Debug */ = {
			isa = XCBuildConfiguration;
			buildSettings = {
				ALWAYS_EMBED_SWIFT_STANDARD_LIBRARIES = YES;
				BUNDLE_LOADER = "$(TEST_HOST)";
				CODE_SIGN_STYLE = Automatic;
				CURRENT_PROJECT_VERSION = 1;
				GENERATE_INFOPLIST_FILE = YES;
				IPHONEOS_DEPLOYMENT_TARGET = 17.2;
				MARKETING_VERSION = 1.0;
				PRODUCT_BUNDLE_IDENTIFIER = "platemate.ai.peakmind-mvpTests";
				PRODUCT_NAME = "$(TARGET_NAME)";
				SWIFT_EMIT_LOC_STRINGS = NO;
				SWIFT_VERSION = 5.0;
				TARGETED_DEVICE_FAMILY = "1,2";
				TEST_HOST = "$(BUILT_PRODUCTS_DIR)/peakmind-mvp.app/$(BUNDLE_EXECUTABLE_FOLDER_PATH)/peakmind-mvp";
			};
			name = Debug;
		};
		1CF4C4072B7B15E50028BC3C /* Release */ = {
			isa = XCBuildConfiguration;
			buildSettings = {
				ALWAYS_EMBED_SWIFT_STANDARD_LIBRARIES = YES;
				BUNDLE_LOADER = "$(TEST_HOST)";
				CODE_SIGN_STYLE = Automatic;
				CURRENT_PROJECT_VERSION = 1;
				GENERATE_INFOPLIST_FILE = YES;
				IPHONEOS_DEPLOYMENT_TARGET = 17.2;
				MARKETING_VERSION = 1.0;
				PRODUCT_BUNDLE_IDENTIFIER = "platemate.ai.peakmind-mvpTests";
				PRODUCT_NAME = "$(TARGET_NAME)";
				SWIFT_EMIT_LOC_STRINGS = NO;
				SWIFT_VERSION = 5.0;
				TARGETED_DEVICE_FAMILY = "1,2";
				TEST_HOST = "$(BUILT_PRODUCTS_DIR)/peakmind-mvp.app/$(BUNDLE_EXECUTABLE_FOLDER_PATH)/peakmind-mvp";
			};
			name = Release;
		};
		1CF4C4092B7B15E50028BC3C /* Debug */ = {
			isa = XCBuildConfiguration;
			buildSettings = {
				ALWAYS_EMBED_SWIFT_STANDARD_LIBRARIES = YES;
				CODE_SIGN_STYLE = Automatic;
				CURRENT_PROJECT_VERSION = 1;
				GENERATE_INFOPLIST_FILE = YES;
				MARKETING_VERSION = 1.0;
				PRODUCT_BUNDLE_IDENTIFIER = "platemate.ai.peakmind-mvpUITests";
				PRODUCT_NAME = "$(TARGET_NAME)";
				SWIFT_EMIT_LOC_STRINGS = NO;
				SWIFT_VERSION = 5.0;
				TARGETED_DEVICE_FAMILY = "1,2";
				TEST_TARGET_NAME = "peakmind-mvp";
			};
			name = Debug;
		};
		1CF4C40A2B7B15E50028BC3C /* Release */ = {
			isa = XCBuildConfiguration;
			buildSettings = {
				ALWAYS_EMBED_SWIFT_STANDARD_LIBRARIES = YES;
				CODE_SIGN_STYLE = Automatic;
				CURRENT_PROJECT_VERSION = 1;
				GENERATE_INFOPLIST_FILE = YES;
				MARKETING_VERSION = 1.0;
				PRODUCT_BUNDLE_IDENTIFIER = "platemate.ai.peakmind-mvpUITests";
				PRODUCT_NAME = "$(TARGET_NAME)";
				SWIFT_EMIT_LOC_STRINGS = NO;
				SWIFT_VERSION = 5.0;
				TARGETED_DEVICE_FAMILY = "1,2";
				TEST_TARGET_NAME = "peakmind-mvp";
			};
			name = Release;
		};
/* End XCBuildConfiguration section */

/* Begin XCConfigurationList section */
		1CF4C3D92B7B15E10028BC3C /* Build configuration list for PBXProject "peakmind-mvp" */ = {
			isa = XCConfigurationList;
			buildConfigurations = (
				1CF4C4002B7B15E50028BC3C /* Debug */,
				1CF4C4012B7B15E50028BC3C /* Release */,
			);
			defaultConfigurationIsVisible = 0;
			defaultConfigurationName = Release;
		};
		1CF4C4022B7B15E50028BC3C /* Build configuration list for PBXNativeTarget "peakmind-mvp" */ = {
			isa = XCConfigurationList;
			buildConfigurations = (
				1CF4C4032B7B15E50028BC3C /* Debug */,
				1CF4C4042B7B15E50028BC3C /* Release */,
			);
			defaultConfigurationIsVisible = 0;
			defaultConfigurationName = Release;
		};
		1CF4C4052B7B15E50028BC3C /* Build configuration list for PBXNativeTarget "peakmind-mvpTests" */ = {
			isa = XCConfigurationList;
			buildConfigurations = (
				1CF4C4062B7B15E50028BC3C /* Debug */,
				1CF4C4072B7B15E50028BC3C /* Release */,
			);
			defaultConfigurationIsVisible = 0;
			defaultConfigurationName = Release;
		};
		1CF4C4082B7B15E50028BC3C /* Build configuration list for PBXNativeTarget "peakmind-mvpUITests" */ = {
			isa = XCConfigurationList;
			buildConfigurations = (
				1CF4C4092B7B15E50028BC3C /* Debug */,
				1CF4C40A2B7B15E50028BC3C /* Release */,
			);
			defaultConfigurationIsVisible = 0;
			defaultConfigurationName = Release;
		};
/* End XCConfigurationList section */

/* Begin XCRemoteSwiftPackageReference section */
		1CF4A8972B8309C000051684 /* XCRemoteSwiftPackageReference "GoogleSignIn-iOS" */ = {
			isa = XCRemoteSwiftPackageReference;
			repositoryURL = "https://github.com/google/GoogleSignIn-iOS";
			requirement = {
				kind = upToNextMajorVersion;
				minimumVersion = 7.0.0;
			};
		};
		1CF4C40D2B7B1DBB0028BC3C /* XCRemoteSwiftPackageReference "firebase-ios-sdk" */ = {
			isa = XCRemoteSwiftPackageReference;
			repositoryURL = "https://github.com/firebase/firebase-ios-sdk";
			requirement = {
				kind = upToNextMajorVersion;
				minimumVersion = 10.21.0;
			};
		};
/* End XCRemoteSwiftPackageReference section */

/* Begin XCSwiftPackageProductDependency section */
		1CF4A8982B8309CD00051684 /* GoogleSignIn */ = {
			isa = XCSwiftPackageProductDependency;
			package = 1CF4A8972B8309C000051684 /* XCRemoteSwiftPackageReference "GoogleSignIn-iOS" */;
			productName = GoogleSignIn;
		};
		1CF4A89A2B8309CD00051684 /* GoogleSignInSwift */ = {
			isa = XCSwiftPackageProductDependency;
			package = 1CF4A8972B8309C000051684 /* XCRemoteSwiftPackageReference "GoogleSignIn-iOS" */;
			productName = GoogleSignInSwift;
		};
		1CF4C40F2B7B1DD50028BC3C /* FirebaseAnalytics */ = {
			isa = XCSwiftPackageProductDependency;
			package = 1CF4C40D2B7B1DBB0028BC3C /* XCRemoteSwiftPackageReference "firebase-ios-sdk" */;
			productName = FirebaseAnalytics;
		};
		1CF4C4112B7B1DD50028BC3C /* FirebaseAnalyticsOnDeviceConversion */ = {
			isa = XCSwiftPackageProductDependency;
			package = 1CF4C40D2B7B1DBB0028BC3C /* XCRemoteSwiftPackageReference "firebase-ios-sdk" */;
			productName = FirebaseAnalyticsOnDeviceConversion;
		};
		1CF4C4132B7B1DD50028BC3C /* FirebaseAnalyticsSwift */ = {
			isa = XCSwiftPackageProductDependency;
			package = 1CF4C40D2B7B1DBB0028BC3C /* XCRemoteSwiftPackageReference "firebase-ios-sdk" */;
			productName = FirebaseAnalyticsSwift;
		};
		1CF4C4152B7B1DD50028BC3C /* FirebaseAnalyticsWithoutAdIdSupport */ = {
			isa = XCSwiftPackageProductDependency;
			package = 1CF4C40D2B7B1DBB0028BC3C /* XCRemoteSwiftPackageReference "firebase-ios-sdk" */;
			productName = FirebaseAnalyticsWithoutAdIdSupport;
		};
		1CF4C4172B7B1DD50028BC3C /* FirebaseAppCheck */ = {
			isa = XCSwiftPackageProductDependency;
			package = 1CF4C40D2B7B1DBB0028BC3C /* XCRemoteSwiftPackageReference "firebase-ios-sdk" */;
			productName = FirebaseAppCheck;
		};
		1CF4C4192B7B1DD50028BC3C /* FirebaseAppDistribution-Beta */ = {
			isa = XCSwiftPackageProductDependency;
			package = 1CF4C40D2B7B1DBB0028BC3C /* XCRemoteSwiftPackageReference "firebase-ios-sdk" */;
			productName = "FirebaseAppDistribution-Beta";
		};
		1CF4C41B2B7B1DD50028BC3C /* FirebaseAuth */ = {
			isa = XCSwiftPackageProductDependency;
			package = 1CF4C40D2B7B1DBB0028BC3C /* XCRemoteSwiftPackageReference "firebase-ios-sdk" */;
			productName = FirebaseAuth;
		};
		1CF4C41D2B7B1DD50028BC3C /* FirebaseAuthCombine-Community */ = {
			isa = XCSwiftPackageProductDependency;
			package = 1CF4C40D2B7B1DBB0028BC3C /* XCRemoteSwiftPackageReference "firebase-ios-sdk" */;
			productName = "FirebaseAuthCombine-Community";
		};
		1CF4C41F2B7B1DD50028BC3C /* FirebaseCrashlytics */ = {
			isa = XCSwiftPackageProductDependency;
			package = 1CF4C40D2B7B1DBB0028BC3C /* XCRemoteSwiftPackageReference "firebase-ios-sdk" */;
			productName = FirebaseCrashlytics;
		};
		1CF4C4212B7B1DD50028BC3C /* FirebaseDatabase */ = {
			isa = XCSwiftPackageProductDependency;
			package = 1CF4C40D2B7B1DBB0028BC3C /* XCRemoteSwiftPackageReference "firebase-ios-sdk" */;
			productName = FirebaseDatabase;
		};
		1CF4C4232B7B1DD50028BC3C /* FirebaseDatabaseSwift */ = {
			isa = XCSwiftPackageProductDependency;
			package = 1CF4C40D2B7B1DBB0028BC3C /* XCRemoteSwiftPackageReference "firebase-ios-sdk" */;
			productName = FirebaseDatabaseSwift;
		};
		1CF4C4252B7B1DD50028BC3C /* FirebaseDynamicLinks */ = {
			isa = XCSwiftPackageProductDependency;
			package = 1CF4C40D2B7B1DBB0028BC3C /* XCRemoteSwiftPackageReference "firebase-ios-sdk" */;
			productName = FirebaseDynamicLinks;
		};
		1CF4C4272B7B1DD50028BC3C /* FirebaseFirestore */ = {
			isa = XCSwiftPackageProductDependency;
			package = 1CF4C40D2B7B1DBB0028BC3C /* XCRemoteSwiftPackageReference "firebase-ios-sdk" */;
			productName = FirebaseFirestore;
		};
		1CF4C4292B7B1DD50028BC3C /* FirebaseFirestoreCombine-Community */ = {
			isa = XCSwiftPackageProductDependency;
			package = 1CF4C40D2B7B1DBB0028BC3C /* XCRemoteSwiftPackageReference "firebase-ios-sdk" */;
			productName = "FirebaseFirestoreCombine-Community";
		};
		1CF4C42B2B7B1DD50028BC3C /* FirebaseFirestoreSwift */ = {
			isa = XCSwiftPackageProductDependency;
			package = 1CF4C40D2B7B1DBB0028BC3C /* XCRemoteSwiftPackageReference "firebase-ios-sdk" */;
			productName = FirebaseFirestoreSwift;
		};
		1CF4C42D2B7B1DD50028BC3C /* FirebaseFunctions */ = {
			isa = XCSwiftPackageProductDependency;
			package = 1CF4C40D2B7B1DBB0028BC3C /* XCRemoteSwiftPackageReference "firebase-ios-sdk" */;
			productName = FirebaseFunctions;
		};
		1CF4C42F2B7B1DD50028BC3C /* FirebaseFunctionsCombine-Community */ = {
			isa = XCSwiftPackageProductDependency;
			package = 1CF4C40D2B7B1DBB0028BC3C /* XCRemoteSwiftPackageReference "firebase-ios-sdk" */;
			productName = "FirebaseFunctionsCombine-Community";
		};
		1CF4C4312B7B1DD50028BC3C /* FirebaseInAppMessaging-Beta */ = {
			isa = XCSwiftPackageProductDependency;
			package = 1CF4C40D2B7B1DBB0028BC3C /* XCRemoteSwiftPackageReference "firebase-ios-sdk" */;
			productName = "FirebaseInAppMessaging-Beta";
		};
		1CF4C4332B7B1DD50028BC3C /* FirebaseInAppMessagingSwift-Beta */ = {
			isa = XCSwiftPackageProductDependency;
			package = 1CF4C40D2B7B1DBB0028BC3C /* XCRemoteSwiftPackageReference "firebase-ios-sdk" */;
			productName = "FirebaseInAppMessagingSwift-Beta";
		};
		1CF4C4352B7B1DD50028BC3C /* FirebaseInstallations */ = {
			isa = XCSwiftPackageProductDependency;
			package = 1CF4C40D2B7B1DBB0028BC3C /* XCRemoteSwiftPackageReference "firebase-ios-sdk" */;
			productName = FirebaseInstallations;
		};
		1CF4C4372B7B1DD50028BC3C /* FirebaseMessaging */ = {
			isa = XCSwiftPackageProductDependency;
			package = 1CF4C40D2B7B1DBB0028BC3C /* XCRemoteSwiftPackageReference "firebase-ios-sdk" */;
			productName = FirebaseMessaging;
		};
		1CF4C4392B7B1DD50028BC3C /* FirebaseMLModelDownloader */ = {
			isa = XCSwiftPackageProductDependency;
			package = 1CF4C40D2B7B1DBB0028BC3C /* XCRemoteSwiftPackageReference "firebase-ios-sdk" */;
			productName = FirebaseMLModelDownloader;
		};
		1CF4C43B2B7B1DD50028BC3C /* FirebasePerformance */ = {
			isa = XCSwiftPackageProductDependency;
			package = 1CF4C40D2B7B1DBB0028BC3C /* XCRemoteSwiftPackageReference "firebase-ios-sdk" */;
			productName = FirebasePerformance;
		};
		1CF4C43D2B7B1DD50028BC3C /* FirebaseRemoteConfig */ = {
			isa = XCSwiftPackageProductDependency;
			package = 1CF4C40D2B7B1DBB0028BC3C /* XCRemoteSwiftPackageReference "firebase-ios-sdk" */;
			productName = FirebaseRemoteConfig;
		};
		1CF4C43F2B7B1DD50028BC3C /* FirebaseRemoteConfigSwift */ = {
			isa = XCSwiftPackageProductDependency;
			package = 1CF4C40D2B7B1DBB0028BC3C /* XCRemoteSwiftPackageReference "firebase-ios-sdk" */;
			productName = FirebaseRemoteConfigSwift;
		};
		1CF4C4412B7B1DD60028BC3C /* FirebaseStorage */ = {
			isa = XCSwiftPackageProductDependency;
			package = 1CF4C40D2B7B1DBB0028BC3C /* XCRemoteSwiftPackageReference "firebase-ios-sdk" */;
			productName = FirebaseStorage;
		};
		1CF4C4432B7B1DD60028BC3C /* FirebaseStorageCombine-Community */ = {
			isa = XCSwiftPackageProductDependency;
			package = 1CF4C40D2B7B1DBB0028BC3C /* XCRemoteSwiftPackageReference "firebase-ios-sdk" */;
			productName = "FirebaseStorageCombine-Community";
		};
/* End XCSwiftPackageProductDependency section */
	};
	rootObject = 1CF4C3D62B7B15E10028BC3C /* Project object */;
}
